// !$*UTF8*$!
{
	archiveVersion = 1;
	classes = {
	};
	objectVersion = 55;
	objects = {

/* Begin PBXBuildFile section */
		52FF79D1244F07CE6450795E /* Pods_KQTaskProjectTests.framework in Frameworks */ = {isa = PBXBuildFile; fileRef = 90412AE73DEEDE613985AFDD /* Pods_KQTaskProjectTests.framework */; };
		5D1A7C0229525ECC00270CD2 /* AppDelegate.swift in Sources */ = {isa = PBXBuildFile; fileRef = 5D1A7C0129525ECC00270CD2 /* AppDelegate.swift */; };
		5D1A7C0429525ECC00270CD2 /* SceneDelegate.swift in Sources */ = {isa = PBXBuildFile; fileRef = 5D1A7C0329525ECC00270CD2 /* SceneDelegate.swift */; };
		5D1A7C0B29525ECD00270CD2 /* Assets.xcassets in Resources */ = {isa = PBXBuildFile; fileRef = 5D1A7C0A29525ECD00270CD2 /* Assets.xcassets */; };
		5D1A7C0E29525ECD00270CD2 /* LaunchScreen.storyboard in Resources */ = {isa = PBXBuildFile; fileRef = 5D1A7C0C29525ECD00270CD2 /* LaunchScreen.storyboard */; };
		5D1A7C3B2952660400270CD2 /* KQSuperVC.swift in Sources */ = {isa = PBXBuildFile; fileRef = 5D1A7C3A2952660400270CD2 /* KQSuperVC.swift */; };
		5D415F7B29563A9300C33DD3 /* KQTaskProjectUITests.swift in Sources */ = {isa = PBXBuildFile; fileRef = 5D415F7A29563A9300C33DD3 /* KQTaskProjectUITests.swift */; };
		5D415F7D29563A9300C33DD3 /* KQTaskProjectUITestsLaunchTests.swift in Sources */ = {isa = PBXBuildFile; fileRef = 5D415F7C29563A9300C33DD3 /* KQTaskProjectUITestsLaunchTests.swift */; };
		5D42461129560F24005F4491 /* UserModel.swift in Sources */ = {isa = PBXBuildFile; fileRef = 5D1A7C402953841F00270CD2 /* UserModel.swift */; };
		5D4349F0295687500046A924 /* KQHomeViewControllerTests.swift in Sources */ = {isa = PBXBuildFile; fileRef = 5D4349ED295687500046A924 /* KQHomeViewControllerTests.swift */; };
		5D4349F1295687500046A924 /* KQHomeWorkerTests.swift in Sources */ = {isa = PBXBuildFile; fileRef = 5D4349EE295687500046A924 /* KQHomeWorkerTests.swift */; };
		5D547510295A1E25004364DE /* KQUserDetailsPresenterTests.swift in Sources */ = {isa = PBXBuildFile; fileRef = 5DCDC9B62958B54300013C01 /* KQUserDetailsPresenterTests.swift */; };
		5D547511295A1E30004364DE /* KQHomePresenterTests.swift in Sources */ = {isa = PBXBuildFile; fileRef = 5D4349EF295687500046A924 /* KQHomePresenterTests.swift */; };
		5D547512295A1E3D004364DE /* KQUserDetailsInteractorTests.swift in Sources */ = {isa = PBXBuildFile; fileRef = 5DCDC9B42958B54300013C01 /* KQUserDetailsInteractorTests.swift */; };
		5D54C068295388EE0003A0B7 /* KQUserTableViewCell.swift in Sources */ = {isa = PBXBuildFile; fileRef = 5D54C067295388EE0003A0B7 /* KQUserTableViewCell.swift */; };
		5D6528F52953E5B10056DAD4 /* KQUserDetailsPresenter.swift in Sources */ = {isa = PBXBuildFile; fileRef = 5D6528EF2953E5B10056DAD4 /* KQUserDetailsPresenter.swift */; };
		5D6528F62953E5B10056DAD4 /* KQUserDetailsWorker.swift in Sources */ = {isa = PBXBuildFile; fileRef = 5D6528F02953E5B10056DAD4 /* KQUserDetailsWorker.swift */; };
		5D6528F72953E5B10056DAD4 /* KQUsreDetailsRouter.swift in Sources */ = {isa = PBXBuildFile; fileRef = 5D6528F12953E5B10056DAD4 /* KQUsreDetailsRouter.swift */; };
		5D6528F82953E5B10056DAD4 /* KQUserDetailsModels.swift in Sources */ = {isa = PBXBuildFile; fileRef = 5D6528F22953E5B10056DAD4 /* KQUserDetailsModels.swift */; };
		5D6528F92953E5B10056DAD4 /* KQUserDetailsViewController.swift in Sources */ = {isa = PBXBuildFile; fileRef = 5D6528F32953E5B10056DAD4 /* KQUserDetailsViewController.swift */; };
		5D6528FA2953E5B10056DAD4 /* KQUserDetailsInteractor.swift in Sources */ = {isa = PBXBuildFile; fileRef = 5D6528F42953E5B10056DAD4 /* KQUserDetailsInteractor.swift */; };
		5D6528FC2953F1280056DAD4 /* ImageViewExtension.swift in Sources */ = {isa = PBXBuildFile; fileRef = 5D6528FB2953F1280056DAD4 /* ImageViewExtension.swift */; };
		5D6609E42957E254002AA837 /* DispatchQueue.swift in Sources */ = {isa = PBXBuildFile; fileRef = 5D6609E32957E254002AA837 /* DispatchQueue.swift */; };
		5D6D6B672953AB7000087A66 /* KQHomePresenter.swift in Sources */ = {isa = PBXBuildFile; fileRef = 5D6D6B612953AB7000087A66 /* KQHomePresenter.swift */; };
		5D6D6B6A2953AB7000087A66 /* KQHomeWorker.swift in Sources */ = {isa = PBXBuildFile; fileRef = 5D6D6B622953AB7000087A66 /* KQHomeWorker.swift */; };
		5D6D6B6D2953AB7000087A66 /* KQHomeRouter.swift in Sources */ = {isa = PBXBuildFile; fileRef = 5D6D6B632953AB7000087A66 /* KQHomeRouter.swift */; };
		5D6D6B702953AB7000087A66 /* KQHomeModels.swift in Sources */ = {isa = PBXBuildFile; fileRef = 5D6D6B642953AB7000087A66 /* KQHomeModels.swift */; };
		5D6D6B732953AB7000087A66 /* KQHomeViewController.swift in Sources */ = {isa = PBXBuildFile; fileRef = 5D6D6B652953AB7000087A66 /* KQHomeViewController.swift */; };
		5D6D6B762953AB7000087A66 /* KQHomeInteractor.swift in Sources */ = {isa = PBXBuildFile; fileRef = 5D6D6B662953AB7000087A66 /* KQHomeInteractor.swift */; };
		5D6D6BC02953B38A00087A66 /* AppShared.swift in Sources */ = {isa = PBXBuildFile; fileRef = 5D6D6BBF2953B38A00087A66 /* AppShared.swift */; };
		5D6D6BC12953B38A00087A66 /* AppShared.swift in Sources */ = {isa = PBXBuildFile; fileRef = 5D6D6BBF2953B38A00087A66 /* AppShared.swift */; };
		5D6D6BDA2953D04200087A66 /* HomeBusiness.swift in Sources */ = {isa = PBXBuildFile; fileRef = 5D6D6BD92953D04200087A66 /* HomeBusiness.swift */; };
		5D6D6BDF2953D06500087A66 /* HomeService.swift in Sources */ = {isa = PBXBuildFile; fileRef = 5D6D6BDE2953D06500087A66 /* HomeService.swift */; };
		5D9074622954E7760086F045 /* AppTheme.swift in Sources */ = {isa = PBXBuildFile; fileRef = 5D9074612954E7760086F045 /* AppTheme.swift */; };
		5D9074642955043A0086F045 /* LoadingOverlay.swift in Sources */ = {isa = PBXBuildFile; fileRef = 5D9074632955043A0086F045 /* LoadingOverlay.swift */; };
		5D907466295531540086F045 /* AlertHelper.swift in Sources */ = {isa = PBXBuildFile; fileRef = 5D907465295531540086F045 /* AlertHelper.swift */; };
		5D907468295537960086F045 /* TopMostController.swift in Sources */ = {isa = PBXBuildFile; fileRef = 5D907467295537960086F045 /* TopMostController.swift */; };
		5D90746B295542DC0086F045 /* UserBusiness.swift in Sources */ = {isa = PBXBuildFile; fileRef = 5D90746A295542DC0086F045 /* UserBusiness.swift */; };
		5D90746E295543180086F045 /* UserServices.swift in Sources */ = {isa = PBXBuildFile; fileRef = 5D90746D295543180086F045 /* UserServices.swift */; };
		5D91822E2958D2B2000F3403 /* UserDetailsModel.swift in Sources */ = {isa = PBXBuildFile; fileRef = 5D907470295549DA0086F045 /* UserDetailsModel.swift */; };
		5D9A546029839739000495C8 /* UserApiHandler.swift in Sources */ = {isa = PBXBuildFile; fileRef = 5D9A545D29839739000495C8 /* UserApiHandler.swift */; };
		5D9A546129839739000495C8 /* HomeApiHandler.swift in Sources */ = {isa = PBXBuildFile; fileRef = 5D9A545F29839739000495C8 /* HomeApiHandler.swift */; };
		5DAE18EF2959540E00AE0DE3 /* UITableViewExtension.swift in Sources */ = {isa = PBXBuildFile; fileRef = 5DAE18EE2959540E00AE0DE3 /* UITableViewExtension.swift */; };
		5DAE18FE295A0F4300AE0DE3 /* AppGlobalSettings.swift in Sources */ = {isa = PBXBuildFile; fileRef = 5DAE18FD295A0F4300AE0DE3 /* AppGlobalSettings.swift */; };
		5DAE1929295A1D1400AE0DE3 /* KQHomeInteractorTests.swift in Sources */ = {isa = PBXBuildFile; fileRef = 5DA65EE529567B36006CC0FF /* KQHomeInteractorTests.swift */; };
		5DCDC9B72958B54300013C01 /* KQUserDetailsViewControllerTests.swift in Sources */ = {isa = PBXBuildFile; fileRef = 5DCDC9B32958B54300013C01 /* KQUserDetailsViewControllerTests.swift */; };
		5DCDC9B92958B54300013C01 /* KQUserDetailsWorkerTests.swift in Sources */ = {isa = PBXBuildFile; fileRef = 5DCDC9B52958B54300013C01 /* KQUserDetailsWorkerTests.swift */; };
		5DD2385B295C116100D354BE /* ImageLoader.swift in Sources */ = {isa = PBXBuildFile; fileRef = 5DD2385A295C116100D354BE /* ImageLoader.swift */; };
		5DD2385D295C11A000D354BE /* ImageLoaderManager.swift in Sources */ = {isa = PBXBuildFile; fileRef = 5DD2385C295C11A000D354BE /* ImageLoaderManager.swift */; };
		A2813E4162B1A22E3FCDFFBD /* Pods_KQTaskProject_KQTaskProjectUITests.framework in Frameworks */ = {isa = PBXBuildFile; fileRef = 3480C95EDE5CBBF979810248 /* Pods_KQTaskProject_KQTaskProjectUITests.framework */; };
		AFCD6FEF9BCEAD36FCD709BB /* Pods_KQTaskProject.framework in Frameworks */ = {isa = PBXBuildFile; fileRef = 6B0A486C2390EBD370C1144D /* Pods_KQTaskProject.framework */; };
/* End PBXBuildFile section */

/* Begin PBXContainerItemProxy section */
		5D1A7C1529525ECD00270CD2 /* PBXContainerItemProxy */ = {
			isa = PBXContainerItemProxy;
			containerPortal = 5D1A7BF629525ECC00270CD2 /* Project object */;
			proxyType = 1;
			remoteGlobalIDString = 5D1A7BFD29525ECC00270CD2;
			remoteInfo = KQTaskProject;
		};
		5D415F7E29563A9300C33DD3 /* PBXContainerItemProxy */ = {
			isa = PBXContainerItemProxy;
			containerPortal = 5D1A7BF629525ECC00270CD2 /* Project object */;
			proxyType = 1;
			remoteGlobalIDString = 5D1A7BFD29525ECC00270CD2;
			remoteInfo = KQTaskProject;
		};
/* End PBXContainerItemProxy section */

/* Begin PBXFileReference section */
		182425B078F45DA243A2FBD4 /* Pods-KQTaskProjectTests.release.xcconfig */ = {isa = PBXFileReference; includeInIndex = 1; lastKnownFileType = text.xcconfig; name = "Pods-KQTaskProjectTests.release.xcconfig"; path = "Target Support Files/Pods-KQTaskProjectTests/Pods-KQTaskProjectTests.release.xcconfig"; sourceTree = "<group>"; };
		1A5B08BBC45766762F76CEAF /* Pods-KQTaskProject.testing.xcconfig */ = {isa = PBXFileReference; includeInIndex = 1; lastKnownFileType = text.xcconfig; name = "Pods-KQTaskProject.testing.xcconfig"; path = "Target Support Files/Pods-KQTaskProject/Pods-KQTaskProject.testing.xcconfig"; sourceTree = "<group>"; };
		26117B41F9102DB4602BF438 /* Pods-KQTaskProject-KQTaskProjectUITests.production.xcconfig */ = {isa = PBXFileReference; includeInIndex = 1; lastKnownFileType = text.xcconfig; name = "Pods-KQTaskProject-KQTaskProjectUITests.production.xcconfig"; path = "Target Support Files/Pods-KQTaskProject-KQTaskProjectUITests/Pods-KQTaskProject-KQTaskProjectUITests.production.xcconfig"; sourceTree = "<group>"; };
		27D9ED0AEAB330769137688B /* Pods-KQTaskProject-KQTaskProjectUITests.staging.xcconfig */ = {isa = PBXFileReference; includeInIndex = 1; lastKnownFileType = text.xcconfig; name = "Pods-KQTaskProject-KQTaskProjectUITests.staging.xcconfig"; path = "Target Support Files/Pods-KQTaskProject-KQTaskProjectUITests/Pods-KQTaskProject-KQTaskProjectUITests.staging.xcconfig"; sourceTree = "<group>"; };
		2AA541A97CFA41565CE3176F /* Pods-KQTaskProject-KQTaskProjectUITests.testing.xcconfig */ = {isa = PBXFileReference; includeInIndex = 1; lastKnownFileType = text.xcconfig; name = "Pods-KQTaskProject-KQTaskProjectUITests.testing.xcconfig"; path = "Target Support Files/Pods-KQTaskProject-KQTaskProjectUITests/Pods-KQTaskProject-KQTaskProjectUITests.testing.xcconfig"; sourceTree = "<group>"; };
		3480C95EDE5CBBF979810248 /* Pods_KQTaskProject_KQTaskProjectUITests.framework */ = {isa = PBXFileReference; explicitFileType = wrapper.framework; includeInIndex = 0; path = Pods_KQTaskProject_KQTaskProjectUITests.framework; sourceTree = BUILT_PRODUCTS_DIR; };
		59477AA14661E2484CB5DB80 /* Pods-KQTaskProject.staging.xcconfig */ = {isa = PBXFileReference; includeInIndex = 1; lastKnownFileType = text.xcconfig; name = "Pods-KQTaskProject.staging.xcconfig"; path = "Target Support Files/Pods-KQTaskProject/Pods-KQTaskProject.staging.xcconfig"; sourceTree = "<group>"; };
		5D1A7BFE29525ECC00270CD2 /* KQTaskProject.app */ = {isa = PBXFileReference; explicitFileType = wrapper.application; includeInIndex = 0; path = KQTaskProject.app; sourceTree = BUILT_PRODUCTS_DIR; };
		5D1A7C0129525ECC00270CD2 /* AppDelegate.swift */ = {isa = PBXFileReference; lastKnownFileType = sourcecode.swift; path = AppDelegate.swift; sourceTree = "<group>"; };
		5D1A7C0329525ECC00270CD2 /* SceneDelegate.swift */ = {isa = PBXFileReference; lastKnownFileType = sourcecode.swift; path = SceneDelegate.swift; sourceTree = "<group>"; };
		5D1A7C0A29525ECD00270CD2 /* Assets.xcassets */ = {isa = PBXFileReference; lastKnownFileType = folder.assetcatalog; path = Assets.xcassets; sourceTree = "<group>"; };
		5D1A7C0D29525ECD00270CD2 /* Base */ = {isa = PBXFileReference; lastKnownFileType = file.storyboard; name = Base; path = Base.lproj/LaunchScreen.storyboard; sourceTree = "<group>"; };
		5D1A7C0F29525ECD00270CD2 /* Info.plist */ = {isa = PBXFileReference; lastKnownFileType = text.plist.xml; path = Info.plist; sourceTree = "<group>"; };
		5D1A7C1429525ECD00270CD2 /* KQTaskProjectTests.xctest */ = {isa = PBXFileReference; explicitFileType = wrapper.cfbundle; includeInIndex = 0; path = KQTaskProjectTests.xctest; sourceTree = BUILT_PRODUCTS_DIR; };
		5D1A7C3A2952660400270CD2 /* KQSuperVC.swift */ = {isa = PBXFileReference; fileEncoding = 4; lastKnownFileType = sourcecode.swift; path = KQSuperVC.swift; sourceTree = "<group>"; };
		5D1A7C402953841F00270CD2 /* UserModel.swift */ = {isa = PBXFileReference; lastKnownFileType = sourcecode.swift; path = UserModel.swift; sourceTree = "<group>"; };
		5D415F7829563A9300C33DD3 /* KQTaskProjectUITests.xctest */ = {isa = PBXFileReference; explicitFileType = wrapper.cfbundle; includeInIndex = 0; path = KQTaskProjectUITests.xctest; sourceTree = BUILT_PRODUCTS_DIR; };
		5D415F7A29563A9300C33DD3 /* KQTaskProjectUITests.swift */ = {isa = PBXFileReference; lastKnownFileType = sourcecode.swift; path = KQTaskProjectUITests.swift; sourceTree = "<group>"; };
		5D415F7C29563A9300C33DD3 /* KQTaskProjectUITestsLaunchTests.swift */ = {isa = PBXFileReference; lastKnownFileType = sourcecode.swift; path = KQTaskProjectUITestsLaunchTests.swift; sourceTree = "<group>"; };
		5D4349ED295687500046A924 /* KQHomeViewControllerTests.swift */ = {isa = PBXFileReference; lastKnownFileType = sourcecode.swift; path = KQHomeViewControllerTests.swift; sourceTree = "<group>"; };
		5D4349EE295687500046A924 /* KQHomeWorkerTests.swift */ = {isa = PBXFileReference; lastKnownFileType = sourcecode.swift; path = KQHomeWorkerTests.swift; sourceTree = "<group>"; };
		5D4349EF295687500046A924 /* KQHomePresenterTests.swift */ = {isa = PBXFileReference; lastKnownFileType = sourcecode.swift; path = KQHomePresenterTests.swift; sourceTree = "<group>"; };
		5D54C067295388EE0003A0B7 /* KQUserTableViewCell.swift */ = {isa = PBXFileReference; lastKnownFileType = sourcecode.swift; path = KQUserTableViewCell.swift; sourceTree = "<group>"; };
		5D6528EF2953E5B10056DAD4 /* KQUserDetailsPresenter.swift */ = {isa = PBXFileReference; lastKnownFileType = sourcecode.swift; path = KQUserDetailsPresenter.swift; sourceTree = "<group>"; };
		5D6528F02953E5B10056DAD4 /* KQUserDetailsWorker.swift */ = {isa = PBXFileReference; lastKnownFileType = sourcecode.swift; path = KQUserDetailsWorker.swift; sourceTree = "<group>"; };
		5D6528F12953E5B10056DAD4 /* KQUsreDetailsRouter.swift */ = {isa = PBXFileReference; lastKnownFileType = sourcecode.swift; path = KQUsreDetailsRouter.swift; sourceTree = "<group>"; };
		5D6528F22953E5B10056DAD4 /* KQUserDetailsModels.swift */ = {isa = PBXFileReference; lastKnownFileType = sourcecode.swift; path = KQUserDetailsModels.swift; sourceTree = "<group>"; };
		5D6528F32953E5B10056DAD4 /* KQUserDetailsViewController.swift */ = {isa = PBXFileReference; lastKnownFileType = sourcecode.swift; path = KQUserDetailsViewController.swift; sourceTree = "<group>"; };
		5D6528F42953E5B10056DAD4 /* KQUserDetailsInteractor.swift */ = {isa = PBXFileReference; lastKnownFileType = sourcecode.swift; path = KQUserDetailsInteractor.swift; sourceTree = "<group>"; };
		5D6528FB2953F1280056DAD4 /* ImageViewExtension.swift */ = {isa = PBXFileReference; lastKnownFileType = sourcecode.swift; path = ImageViewExtension.swift; sourceTree = "<group>"; };
		5D6609E32957E254002AA837 /* DispatchQueue.swift */ = {isa = PBXFileReference; lastKnownFileType = sourcecode.swift; path = DispatchQueue.swift; sourceTree = "<group>"; };
		5D6D6B612953AB7000087A66 /* KQHomePresenter.swift */ = {isa = PBXFileReference; lastKnownFileType = sourcecode.swift; path = KQHomePresenter.swift; sourceTree = "<group>"; };
		5D6D6B622953AB7000087A66 /* KQHomeWorker.swift */ = {isa = PBXFileReference; lastKnownFileType = sourcecode.swift; path = KQHomeWorker.swift; sourceTree = "<group>"; };
		5D6D6B632953AB7000087A66 /* KQHomeRouter.swift */ = {isa = PBXFileReference; lastKnownFileType = sourcecode.swift; path = KQHomeRouter.swift; sourceTree = "<group>"; };
		5D6D6B642953AB7000087A66 /* KQHomeModels.swift */ = {isa = PBXFileReference; lastKnownFileType = sourcecode.swift; path = KQHomeModels.swift; sourceTree = "<group>"; };
		5D6D6B652953AB7000087A66 /* KQHomeViewController.swift */ = {isa = PBXFileReference; lastKnownFileType = sourcecode.swift; path = KQHomeViewController.swift; sourceTree = "<group>"; };
		5D6D6B662953AB7000087A66 /* KQHomeInteractor.swift */ = {isa = PBXFileReference; lastKnownFileType = sourcecode.swift; path = KQHomeInteractor.swift; sourceTree = "<group>"; };
		5D6D6BBF2953B38A00087A66 /* AppShared.swift */ = {isa = PBXFileReference; fileEncoding = 4; lastKnownFileType = sourcecode.swift; path = AppShared.swift; sourceTree = "<group>"; };
		5D6D6BD92953D04200087A66 /* HomeBusiness.swift */ = {isa = PBXFileReference; fileEncoding = 4; lastKnownFileType = sourcecode.swift; path = HomeBusiness.swift; sourceTree = "<group>"; };
		5D6D6BDE2953D06500087A66 /* HomeService.swift */ = {isa = PBXFileReference; fileEncoding = 4; lastKnownFileType = sourcecode.swift; path = HomeService.swift; sourceTree = "<group>"; };
		5D9074612954E7760086F045 /* AppTheme.swift */ = {isa = PBXFileReference; lastKnownFileType = sourcecode.swift; path = AppTheme.swift; sourceTree = "<group>"; };
		5D9074632955043A0086F045 /* LoadingOverlay.swift */ = {isa = PBXFileReference; lastKnownFileType = sourcecode.swift; path = LoadingOverlay.swift; sourceTree = "<group>"; };
		5D907465295531540086F045 /* AlertHelper.swift */ = {isa = PBXFileReference; lastKnownFileType = sourcecode.swift; path = AlertHelper.swift; sourceTree = "<group>"; };
		5D907467295537960086F045 /* TopMostController.swift */ = {isa = PBXFileReference; lastKnownFileType = sourcecode.swift; path = TopMostController.swift; sourceTree = "<group>"; };
		5D90746A295542DC0086F045 /* UserBusiness.swift */ = {isa = PBXFileReference; lastKnownFileType = sourcecode.swift; path = UserBusiness.swift; sourceTree = "<group>"; };
		5D90746D295543180086F045 /* UserServices.swift */ = {isa = PBXFileReference; lastKnownFileType = sourcecode.swift; path = UserServices.swift; sourceTree = "<group>"; };
		5D907470295549DA0086F045 /* UserDetailsModel.swift */ = {isa = PBXFileReference; lastKnownFileType = sourcecode.swift; path = UserDetailsModel.swift; sourceTree = "<group>"; };
		5D9A545D29839739000495C8 /* UserApiHandler.swift */ = {isa = PBXFileReference; fileEncoding = 4; lastKnownFileType = sourcecode.swift; path = UserApiHandler.swift; sourceTree = "<group>"; };
		5D9A545F29839739000495C8 /* HomeApiHandler.swift */ = {isa = PBXFileReference; fileEncoding = 4; lastKnownFileType = sourcecode.swift; path = HomeApiHandler.swift; sourceTree = "<group>"; };
		5DA65EE529567B36006CC0FF /* KQHomeInteractorTests.swift */ = {isa = PBXFileReference; lastKnownFileType = sourcecode.swift; path = KQHomeInteractorTests.swift; sourceTree = "<group>"; };
		5DAE18EE2959540E00AE0DE3 /* UITableViewExtension.swift */ = {isa = PBXFileReference; lastKnownFileType = sourcecode.swift; path = UITableViewExtension.swift; sourceTree = "<group>"; };
		5DAE18FD295A0F4300AE0DE3 /* AppGlobalSettings.swift */ = {isa = PBXFileReference; lastKnownFileType = sourcecode.swift; path = AppGlobalSettings.swift; sourceTree = "<group>"; };
		5DCDC9B32958B54300013C01 /* KQUserDetailsViewControllerTests.swift */ = {isa = PBXFileReference; lastKnownFileType = sourcecode.swift; path = KQUserDetailsViewControllerTests.swift; sourceTree = "<group>"; };
		5DCDC9B42958B54300013C01 /* KQUserDetailsInteractorTests.swift */ = {isa = PBXFileReference; lastKnownFileType = sourcecode.swift; path = KQUserDetailsInteractorTests.swift; sourceTree = "<group>"; };
		5DCDC9B52958B54300013C01 /* KQUserDetailsWorkerTests.swift */ = {isa = PBXFileReference; lastKnownFileType = sourcecode.swift; path = KQUserDetailsWorkerTests.swift; sourceTree = "<group>"; };
		5DCDC9B62958B54300013C01 /* KQUserDetailsPresenterTests.swift */ = {isa = PBXFileReference; lastKnownFileType = sourcecode.swift; path = KQUserDetailsPresenterTests.swift; sourceTree = "<group>"; };
		5DD2385A295C116100D354BE /* ImageLoader.swift */ = {isa = PBXFileReference; lastKnownFileType = sourcecode.swift; path = ImageLoader.swift; sourceTree = "<group>"; };
		5DD2385C295C11A000D354BE /* ImageLoaderManager.swift */ = {isa = PBXFileReference; lastKnownFileType = sourcecode.swift; path = ImageLoaderManager.swift; sourceTree = "<group>"; };
		61CAD9483437D5564C803739 /* Pods-KQTaskProjectTests.debug.xcconfig */ = {isa = PBXFileReference; includeInIndex = 1; lastKnownFileType = text.xcconfig; name = "Pods-KQTaskProjectTests.debug.xcconfig"; path = "Target Support Files/Pods-KQTaskProjectTests/Pods-KQTaskProjectTests.debug.xcconfig"; sourceTree = "<group>"; };
		63661821DF5249BFE8DA9687 /* Pods-KQTaskProject.release.xcconfig */ = {isa = PBXFileReference; includeInIndex = 1; lastKnownFileType = text.xcconfig; name = "Pods-KQTaskProject.release.xcconfig"; path = "Target Support Files/Pods-KQTaskProject/Pods-KQTaskProject.release.xcconfig"; sourceTree = "<group>"; };
		6B0A486C2390EBD370C1144D /* Pods_KQTaskProject.framework */ = {isa = PBXFileReference; explicitFileType = wrapper.framework; includeInIndex = 0; path = Pods_KQTaskProject.framework; sourceTree = BUILT_PRODUCTS_DIR; };
		6CE571280CDE221B1700D52D /* Pods-KQTaskProjectTests.production.xcconfig */ = {isa = PBXFileReference; includeInIndex = 1; lastKnownFileType = text.xcconfig; name = "Pods-KQTaskProjectTests.production.xcconfig"; path = "Target Support Files/Pods-KQTaskProjectTests/Pods-KQTaskProjectTests.production.xcconfig"; sourceTree = "<group>"; };
		90412AE73DEEDE613985AFDD /* Pods_KQTaskProjectTests.framework */ = {isa = PBXFileReference; explicitFileType = wrapper.framework; includeInIndex = 0; path = Pods_KQTaskProjectTests.framework; sourceTree = BUILT_PRODUCTS_DIR; };
		AA7F785092E997E41EEE8833 /* Pods-KQTaskProject-KQTaskProjectUITests.release.xcconfig */ = {isa = PBXFileReference; includeInIndex = 1; lastKnownFileType = text.xcconfig; name = "Pods-KQTaskProject-KQTaskProjectUITests.release.xcconfig"; path = "Target Support Files/Pods-KQTaskProject-KQTaskProjectUITests/Pods-KQTaskProject-KQTaskProjectUITests.release.xcconfig"; sourceTree = "<group>"; };
		CA32C40E0A79CC07A69B287F /* Pods-KQTaskProject.debug.xcconfig */ = {isa = PBXFileReference; includeInIndex = 1; lastKnownFileType = text.xcconfig; name = "Pods-KQTaskProject.debug.xcconfig"; path = "Target Support Files/Pods-KQTaskProject/Pods-KQTaskProject.debug.xcconfig"; sourceTree = "<group>"; };
		CFF61C59C7F970AFDB5B3A6B /* Pods-KQTaskProjectTests.testing.xcconfig */ = {isa = PBXFileReference; includeInIndex = 1; lastKnownFileType = text.xcconfig; name = "Pods-KQTaskProjectTests.testing.xcconfig"; path = "Target Support Files/Pods-KQTaskProjectTests/Pods-KQTaskProjectTests.testing.xcconfig"; sourceTree = "<group>"; };
		DD6C84F29F6FC96C771EA543 /* Pods-KQTaskProjectTests.staging.xcconfig */ = {isa = PBXFileReference; includeInIndex = 1; lastKnownFileType = text.xcconfig; name = "Pods-KQTaskProjectTests.staging.xcconfig"; path = "Target Support Files/Pods-KQTaskProjectTests/Pods-KQTaskProjectTests.staging.xcconfig"; sourceTree = "<group>"; };
		FA888A7C73D8B7B8E0D46D7A /* Pods-KQTaskProject.production.xcconfig */ = {isa = PBXFileReference; includeInIndex = 1; lastKnownFileType = text.xcconfig; name = "Pods-KQTaskProject.production.xcconfig"; path = "Target Support Files/Pods-KQTaskProject/Pods-KQTaskProject.production.xcconfig"; sourceTree = "<group>"; };
		FB1711BC2E6CBC82E7537B7B /* Pods-KQTaskProject-KQTaskProjectUITests.debug.xcconfig */ = {isa = PBXFileReference; includeInIndex = 1; lastKnownFileType = text.xcconfig; name = "Pods-KQTaskProject-KQTaskProjectUITests.debug.xcconfig"; path = "Target Support Files/Pods-KQTaskProject-KQTaskProjectUITests/Pods-KQTaskProject-KQTaskProjectUITests.debug.xcconfig"; sourceTree = "<group>"; };
/* End PBXFileReference section */

/* Begin PBXFrameworksBuildPhase section */
		5D1A7BFB29525ECC00270CD2 /* Frameworks */ = {
			isa = PBXFrameworksBuildPhase;
			buildActionMask = 2147483647;
			files = (
				AFCD6FEF9BCEAD36FCD709BB /* Pods_KQTaskProject.framework in Frameworks */,
			);
			runOnlyForDeploymentPostprocessing = 0;
		};
		5D1A7C1129525ECD00270CD2 /* Frameworks */ = {
			isa = PBXFrameworksBuildPhase;
			buildActionMask = 2147483647;
			files = (
				52FF79D1244F07CE6450795E /* Pods_KQTaskProjectTests.framework in Frameworks */,
			);
			runOnlyForDeploymentPostprocessing = 0;
		};
		5D415F7529563A9300C33DD3 /* Frameworks */ = {
			isa = PBXFrameworksBuildPhase;
			buildActionMask = 2147483647;
			files = (
				A2813E4162B1A22E3FCDFFBD /* Pods_KQTaskProject_KQTaskProjectUITests.framework in Frameworks */,
			);
			runOnlyForDeploymentPostprocessing = 0;
		};
/* End PBXFrameworksBuildPhase section */

/* Begin PBXGroup section */
		5D1A7BF529525ECC00270CD2 = {
			isa = PBXGroup;
			children = (
				5D1A7C0029525ECC00270CD2 /* KQTaskProject */,
				5D1A7C1729525ECD00270CD2 /* KQTaskProjectTests */,
				5D415F7929563A9300C33DD3 /* KQTaskProjectUITests */,
				5D1A7BFF29525ECC00270CD2 /* Products */,
				7760F0C8D5B71F5E1D9E516F /* Pods */,
				FB7ADB856285B828E22E3C0B /* Frameworks */,
			);
			sourceTree = "<group>";
		};
		5D1A7BFF29525ECC00270CD2 /* Products */ = {
			isa = PBXGroup;
			children = (
				5D1A7BFE29525ECC00270CD2 /* KQTaskProject.app */,
				5D1A7C1429525ECD00270CD2 /* KQTaskProjectTests.xctest */,
				5D415F7829563A9300C33DD3 /* KQTaskProjectUITests.xctest */,
			);
			name = Products;
			sourceTree = "<group>";
		};
		5D1A7C0029525ECC00270CD2 /* KQTaskProject */ = {
			isa = PBXGroup;
			children = (
				5D9074602954E7610086F045 /* App Theme */,
				5D6D6BBE2953B38A00087A66 /* AppShared */,
				5D6D6BC32953CDCE00087A66 /* AppBusiness */,
				5D1A7C3E295383F300270CD2 /* App Services */,
				5D1A7C3C295383A900270CD2 /* App Models */,
				5D1A7C362952616200270CD2 /* SupportingFiles */,
				5D1A7C352952614C00270CD2 /* Assets */,
				5D1A7C342952613D00270CD2 /* StoryBoards */,
				5D1A7C32295260BE00270CD2 /* CleanSwift */,
				5D1A7C31295260AF00270CD2 /* AppCommon */,
				5D1A7C0F29525ECD00270CD2 /* Info.plist */,
			);
			path = KQTaskProject;
			sourceTree = "<group>";
		};
		5D1A7C1729525ECD00270CD2 /* KQTaskProjectTests */ = {
			isa = PBXGroup;
			children = (
				5DD9E2D92958B11100E031CF /* KQUserDetailsTests */,
				5DD9E2D82958B09600E031CF /* KQHomeTests */,
			);
			path = KQTaskProjectTests;
			sourceTree = "<group>";
		};
		5D1A7C31295260AF00270CD2 /* AppCommon */ = {
			isa = PBXGroup;
			children = (
				5DAE18FC295A0F2D00AE0DE3 /* AppGlobalSettings */,
				5D1A7C372952657600270CD2 /* UIEliments */,
			);
			path = AppCommon;
			sourceTree = "<group>";
		};
		5D1A7C32295260BE00270CD2 /* CleanSwift */ = {
			isa = PBXGroup;
			children = (
				5D1A7C3A2952660400270CD2 /* KQSuperVC.swift */,
				5D1A7C44295386DB00270CD2 /* TableViewCells */,
				5D6528ED2953E5810056DAD4 /* UserDetailsVC */,
				5D6D6B792953ACE800087A66 /* HomeVC */,
			);
			path = CleanSwift;
			sourceTree = "<group>";
		};
		5D1A7C342952613D00270CD2 /* StoryBoards */ = {
			isa = PBXGroup;
			children = (
				5D1A7C0C29525ECD00270CD2 /* LaunchScreen.storyboard */,
			);
			path = StoryBoards;
			sourceTree = "<group>";
		};
		5D1A7C352952614C00270CD2 /* Assets */ = {
			isa = PBXGroup;
			children = (
				5D1A7C0A29525ECD00270CD2 /* Assets.xcassets */,
			);
			path = Assets;
			sourceTree = "<group>";
		};
		5D1A7C362952616200270CD2 /* SupportingFiles */ = {
			isa = PBXGroup;
			children = (
				5D1A7C0129525ECC00270CD2 /* AppDelegate.swift */,
				5D1A7C0329525ECC00270CD2 /* SceneDelegate.swift */,
			);
			path = SupportingFiles;
			sourceTree = "<group>";
		};
		5D1A7C372952657600270CD2 /* UIEliments */ = {
			isa = PBXGroup;
			children = (
				5D6609DD2957DE72002AA837 /* Extensions */,
				5D6609DE2957DE95002AA837 /* LoadingOverlay */,
			);
			path = UIEliments;
			sourceTree = "<group>";
		};
		5D1A7C3C295383A900270CD2 /* App Models */ = {
			isa = PBXGroup;
			children = (
				5D90746F295549B30086F045 /* UserDetailsModel */,
				5D1A7C3D295383BD00270CD2 /* HomeModel */,
			);
			path = "App Models";
			sourceTree = "<group>";
		};
		5D1A7C3D295383BD00270CD2 /* HomeModel */ = {
			isa = PBXGroup;
			children = (
				5D1A7C402953841F00270CD2 /* UserModel.swift */,
			);
			path = HomeModel;
			sourceTree = "<group>";
		};
		5D1A7C3E295383F300270CD2 /* App Services */ = {
			isa = PBXGroup;
			children = (
				5D9A545B29839739000495C8 /* ApiHandlerType */,
				5D90746C295543080086F045 /* UserServices */,
				5D6D6BDD2953D06500087A66 /* HomeServices */,
			);
			path = "App Services";
			sourceTree = "<group>";
		};
		5D1A7C44295386DB00270CD2 /* TableViewCells */ = {
			isa = PBXGroup;
			children = (
				5D1A7C45295386E800270CD2 /* UserTableViewCell */,
			);
			path = TableViewCells;
			sourceTree = "<group>";
		};
		5D1A7C45295386E800270CD2 /* UserTableViewCell */ = {
			isa = PBXGroup;
			children = (
				5D54C067295388EE0003A0B7 /* KQUserTableViewCell.swift */,
			);
			path = UserTableViewCell;
			sourceTree = "<group>";
		};
		5D415F7929563A9300C33DD3 /* KQTaskProjectUITests */ = {
			isa = PBXGroup;
			children = (
				5D415F7A29563A9300C33DD3 /* KQTaskProjectUITests.swift */,
				5D415F7C29563A9300C33DD3 /* KQTaskProjectUITestsLaunchTests.swift */,
			);
			path = KQTaskProjectUITests;
			sourceTree = "<group>";
		};
		5D6528ED2953E5810056DAD4 /* UserDetailsVC */ = {
			isa = PBXGroup;
			children = (
				5D6528EF2953E5B10056DAD4 /* KQUserDetailsPresenter.swift */,
				5D6528F02953E5B10056DAD4 /* KQUserDetailsWorker.swift */,
				5D6528F12953E5B10056DAD4 /* KQUsreDetailsRouter.swift */,
				5D6528F22953E5B10056DAD4 /* KQUserDetailsModels.swift */,
				5D6528F32953E5B10056DAD4 /* KQUserDetailsViewController.swift */,
				5D6528F42953E5B10056DAD4 /* KQUserDetailsInteractor.swift */,
			);
			path = UserDetailsVC;
			sourceTree = "<group>";
		};
		5D6609DD2957DE72002AA837 /* Extensions */ = {
			isa = PBXGroup;
			children = (
				5DAE18ED295953E900AE0DE3 /* UITableViewExtension */,
				5D6609E22957E237002AA837 /* DispatchQueue */,
				5D6609DF2957DEC7002AA837 /* ImageViewExtension */,
				5D6609E02957DEDD002AA837 /* AlertHelper */,
				5D6609E12957DEF6002AA837 /* TopMostController */,
			);
			path = Extensions;
			sourceTree = "<group>";
		};
		5D6609DE2957DE95002AA837 /* LoadingOverlay */ = {
			isa = PBXGroup;
			children = (
				5D9074632955043A0086F045 /* LoadingOverlay.swift */,
			);
			path = LoadingOverlay;
			sourceTree = "<group>";
		};
		5D6609DF2957DEC7002AA837 /* ImageViewExtension */ = {
			isa = PBXGroup;
			children = (
				5D6528FB2953F1280056DAD4 /* ImageViewExtension.swift */,
				5DD2385A295C116100D354BE /* ImageLoader.swift */,
				5DD2385C295C11A000D354BE /* ImageLoaderManager.swift */,
			);
			path = ImageViewExtension;
			sourceTree = "<group>";
		};
		5D6609E02957DEDD002AA837 /* AlertHelper */ = {
			isa = PBXGroup;
			children = (
				5D907465295531540086F045 /* AlertHelper.swift */,
			);
			path = AlertHelper;
			sourceTree = "<group>";
		};
		5D6609E12957DEF6002AA837 /* TopMostController */ = {
			isa = PBXGroup;
			children = (
				5D907467295537960086F045 /* TopMostController.swift */,
			);
			path = TopMostController;
			sourceTree = "<group>";
		};
		5D6609E22957E237002AA837 /* DispatchQueue */ = {
			isa = PBXGroup;
			children = (
				5D6609E32957E254002AA837 /* DispatchQueue.swift */,
			);
			path = DispatchQueue;
			sourceTree = "<group>";
		};
		5D6D6B792953ACE800087A66 /* HomeVC */ = {
			isa = PBXGroup;
			children = (
				5D6D6B612953AB7000087A66 /* KQHomePresenter.swift */,
				5D6D6B622953AB7000087A66 /* KQHomeWorker.swift */,
				5D6D6B632953AB7000087A66 /* KQHomeRouter.swift */,
				5D6D6B642953AB7000087A66 /* KQHomeModels.swift */,
				5D6D6B652953AB7000087A66 /* KQHomeViewController.swift */,
				5D6D6B662953AB7000087A66 /* KQHomeInteractor.swift */,
			);
			path = HomeVC;
			sourceTree = "<group>";
		};
		5D6D6BBE2953B38A00087A66 /* AppShared */ = {
			isa = PBXGroup;
			children = (
				5D6D6BBF2953B38A00087A66 /* AppShared.swift */,
			);
			path = AppShared;
			sourceTree = "<group>";
		};
		5D6D6BC32953CDCE00087A66 /* AppBusiness */ = {
			isa = PBXGroup;
			children = (
				5D907469295542B90086F045 /* UserBusiness */,
				5D6D6BD82953D04200087A66 /* HomeBusines */,
			);
			path = AppBusiness;
			sourceTree = "<group>";
		};
		5D6D6BD82953D04200087A66 /* HomeBusines */ = {
			isa = PBXGroup;
			children = (
				5D6D6BD92953D04200087A66 /* HomeBusiness.swift */,
			);
			path = HomeBusines;
			sourceTree = "<group>";
		};
		5D6D6BDD2953D06500087A66 /* HomeServices */ = {
			isa = PBXGroup;
			children = (
				5D6D6BDE2953D06500087A66 /* HomeService.swift */,
			);
			path = HomeServices;
			sourceTree = "<group>";
		};
		5D9074602954E7610086F045 /* App Theme */ = {
			isa = PBXGroup;
			children = (
				5D9074612954E7760086F045 /* AppTheme.swift */,
			);
			path = "App Theme";
			sourceTree = "<group>";
		};
		5D907469295542B90086F045 /* UserBusiness */ = {
			isa = PBXGroup;
			children = (
				5D90746A295542DC0086F045 /* UserBusiness.swift */,
			);
			path = UserBusiness;
			sourceTree = "<group>";
		};
		5D90746C295543080086F045 /* UserServices */ = {
			isa = PBXGroup;
			children = (
				5D90746D295543180086F045 /* UserServices.swift */,
			);
			path = UserServices;
			sourceTree = "<group>";
		};
		5D90746F295549B30086F045 /* UserDetailsModel */ = {
			isa = PBXGroup;
			children = (
				5D907470295549DA0086F045 /* UserDetailsModel.swift */,
			);
			path = UserDetailsModel;
			sourceTree = "<group>";
		};
		5D9A545B29839739000495C8 /* ApiHandlerType */ = {
			isa = PBXGroup;
			children = (
				5D9A545C29839739000495C8 /* UserApiHandler */,
				5D9A545E29839739000495C8 /* HomeApiHadler */,
			);
			path = ApiHandlerType;
			sourceTree = "<group>";
		};
		5D9A545C29839739000495C8 /* UserApiHandler */ = {
			isa = PBXGroup;
			children = (
				5D9A545D29839739000495C8 /* UserApiHandler.swift */,
			);
			path = UserApiHandler;
			sourceTree = "<group>";
		};
		5D9A545E29839739000495C8 /* HomeApiHadler */ = {
			isa = PBXGroup;
			children = (
				5D9A545F29839739000495C8 /* HomeApiHandler.swift */,
			);
			path = HomeApiHadler;
			sourceTree = "<group>";
		};
		5DAE18ED295953E900AE0DE3 /* UITableViewExtension */ = {
			isa = PBXGroup;
			children = (
				5DAE18EE2959540E00AE0DE3 /* UITableViewExtension.swift */,
			);
			path = UITableViewExtension;
			sourceTree = "<group>";
		};
		5DAE18FC295A0F2D00AE0DE3 /* AppGlobalSettings */ = {
			isa = PBXGroup;
			children = (
				5DAE18FD295A0F4300AE0DE3 /* AppGlobalSettings.swift */,
			);
			path = AppGlobalSettings;
			sourceTree = "<group>";
		};
		5DD9E2D82958B09600E031CF /* KQHomeTests */ = {
			isa = PBXGroup;
			children = (
				5DA65EE529567B36006CC0FF /* KQHomeInteractorTests.swift */,
				5D4349ED295687500046A924 /* KQHomeViewControllerTests.swift */,
				5D4349EE295687500046A924 /* KQHomeWorkerTests.swift */,
				5D4349EF295687500046A924 /* KQHomePresenterTests.swift */,
			);
			path = KQHomeTests;
			sourceTree = "<group>";
		};
		5DD9E2D92958B11100E031CF /* KQUserDetailsTests */ = {
			isa = PBXGroup;
			children = (
				5DCDC9B32958B54300013C01 /* KQUserDetailsViewControllerTests.swift */,
				5DCDC9B42958B54300013C01 /* KQUserDetailsInteractorTests.swift */,
				5DCDC9B52958B54300013C01 /* KQUserDetailsWorkerTests.swift */,
				5DCDC9B62958B54300013C01 /* KQUserDetailsPresenterTests.swift */,
			);
			path = KQUserDetailsTests;
			sourceTree = "<group>";
		};
		7760F0C8D5B71F5E1D9E516F /* Pods */ = {
			isa = PBXGroup;
			children = (
				CA32C40E0A79CC07A69B287F /* Pods-KQTaskProject.debug.xcconfig */,
				59477AA14661E2484CB5DB80 /* Pods-KQTaskProject.staging.xcconfig */,
				1A5B08BBC45766762F76CEAF /* Pods-KQTaskProject.testing.xcconfig */,
				63661821DF5249BFE8DA9687 /* Pods-KQTaskProject.release.xcconfig */,
				FA888A7C73D8B7B8E0D46D7A /* Pods-KQTaskProject.production.xcconfig */,
				FB1711BC2E6CBC82E7537B7B /* Pods-KQTaskProject-KQTaskProjectUITests.debug.xcconfig */,
				27D9ED0AEAB330769137688B /* Pods-KQTaskProject-KQTaskProjectUITests.staging.xcconfig */,
				2AA541A97CFA41565CE3176F /* Pods-KQTaskProject-KQTaskProjectUITests.testing.xcconfig */,
				AA7F785092E997E41EEE8833 /* Pods-KQTaskProject-KQTaskProjectUITests.release.xcconfig */,
				26117B41F9102DB4602BF438 /* Pods-KQTaskProject-KQTaskProjectUITests.production.xcconfig */,
				61CAD9483437D5564C803739 /* Pods-KQTaskProjectTests.debug.xcconfig */,
				DD6C84F29F6FC96C771EA543 /* Pods-KQTaskProjectTests.staging.xcconfig */,
				CFF61C59C7F970AFDB5B3A6B /* Pods-KQTaskProjectTests.testing.xcconfig */,
				182425B078F45DA243A2FBD4 /* Pods-KQTaskProjectTests.release.xcconfig */,
				6CE571280CDE221B1700D52D /* Pods-KQTaskProjectTests.production.xcconfig */,
			);
			path = Pods;
			sourceTree = "<group>";
		};
		FB7ADB856285B828E22E3C0B /* Frameworks */ = {
			isa = PBXGroup;
			children = (
				6B0A486C2390EBD370C1144D /* Pods_KQTaskProject.framework */,
				3480C95EDE5CBBF979810248 /* Pods_KQTaskProject_KQTaskProjectUITests.framework */,
				90412AE73DEEDE613985AFDD /* Pods_KQTaskProjectTests.framework */,
			);
			name = Frameworks;
			sourceTree = "<group>";
		};
/* End PBXGroup section */

/* Begin PBXNativeTarget section */
		5D1A7BFD29525ECC00270CD2 /* KQTaskProject */ = {
			isa = PBXNativeTarget;
			buildConfigurationList = 5D1A7C2829525ECD00270CD2 /* Build configuration list for PBXNativeTarget "KQTaskProject" */;
			buildPhases = (
				2EBDE732FC154B1EDC14AB30 /* [CP] Check Pods Manifest.lock */,
				5D1A7BFA29525ECC00270CD2 /* Sources */,
				5D1A7BFB29525ECC00270CD2 /* Frameworks */,
				5D1A7BFC29525ECC00270CD2 /* Resources */,
				E3E73F903FE1178255EEB9D0 /* [CP] Embed Pods Frameworks */,
			);
			buildRules = (
			);
			dependencies = (
			);
			name = KQTaskProject;
			productName = KQTaskProject;
			productReference = 5D1A7BFE29525ECC00270CD2 /* KQTaskProject.app */;
			productType = "com.apple.product-type.application";
		};
		5D1A7C1329525ECD00270CD2 /* KQTaskProjectTests */ = {
			isa = PBXNativeTarget;
			buildConfigurationList = 5D1A7C2B29525ECD00270CD2 /* Build configuration list for PBXNativeTarget "KQTaskProjectTests" */;
			buildPhases = (
				A57B0BDE120EB02B6E6E2E4B /* [CP] Check Pods Manifest.lock */,
				5D1A7C1029525ECD00270CD2 /* Sources */,
				5D1A7C1129525ECD00270CD2 /* Frameworks */,
				5D1A7C1229525ECD00270CD2 /* Resources */,
			);
			buildRules = (
			);
			dependencies = (
				5D1A7C1629525ECD00270CD2 /* PBXTargetDependency */,
			);
			name = KQTaskProjectTests;
			productName = KQTaskProjectTests;
			productReference = 5D1A7C1429525ECD00270CD2 /* KQTaskProjectTests.xctest */;
			productType = "com.apple.product-type.bundle.unit-test";
		};
		5D415F7729563A9300C33DD3 /* KQTaskProjectUITests */ = {
			isa = PBXNativeTarget;
			buildConfigurationList = 5D415F8029563A9300C33DD3 /* Build configuration list for PBXNativeTarget "KQTaskProjectUITests" */;
			buildPhases = (
				EFB0A606D8E588A7B7F56777 /* [CP] Check Pods Manifest.lock */,
				5D415F7429563A9300C33DD3 /* Sources */,
				5D415F7529563A9300C33DD3 /* Frameworks */,
				5D415F7629563A9300C33DD3 /* Resources */,
				E413FFE7E7BC1BD536D69EDB /* [CP] Embed Pods Frameworks */,
			);
			buildRules = (
			);
			dependencies = (
				5D415F7F29563A9300C33DD3 /* PBXTargetDependency */,
			);
			name = KQTaskProjectUITests;
			productName = KQTaskProjectUITests;
			productReference = 5D415F7829563A9300C33DD3 /* KQTaskProjectUITests.xctest */;
			productType = "com.apple.product-type.bundle.ui-testing";
		};
/* End PBXNativeTarget section */

/* Begin PBXProject section */
		5D1A7BF629525ECC00270CD2 /* Project object */ = {
			isa = PBXProject;
			attributes = {
				BuildIndependentTargetsInParallel = 1;
				LastSwiftUpdateCheck = 1400;
				LastUpgradeCheck = 1300;
				TargetAttributes = {
					5D1A7BFD29525ECC00270CD2 = {
						CreatedOnToolsVersion = 13.0;
					};
					5D1A7C1329525ECD00270CD2 = {
						CreatedOnToolsVersion = 13.0;
						TestTargetID = 5D1A7BFD29525ECC00270CD2;
					};
					5D415F7729563A9300C33DD3 = {
						CreatedOnToolsVersion = 14.0;
						TestTargetID = 5D1A7BFD29525ECC00270CD2;
					};
				};
			};
			buildConfigurationList = 5D1A7BF929525ECC00270CD2 /* Build configuration list for PBXProject "KQTaskProject" */;
			compatibilityVersion = "Xcode 13.0";
			developmentRegion = en;
			hasScannedForEncodings = 0;
			knownRegions = (
				en,
				Base,
			);
			mainGroup = 5D1A7BF529525ECC00270CD2;
			productRefGroup = 5D1A7BFF29525ECC00270CD2 /* Products */;
			projectDirPath = "";
			projectRoot = "";
			targets = (
				5D1A7BFD29525ECC00270CD2 /* KQTaskProject */,
				5D1A7C1329525ECD00270CD2 /* KQTaskProjectTests */,
				5D415F7729563A9300C33DD3 /* KQTaskProjectUITests */,
			);
		};
/* End PBXProject section */

/* Begin PBXResourcesBuildPhase section */
		5D1A7BFC29525ECC00270CD2 /* Resources */ = {
			isa = PBXResourcesBuildPhase;
			buildActionMask = 2147483647;
			files = (
				5D1A7C0E29525ECD00270CD2 /* LaunchScreen.storyboard in Resources */,
				5D1A7C0B29525ECD00270CD2 /* Assets.xcassets in Resources */,
			);
			runOnlyForDeploymentPostprocessing = 0;
		};
		5D1A7C1229525ECD00270CD2 /* Resources */ = {
			isa = PBXResourcesBuildPhase;
			buildActionMask = 2147483647;
			files = (
			);
			runOnlyForDeploymentPostprocessing = 0;
		};
		5D415F7629563A9300C33DD3 /* Resources */ = {
			isa = PBXResourcesBuildPhase;
			buildActionMask = 2147483647;
			files = (
			);
			runOnlyForDeploymentPostprocessing = 0;
		};
/* End PBXResourcesBuildPhase section */

/* Begin PBXShellScriptBuildPhase section */
		2EBDE732FC154B1EDC14AB30 /* [CP] Check Pods Manifest.lock */ = {
			isa = PBXShellScriptBuildPhase;
			buildActionMask = 2147483647;
			files = (
			);
			inputFileListPaths = (
			);
			inputPaths = (
				"${PODS_PODFILE_DIR_PATH}/Podfile.lock",
				"${PODS_ROOT}/Manifest.lock",
			);
			name = "[CP] Check Pods Manifest.lock";
			outputFileListPaths = (
			);
			outputPaths = (
				"$(DERIVED_FILE_DIR)/Pods-KQTaskProject-checkManifestLockResult.txt",
			);
			runOnlyForDeploymentPostprocessing = 0;
			shellPath = /bin/sh;
			shellScript = "diff \"${PODS_PODFILE_DIR_PATH}/Podfile.lock\" \"${PODS_ROOT}/Manifest.lock\" > /dev/null\nif [ $? != 0 ] ; then\n    # print error to STDERR\n    echo \"error: The sandbox is not in sync with the Podfile.lock. Run 'pod install' or update your CocoaPods installation.\" >&2\n    exit 1\nfi\n# This output is used by Xcode 'outputs' to avoid re-running this script phase.\necho \"SUCCESS\" > \"${SCRIPT_OUTPUT_FILE_0}\"\n";
			showEnvVarsInLog = 0;
		};
		A57B0BDE120EB02B6E6E2E4B /* [CP] Check Pods Manifest.lock */ = {
			isa = PBXShellScriptBuildPhase;
			buildActionMask = 2147483647;
			files = (
			);
			inputFileListPaths = (
			);
			inputPaths = (
				"${PODS_PODFILE_DIR_PATH}/Podfile.lock",
				"${PODS_ROOT}/Manifest.lock",
			);
			name = "[CP] Check Pods Manifest.lock";
			outputFileListPaths = (
			);
			outputPaths = (
				"$(DERIVED_FILE_DIR)/Pods-KQTaskProjectTests-checkManifestLockResult.txt",
			);
			runOnlyForDeploymentPostprocessing = 0;
			shellPath = /bin/sh;
			shellScript = "diff \"${PODS_PODFILE_DIR_PATH}/Podfile.lock\" \"${PODS_ROOT}/Manifest.lock\" > /dev/null\nif [ $? != 0 ] ; then\n    # print error to STDERR\n    echo \"error: The sandbox is not in sync with the Podfile.lock. Run 'pod install' or update your CocoaPods installation.\" >&2\n    exit 1\nfi\n# This output is used by Xcode 'outputs' to avoid re-running this script phase.\necho \"SUCCESS\" > \"${SCRIPT_OUTPUT_FILE_0}\"\n";
			showEnvVarsInLog = 0;
		};
		E3E73F903FE1178255EEB9D0 /* [CP] Embed Pods Frameworks */ = {
			isa = PBXShellScriptBuildPhase;
			buildActionMask = 2147483647;
			files = (
			);
			inputFileListPaths = (
				"${PODS_ROOT}/Target Support Files/Pods-KQTaskProject/Pods-KQTaskProject-frameworks-${CONFIGURATION}-input-files.xcfilelist",
			);
			name = "[CP] Embed Pods Frameworks";
			outputFileListPaths = (
				"${PODS_ROOT}/Target Support Files/Pods-KQTaskProject/Pods-KQTaskProject-frameworks-${CONFIGURATION}-output-files.xcfilelist",
			);
			runOnlyForDeploymentPostprocessing = 0;
			shellPath = /bin/sh;
			shellScript = "\"${PODS_ROOT}/Target Support Files/Pods-KQTaskProject/Pods-KQTaskProject-frameworks.sh\"\n";
			showEnvVarsInLog = 0;
		};
		E413FFE7E7BC1BD536D69EDB /* [CP] Embed Pods Frameworks */ = {
			isa = PBXShellScriptBuildPhase;
			buildActionMask = 2147483647;
			files = (
			);
			inputFileListPaths = (
				"${PODS_ROOT}/Target Support Files/Pods-KQTaskProject-KQTaskProjectUITests/Pods-KQTaskProject-KQTaskProjectUITests-frameworks-${CONFIGURATION}-input-files.xcfilelist",
			);
			name = "[CP] Embed Pods Frameworks";
			outputFileListPaths = (
				"${PODS_ROOT}/Target Support Files/Pods-KQTaskProject-KQTaskProjectUITests/Pods-KQTaskProject-KQTaskProjectUITests-frameworks-${CONFIGURATION}-output-files.xcfilelist",
			);
			runOnlyForDeploymentPostprocessing = 0;
			shellPath = /bin/sh;
			shellScript = "\"${PODS_ROOT}/Target Support Files/Pods-KQTaskProject-KQTaskProjectUITests/Pods-KQTaskProject-KQTaskProjectUITests-frameworks.sh\"\n";
			showEnvVarsInLog = 0;
		};
		EFB0A606D8E588A7B7F56777 /* [CP] Check Pods Manifest.lock */ = {
			isa = PBXShellScriptBuildPhase;
			buildActionMask = 2147483647;
			files = (
			);
			inputFileListPaths = (
			);
			inputPaths = (
				"${PODS_PODFILE_DIR_PATH}/Podfile.lock",
				"${PODS_ROOT}/Manifest.lock",
			);
			name = "[CP] Check Pods Manifest.lock";
			outputFileListPaths = (
			);
			outputPaths = (
				"$(DERIVED_FILE_DIR)/Pods-KQTaskProject-KQTaskProjectUITests-checkManifestLockResult.txt",
			);
			runOnlyForDeploymentPostprocessing = 0;
			shellPath = /bin/sh;
			shellScript = "diff \"${PODS_PODFILE_DIR_PATH}/Podfile.lock\" \"${PODS_ROOT}/Manifest.lock\" > /dev/null\nif [ $? != 0 ] ; then\n    # print error to STDERR\n    echo \"error: The sandbox is not in sync with the Podfile.lock. Run 'pod install' or update your CocoaPods installation.\" >&2\n    exit 1\nfi\n# This output is used by Xcode 'outputs' to avoid re-running this script phase.\necho \"SUCCESS\" > \"${SCRIPT_OUTPUT_FILE_0}\"\n";
			showEnvVarsInLog = 0;
		};
/* End PBXShellScriptBuildPhase section */

/* Begin PBXSourcesBuildPhase section */
		5D1A7BFA29525ECC00270CD2 /* Sources */ = {
			isa = PBXSourcesBuildPhase;
			buildActionMask = 2147483647;
			files = (
				5D6D6B732953AB7000087A66 /* KQHomeViewController.swift in Sources */,
				5D6609E42957E254002AA837 /* DispatchQueue.swift in Sources */,
				5D1A7C0229525ECC00270CD2 /* AppDelegate.swift in Sources */,
				5D6D6BDA2953D04200087A66 /* HomeBusiness.swift in Sources */,
				5D91822E2958D2B2000F3403 /* UserDetailsModel.swift in Sources */,
				5D6528F72953E5B10056DAD4 /* KQUsreDetailsRouter.swift in Sources */,
				5D54C068295388EE0003A0B7 /* KQUserTableViewCell.swift in Sources */,
				5D6D6BC02953B38A00087A66 /* AppShared.swift in Sources */,
				5D1A7C0429525ECC00270CD2 /* SceneDelegate.swift in Sources */,
				5D9A546129839739000495C8 /* HomeApiHandler.swift in Sources */,
				5DD2385D295C11A000D354BE /* ImageLoaderManager.swift in Sources */,
				5D6D6B672953AB7000087A66 /* KQHomePresenter.swift in Sources */,
				5D6D6B6A2953AB7000087A66 /* KQHomeWorker.swift in Sources */,
				5D90746E295543180086F045 /* UserServices.swift in Sources */,
				5D6D6B6D2953AB7000087A66 /* KQHomeRouter.swift in Sources */,
				5DAE18FE295A0F4300AE0DE3 /* AppGlobalSettings.swift in Sources */,
				5D9074622954E7760086F045 /* AppTheme.swift in Sources */,
				5D9074642955043A0086F045 /* LoadingOverlay.swift in Sources */,
				5D6528FC2953F1280056DAD4 /* ImageViewExtension.swift in Sources */,
				5DAE18EF2959540E00AE0DE3 /* UITableViewExtension.swift in Sources */,
				5D907466295531540086F045 /* AlertHelper.swift in Sources */,
				5D6528F82953E5B10056DAD4 /* KQUserDetailsModels.swift in Sources */,
				5D1A7C3B2952660400270CD2 /* KQSuperVC.swift in Sources */,
				5D6D6B702953AB7000087A66 /* KQHomeModels.swift in Sources */,
				5D6528F62953E5B10056DAD4 /* KQUserDetailsWorker.swift in Sources */,
				5D6528F92953E5B10056DAD4 /* KQUserDetailsViewController.swift in Sources */,
				5D90746B295542DC0086F045 /* UserBusiness.swift in Sources */,
				5D6528F52953E5B10056DAD4 /* KQUserDetailsPresenter.swift in Sources */,
				5DD2385B295C116100D354BE /* ImageLoader.swift in Sources */,
				5D42461129560F24005F4491 /* UserModel.swift in Sources */,
				5D6528FA2953E5B10056DAD4 /* KQUserDetailsInteractor.swift in Sources */,
				5D9A546029839739000495C8 /* UserApiHandler.swift in Sources */,
				5D907468295537960086F045 /* TopMostController.swift in Sources */,
				5D6D6B762953AB7000087A66 /* KQHomeInteractor.swift in Sources */,
				5D6D6BDF2953D06500087A66 /* HomeService.swift in Sources */,
			);
			runOnlyForDeploymentPostprocessing = 0;
		};
		5D1A7C1029525ECD00270CD2 /* Sources */ = {
			isa = PBXSourcesBuildPhase;
			buildActionMask = 2147483647;
			files = (
				5D547511295A1E30004364DE /* KQHomePresenterTests.swift in Sources */,
				5D4349F0295687500046A924 /* KQHomeViewControllerTests.swift in Sources */,
				5DAE1929295A1D1400AE0DE3 /* KQHomeInteractorTests.swift in Sources */,
				5DCDC9B92958B54300013C01 /* KQUserDetailsWorkerTests.swift in Sources */,
				5D547512295A1E3D004364DE /* KQUserDetailsInteractorTests.swift in Sources */,
				5D547510295A1E25004364DE /* KQUserDetailsPresenterTests.swift in Sources */,
				5D4349F1295687500046A924 /* KQHomeWorkerTests.swift in Sources */,
				5DCDC9B72958B54300013C01 /* KQUserDetailsViewControllerTests.swift in Sources */,
				5D6D6BC12953B38A00087A66 /* AppShared.swift in Sources */,
			);
			runOnlyForDeploymentPostprocessing = 0;
		};
		5D415F7429563A9300C33DD3 /* Sources */ = {
			isa = PBXSourcesBuildPhase;
			buildActionMask = 2147483647;
			files = (
				5D415F7B29563A9300C33DD3 /* KQTaskProjectUITests.swift in Sources */,
				5D415F7D29563A9300C33DD3 /* KQTaskProjectUITestsLaunchTests.swift in Sources */,
			);
			runOnlyForDeploymentPostprocessing = 0;
		};
/* End PBXSourcesBuildPhase section */

/* Begin PBXTargetDependency section */
		5D1A7C1629525ECD00270CD2 /* PBXTargetDependency */ = {
			isa = PBXTargetDependency;
			target = 5D1A7BFD29525ECC00270CD2 /* KQTaskProject */;
			targetProxy = 5D1A7C1529525ECD00270CD2 /* PBXContainerItemProxy */;
		};
		5D415F7F29563A9300C33DD3 /* PBXTargetDependency */ = {
			isa = PBXTargetDependency;
			target = 5D1A7BFD29525ECC00270CD2 /* KQTaskProject */;
			targetProxy = 5D415F7E29563A9300C33DD3 /* PBXContainerItemProxy */;
		};
/* End PBXTargetDependency section */

/* Begin PBXVariantGroup section */
		5D1A7C0C29525ECD00270CD2 /* LaunchScreen.storyboard */ = {
			isa = PBXVariantGroup;
			children = (
				5D1A7C0D29525ECD00270CD2 /* Base */,
			);
			name = LaunchScreen.storyboard;
			sourceTree = "<group>";
		};
/* End PBXVariantGroup section */

/* Begin XCBuildConfiguration section */
		5D1A7C2629525ECD00270CD2 /* Debug */ = {
			isa = XCBuildConfiguration;
			buildSettings = {
				ALWAYS_SEARCH_USER_PATHS = NO;
				CLANG_ANALYZER_NONNULL = YES;
				CLANG_ANALYZER_NUMBER_OBJECT_CONVERSION = YES_AGGRESSIVE;
				CLANG_CXX_LANGUAGE_STANDARD = "gnu++17";
				CLANG_CXX_LIBRARY = "libc++";
				CLANG_ENABLE_MODULES = YES;
				CLANG_ENABLE_OBJC_ARC = YES;
				CLANG_ENABLE_OBJC_WEAK = YES;
				CLANG_WARN_BLOCK_CAPTURE_AUTORELEASING = YES;
				CLANG_WARN_BOOL_CONVERSION = YES;
				CLANG_WARN_COMMA = YES;
				CLANG_WARN_CONSTANT_CONVERSION = YES;
				CLANG_WARN_DEPRECATED_OBJC_IMPLEMENTATIONS = YES;
				CLANG_WARN_DIRECT_OBJC_ISA_USAGE = YES_ERROR;
				CLANG_WARN_DOCUMENTATION_COMMENTS = YES;
				CLANG_WARN_EMPTY_BODY = YES;
				CLANG_WARN_ENUM_CONVERSION = YES;
				CLANG_WARN_INFINITE_RECURSION = YES;
				CLANG_WARN_INT_CONVERSION = YES;
				CLANG_WARN_NON_LITERAL_NULL_CONVERSION = YES;
				CLANG_WARN_OBJC_IMPLICIT_RETAIN_SELF = YES;
				CLANG_WARN_OBJC_LITERAL_CONVERSION = YES;
				CLANG_WARN_OBJC_ROOT_CLASS = YES_ERROR;
				CLANG_WARN_QUOTED_INCLUDE_IN_FRAMEWORK_HEADER = YES;
				CLANG_WARN_RANGE_LOOP_ANALYSIS = YES;
				CLANG_WARN_STRICT_PROTOTYPES = YES;
				CLANG_WARN_SUSPICIOUS_MOVE = YES;
				CLANG_WARN_UNGUARDED_AVAILABILITY = YES_AGGRESSIVE;
				CLANG_WARN_UNREACHABLE_CODE = YES;
				CLANG_WARN__DUPLICATE_METHOD_MATCH = YES;
				COPY_PHASE_STRIP = NO;
				DEBUG_INFORMATION_FORMAT = dwarf;
				ENABLE_STRICT_OBJC_MSGSEND = YES;
				ENABLE_TESTABILITY = YES;
				GCC_C_LANGUAGE_STANDARD = gnu11;
				GCC_DYNAMIC_NO_PIC = NO;
				GCC_NO_COMMON_BLOCKS = YES;
				GCC_OPTIMIZATION_LEVEL = 0;
				GCC_PREPROCESSOR_DEFINITIONS = (
					"DEBUG=1",
					"$(inherited)",
				);
				GCC_WARN_64_TO_32_BIT_CONVERSION = YES;
				GCC_WARN_ABOUT_RETURN_TYPE = YES_ERROR;
				GCC_WARN_UNDECLARED_SELECTOR = YES;
				GCC_WARN_UNINITIALIZED_AUTOS = YES_AGGRESSIVE;
				GCC_WARN_UNUSED_FUNCTION = YES;
				GCC_WARN_UNUSED_VARIABLE = YES;
				IPHONEOS_DEPLOYMENT_TARGET = 15.0;
				MTL_ENABLE_DEBUG_INFO = INCLUDE_SOURCE;
				MTL_FAST_MATH = YES;
				ONLY_ACTIVE_ARCH = YES;
				SDKROOT = iphoneos;
				SWIFT_ACTIVE_COMPILATION_CONDITIONS = DEBUG;
				SWIFT_OPTIMIZATION_LEVEL = "-Onone";
				SWIFT_VERSION = 5.0;
			};
			name = Debug;
		};
		5D1A7C2729525ECD00270CD2 /* Release */ = {
			isa = XCBuildConfiguration;
			buildSettings = {
				ALWAYS_SEARCH_USER_PATHS = NO;
				CLANG_ANALYZER_NONNULL = YES;
				CLANG_ANALYZER_NUMBER_OBJECT_CONVERSION = YES_AGGRESSIVE;
				CLANG_CXX_LANGUAGE_STANDARD = "gnu++17";
				CLANG_CXX_LIBRARY = "libc++";
				CLANG_ENABLE_MODULES = YES;
				CLANG_ENABLE_OBJC_ARC = YES;
				CLANG_ENABLE_OBJC_WEAK = YES;
				CLANG_WARN_BLOCK_CAPTURE_AUTORELEASING = YES;
				CLANG_WARN_BOOL_CONVERSION = YES;
				CLANG_WARN_COMMA = YES;
				CLANG_WARN_CONSTANT_CONVERSION = YES;
				CLANG_WARN_DEPRECATED_OBJC_IMPLEMENTATIONS = YES;
				CLANG_WARN_DIRECT_OBJC_ISA_USAGE = YES_ERROR;
				CLANG_WARN_DOCUMENTATION_COMMENTS = YES;
				CLANG_WARN_EMPTY_BODY = YES;
				CLANG_WARN_ENUM_CONVERSION = YES;
				CLANG_WARN_INFINITE_RECURSION = YES;
				CLANG_WARN_INT_CONVERSION = YES;
				CLANG_WARN_NON_LITERAL_NULL_CONVERSION = YES;
				CLANG_WARN_OBJC_IMPLICIT_RETAIN_SELF = YES;
				CLANG_WARN_OBJC_LITERAL_CONVERSION = YES;
				CLANG_WARN_OBJC_ROOT_CLASS = YES_ERROR;
				CLANG_WARN_QUOTED_INCLUDE_IN_FRAMEWORK_HEADER = YES;
				CLANG_WARN_RANGE_LOOP_ANALYSIS = YES;
				CLANG_WARN_STRICT_PROTOTYPES = YES;
				CLANG_WARN_SUSPICIOUS_MOVE = YES;
				CLANG_WARN_UNGUARDED_AVAILABILITY = YES_AGGRESSIVE;
				CLANG_WARN_UNREACHABLE_CODE = YES;
				CLANG_WARN__DUPLICATE_METHOD_MATCH = YES;
				COPY_PHASE_STRIP = NO;
				DEBUG_INFORMATION_FORMAT = "dwarf-with-dsym";
				ENABLE_NS_ASSERTIONS = NO;
				ENABLE_STRICT_OBJC_MSGSEND = YES;
				GCC_C_LANGUAGE_STANDARD = gnu11;
				GCC_NO_COMMON_BLOCKS = YES;
				GCC_WARN_64_TO_32_BIT_CONVERSION = YES;
				GCC_WARN_ABOUT_RETURN_TYPE = YES_ERROR;
				GCC_WARN_UNDECLARED_SELECTOR = YES;
				GCC_WARN_UNINITIALIZED_AUTOS = YES_AGGRESSIVE;
				GCC_WARN_UNUSED_FUNCTION = YES;
				GCC_WARN_UNUSED_VARIABLE = YES;
				IPHONEOS_DEPLOYMENT_TARGET = 15.0;
				MTL_ENABLE_DEBUG_INFO = NO;
				MTL_FAST_MATH = YES;
				SDKROOT = iphoneos;
				SWIFT_COMPILATION_MODE = wholemodule;
				SWIFT_OPTIMIZATION_LEVEL = "-O";
				SWIFT_VERSION = 5.0;
				VALIDATE_PRODUCT = YES;
			};
			name = Release;
		};
		5D1A7C2929525ECD00270CD2 /* Debug */ = {
			isa = XCBuildConfiguration;
			baseConfigurationReference = CA32C40E0A79CC07A69B287F /* Pods-KQTaskProject.debug.xcconfig */;
			buildSettings = {
				ASSETCATALOG_COMPILER_APPICON_NAME = AppIcon;
				ASSETCATALOG_COMPILER_GLOBAL_ACCENT_COLOR_NAME = AccentColor;
				CODE_SIGN_STYLE = Automatic;
				CURRENT_PROJECT_VERSION = 1;
				DEVELOPMENT_TEAM = K8BTGQVAR5;
				GENERATE_INFOPLIST_FILE = YES;
				INFOPLIST_FILE = KQTaskProject/Info.plist;
				INFOPLIST_KEY_UIApplicationSupportsIndirectInputEvents = YES;
				INFOPLIST_KEY_UILaunchStoryboardName = LaunchScreen;
				INFOPLIST_KEY_UISupportedInterfaceOrientations_iPad = "UIInterfaceOrientationPortrait UIInterfaceOrientationPortraitUpsideDown UIInterfaceOrientationLandscapeLeft UIInterfaceOrientationLandscapeRight";
				INFOPLIST_KEY_UISupportedInterfaceOrientations_iPhone = "UIInterfaceOrientationPortrait UIInterfaceOrientationLandscapeLeft UIInterfaceOrientationLandscapeRight";
				IPHONEOS_DEPLOYMENT_TARGET = 15.0;
				LD_RUNPATH_SEARCH_PATHS = (
					"$(inherited)",
					"@executable_path/Frameworks",
				);
				MARKETING_VERSION = 1.0;
				OTHER_SWIFT_FLAGS = "-DDebug";
				PRODUCT_BUNDLE_IDENTIFIER = kamsque.kqtaskproject.debug;
				PRODUCT_NAME = "$(TARGET_NAME)";
				SWIFT_EMIT_LOC_STRINGS = YES;
				SWIFT_VERSION = 5.0;
				TARGETED_DEVICE_FAMILY = "1,2";
			};
			name = Debug;
		};
		5D1A7C2A29525ECD00270CD2 /* Release */ = {
			isa = XCBuildConfiguration;
			baseConfigurationReference = 63661821DF5249BFE8DA9687 /* Pods-KQTaskProject.release.xcconfig */;
			buildSettings = {
				ASSETCATALOG_COMPILER_APPICON_NAME = AppIcon;
				ASSETCATALOG_COMPILER_GLOBAL_ACCENT_COLOR_NAME = AccentColor;
				CODE_SIGN_STYLE = Automatic;
				CURRENT_PROJECT_VERSION = 1;
				DEVELOPMENT_TEAM = K8BTGQVAR5;
				GENERATE_INFOPLIST_FILE = YES;
				INFOPLIST_FILE = KQTaskProject/Info.plist;
				INFOPLIST_KEY_UIApplicationSupportsIndirectInputEvents = YES;
				INFOPLIST_KEY_UILaunchStoryboardName = LaunchScreen;
				INFOPLIST_KEY_UISupportedInterfaceOrientations_iPad = "UIInterfaceOrientationPortrait UIInterfaceOrientationPortraitUpsideDown UIInterfaceOrientationLandscapeLeft UIInterfaceOrientationLandscapeRight";
				INFOPLIST_KEY_UISupportedInterfaceOrientations_iPhone = "UIInterfaceOrientationPortrait UIInterfaceOrientationLandscapeLeft UIInterfaceOrientationLandscapeRight";
				IPHONEOS_DEPLOYMENT_TARGET = 15.0;
				LD_RUNPATH_SEARCH_PATHS = (
					"$(inherited)",
					"@executable_path/Frameworks",
				);
				MARKETING_VERSION = 1.0;
				OTHER_SWIFT_FLAGS = "-DRelease";
				PRODUCT_BUNDLE_IDENTIFIER = kamsque.kqtaskproject.release;
				PRODUCT_NAME = "$(TARGET_NAME)";
				SWIFT_EMIT_LOC_STRINGS = YES;
				SWIFT_VERSION = 5.0;
				TARGETED_DEVICE_FAMILY = "1,2";
			};
			name = Release;
		};
		5D1A7C2C29525ECD00270CD2 /* Debug */ = {
			isa = XCBuildConfiguration;
			baseConfigurationReference = 61CAD9483437D5564C803739 /* Pods-KQTaskProjectTests.debug.xcconfig */;
			buildSettings = {
				ALWAYS_EMBED_SWIFT_STANDARD_LIBRARIES = YES;
				BUNDLE_LOADER = "$(TEST_HOST)";
				CODE_SIGN_STYLE = Automatic;
				CURRENT_PROJECT_VERSION = 1;
				DEVELOPMENT_TEAM = CT7H96YF74;
				GENERATE_INFOPLIST_FILE = YES;
				IPHONEOS_DEPLOYMENT_TARGET = 15.0;
				LD_RUNPATH_SEARCH_PATHS = (
					"$(inherited)",
					"@executable_path/Frameworks",
					"@loader_path/Frameworks",
				);
				MARKETING_VERSION = 1.0;
				PRODUCT_BUNDLE_IDENTIFIER = kamsque.KQTaskProjectTests;
				PRODUCT_NAME = "$(TARGET_NAME)";
				SWIFT_EMIT_LOC_STRINGS = NO;
				SWIFT_VERSION = 5.0;
				TARGETED_DEVICE_FAMILY = "1,2";
				TEST_HOST = "$(BUILT_PRODUCTS_DIR)/KQTaskProject.app/KQTaskProject";
			};
			name = Debug;
		};
		5D1A7C2D29525ECD00270CD2 /* Release */ = {
			isa = XCBuildConfiguration;
			baseConfigurationReference = 182425B078F45DA243A2FBD4 /* Pods-KQTaskProjectTests.release.xcconfig */;
			buildSettings = {
				ALWAYS_EMBED_SWIFT_STANDARD_LIBRARIES = YES;
				BUNDLE_LOADER = "$(TEST_HOST)";
				CODE_SIGN_STYLE = Automatic;
				CURRENT_PROJECT_VERSION = 1;
				DEVELOPMENT_TEAM = CT7H96YF74;
				GENERATE_INFOPLIST_FILE = YES;
				IPHONEOS_DEPLOYMENT_TARGET = 15.0;
				LD_RUNPATH_SEARCH_PATHS = (
					"$(inherited)",
					"@executable_path/Frameworks",
					"@loader_path/Frameworks",
				);
				MARKETING_VERSION = 1.0;
				PRODUCT_BUNDLE_IDENTIFIER = kamsque.KQTaskProjectTests;
				PRODUCT_NAME = "$(TARGET_NAME)";
				SWIFT_EMIT_LOC_STRINGS = NO;
				SWIFT_VERSION = 5.0;
				TARGETED_DEVICE_FAMILY = "1,2";
				TEST_HOST = "$(BUILT_PRODUCTS_DIR)/KQTaskProject.app/KQTaskProject";
			};
			name = Release;
		};
		5D415F8129563A9300C33DD3 /* Debug */ = {
			isa = XCBuildConfiguration;
			baseConfigurationReference = FB1711BC2E6CBC82E7537B7B /* Pods-KQTaskProject-KQTaskProjectUITests.debug.xcconfig */;
			buildSettings = {
				CLANG_CXX_LANGUAGE_STANDARD = "gnu++20";
				CODE_SIGN_STYLE = Automatic;
				CURRENT_PROJECT_VERSION = 1;
				DEVELOPMENT_TEAM = K8BTGQVAR5;
				GENERATE_INFOPLIST_FILE = YES;
				IPHONEOS_DEPLOYMENT_TARGET = 15.0;
				MARKETING_VERSION = 1.0;
				PRODUCT_BUNDLE_IDENTIFIER = kamsque.KQTaskProjectUITests;
				PRODUCT_NAME = "$(TARGET_NAME)";
				SWIFT_EMIT_LOC_STRINGS = NO;
				SWIFT_VERSION = 5.0;
				TARGETED_DEVICE_FAMILY = "1,2";
				TEST_TARGET_NAME = KQTaskProject;
			};
			name = Debug;
		};
		5D415F8229563A9300C33DD3 /* Release */ = {
			isa = XCBuildConfiguration;
			baseConfigurationReference = AA7F785092E997E41EEE8833 /* Pods-KQTaskProject-KQTaskProjectUITests.release.xcconfig */;
			buildSettings = {
				CLANG_CXX_LANGUAGE_STANDARD = "gnu++20";
				CODE_SIGN_STYLE = Automatic;
				CURRENT_PROJECT_VERSION = 1;
				DEVELOPMENT_TEAM = K8BTGQVAR5;
				GENERATE_INFOPLIST_FILE = YES;
				IPHONEOS_DEPLOYMENT_TARGET = 15.0;
				MARKETING_VERSION = 1.0;
				PRODUCT_BUNDLE_IDENTIFIER = kamsque.KQTaskProjectUITests;
				PRODUCT_NAME = "$(TARGET_NAME)";
				SWIFT_EMIT_LOC_STRINGS = NO;
				SWIFT_VERSION = 5.0;
				TARGETED_DEVICE_FAMILY = "1,2";
				TEST_TARGET_NAME = KQTaskProject;
			};
			name = Release;
		};
		5DAE18F02959FF0F00AE0DE3 /* Testing */ = {
			isa = XCBuildConfiguration;
			buildSettings = {
				ALWAYS_SEARCH_USER_PATHS = NO;
				CLANG_ANALYZER_NONNULL = YES;
				CLANG_ANALYZER_NUMBER_OBJECT_CONVERSION = YES_AGGRESSIVE;
				CLANG_CXX_LANGUAGE_STANDARD = "gnu++17";
				CLANG_CXX_LIBRARY = "libc++";
				CLANG_ENABLE_MODULES = YES;
				CLANG_ENABLE_OBJC_ARC = YES;
				CLANG_ENABLE_OBJC_WEAK = YES;
				CLANG_WARN_BLOCK_CAPTURE_AUTORELEASING = YES;
				CLANG_WARN_BOOL_CONVERSION = YES;
				CLANG_WARN_COMMA = YES;
				CLANG_WARN_CONSTANT_CONVERSION = YES;
				CLANG_WARN_DEPRECATED_OBJC_IMPLEMENTATIONS = YES;
				CLANG_WARN_DIRECT_OBJC_ISA_USAGE = YES_ERROR;
				CLANG_WARN_DOCUMENTATION_COMMENTS = YES;
				CLANG_WARN_EMPTY_BODY = YES;
				CLANG_WARN_ENUM_CONVERSION = YES;
				CLANG_WARN_INFINITE_RECURSION = YES;
				CLANG_WARN_INT_CONVERSION = YES;
				CLANG_WARN_NON_LITERAL_NULL_CONVERSION = YES;
				CLANG_WARN_OBJC_IMPLICIT_RETAIN_SELF = YES;
				CLANG_WARN_OBJC_LITERAL_CONVERSION = YES;
				CLANG_WARN_OBJC_ROOT_CLASS = YES_ERROR;
				CLANG_WARN_QUOTED_INCLUDE_IN_FRAMEWORK_HEADER = YES;
				CLANG_WARN_RANGE_LOOP_ANALYSIS = YES;
				CLANG_WARN_STRICT_PROTOTYPES = YES;
				CLANG_WARN_SUSPICIOUS_MOVE = YES;
				CLANG_WARN_UNGUARDED_AVAILABILITY = YES_AGGRESSIVE;
				CLANG_WARN_UNREACHABLE_CODE = YES;
				CLANG_WARN__DUPLICATE_METHOD_MATCH = YES;
				COPY_PHASE_STRIP = NO;
				DEBUG_INFORMATION_FORMAT = dwarf;
				ENABLE_STRICT_OBJC_MSGSEND = YES;
				ENABLE_TESTABILITY = YES;
				GCC_C_LANGUAGE_STANDARD = gnu11;
				GCC_DYNAMIC_NO_PIC = NO;
				GCC_NO_COMMON_BLOCKS = YES;
				GCC_OPTIMIZATION_LEVEL = 0;
				GCC_PREPROCESSOR_DEFINITIONS = (
					"DEBUG=1",
					"$(inherited)",
				);
				GCC_WARN_64_TO_32_BIT_CONVERSION = YES;
				GCC_WARN_ABOUT_RETURN_TYPE = YES_ERROR;
				GCC_WARN_UNDECLARED_SELECTOR = YES;
				GCC_WARN_UNINITIALIZED_AUTOS = YES_AGGRESSIVE;
				GCC_WARN_UNUSED_FUNCTION = YES;
				GCC_WARN_UNUSED_VARIABLE = YES;
				IPHONEOS_DEPLOYMENT_TARGET = 15.0;
				MTL_ENABLE_DEBUG_INFO = INCLUDE_SOURCE;
				MTL_FAST_MATH = YES;
				ONLY_ACTIVE_ARCH = YES;
				SDKROOT = iphoneos;
				SWIFT_ACTIVE_COMPILATION_CONDITIONS = DEBUG;
				SWIFT_OPTIMIZATION_LEVEL = "-Onone";
				SWIFT_VERSION = 5.0;
			};
			name = Testing;
		};
		5DAE18F12959FF0F00AE0DE3 /* Testing */ = {
			isa = XCBuildConfiguration;
			baseConfigurationReference = 1A5B08BBC45766762F76CEAF /* Pods-KQTaskProject.testing.xcconfig */;
			buildSettings = {
				ASSETCATALOG_COMPILER_APPICON_NAME = AppIcon;
				ASSETCATALOG_COMPILER_GLOBAL_ACCENT_COLOR_NAME = AccentColor;
				CODE_SIGN_STYLE = Automatic;
				CURRENT_PROJECT_VERSION = 1;
				DEVELOPMENT_TEAM = K8BTGQVAR5;
				GENERATE_INFOPLIST_FILE = YES;
				INFOPLIST_FILE = KQTaskProject/Info.plist;
				INFOPLIST_KEY_UIApplicationSupportsIndirectInputEvents = YES;
				INFOPLIST_KEY_UILaunchStoryboardName = LaunchScreen;
				INFOPLIST_KEY_UISupportedInterfaceOrientations_iPad = "UIInterfaceOrientationPortrait UIInterfaceOrientationPortraitUpsideDown UIInterfaceOrientationLandscapeLeft UIInterfaceOrientationLandscapeRight";
				INFOPLIST_KEY_UISupportedInterfaceOrientations_iPhone = "UIInterfaceOrientationPortrait UIInterfaceOrientationLandscapeLeft UIInterfaceOrientationLandscapeRight";
				IPHONEOS_DEPLOYMENT_TARGET = 15.0;
				LD_RUNPATH_SEARCH_PATHS = (
					"$(inherited)",
					"@executable_path/Frameworks",
				);
				MARKETING_VERSION = 1.0;
				OTHER_SWIFT_FLAGS = "-DTesting";
				PRODUCT_BUNDLE_IDENTIFIER = kamsque.kqtaskproject.testing;
				PRODUCT_NAME = "$(TARGET_NAME)";
				SWIFT_EMIT_LOC_STRINGS = YES;
				SWIFT_VERSION = 5.0;
				TARGETED_DEVICE_FAMILY = "1,2";
			};
			name = Testing;
		};
		5DAE18F22959FF0F00AE0DE3 /* Testing */ = {
			isa = XCBuildConfiguration;
			baseConfigurationReference = CFF61C59C7F970AFDB5B3A6B /* Pods-KQTaskProjectTests.testing.xcconfig */;
			buildSettings = {
				ALWAYS_EMBED_SWIFT_STANDARD_LIBRARIES = YES;
				BUNDLE_LOADER = "$(TEST_HOST)";
				CODE_SIGN_STYLE = Automatic;
				CURRENT_PROJECT_VERSION = 1;
				DEVELOPMENT_TEAM = CT7H96YF74;
				GENERATE_INFOPLIST_FILE = YES;
				IPHONEOS_DEPLOYMENT_TARGET = 15.0;
				LD_RUNPATH_SEARCH_PATHS = (
					"$(inherited)",
					"@executable_path/Frameworks",
					"@loader_path/Frameworks",
				);
				MARKETING_VERSION = 1.0;
				PRODUCT_BUNDLE_IDENTIFIER = kamsque.KQTaskProjectTests;
				PRODUCT_NAME = "$(TARGET_NAME)";
				SWIFT_EMIT_LOC_STRINGS = NO;
				SWIFT_VERSION = 5.0;
				TARGETED_DEVICE_FAMILY = "1,2";
				TEST_HOST = "$(BUILT_PRODUCTS_DIR)/KQTaskProject.app/KQTaskProject";
			};
			name = Testing;
		};
		5DAE18F32959FF0F00AE0DE3 /* Testing */ = {
			isa = XCBuildConfiguration;
			baseConfigurationReference = 2AA541A97CFA41565CE3176F /* Pods-KQTaskProject-KQTaskProjectUITests.testing.xcconfig */;
			buildSettings = {
				CLANG_CXX_LANGUAGE_STANDARD = "gnu++20";
				CODE_SIGN_STYLE = Automatic;
				CURRENT_PROJECT_VERSION = 1;
				DEVELOPMENT_TEAM = K8BTGQVAR5;
				GENERATE_INFOPLIST_FILE = YES;
				IPHONEOS_DEPLOYMENT_TARGET = 15.0;
				MARKETING_VERSION = 1.0;
				PRODUCT_BUNDLE_IDENTIFIER = kamsque.KQTaskProjectUITests;
				PRODUCT_NAME = "$(TARGET_NAME)";
				SWIFT_EMIT_LOC_STRINGS = NO;
				SWIFT_VERSION = 5.0;
				TARGETED_DEVICE_FAMILY = "1,2";
				TEST_TARGET_NAME = KQTaskProject;
			};
			name = Testing;
		};
		5DAE18F42959FF2400AE0DE3 /* Staging */ = {
			isa = XCBuildConfiguration;
			buildSettings = {
				ALWAYS_SEARCH_USER_PATHS = NO;
				CLANG_ANALYZER_NONNULL = YES;
				CLANG_ANALYZER_NUMBER_OBJECT_CONVERSION = YES_AGGRESSIVE;
				CLANG_CXX_LANGUAGE_STANDARD = "gnu++17";
				CLANG_CXX_LIBRARY = "libc++";
				CLANG_ENABLE_MODULES = YES;
				CLANG_ENABLE_OBJC_ARC = YES;
				CLANG_ENABLE_OBJC_WEAK = YES;
				CLANG_WARN_BLOCK_CAPTURE_AUTORELEASING = YES;
				CLANG_WARN_BOOL_CONVERSION = YES;
				CLANG_WARN_COMMA = YES;
				CLANG_WARN_CONSTANT_CONVERSION = YES;
				CLANG_WARN_DEPRECATED_OBJC_IMPLEMENTATIONS = YES;
				CLANG_WARN_DIRECT_OBJC_ISA_USAGE = YES_ERROR;
				CLANG_WARN_DOCUMENTATION_COMMENTS = YES;
				CLANG_WARN_EMPTY_BODY = YES;
				CLANG_WARN_ENUM_CONVERSION = YES;
				CLANG_WARN_INFINITE_RECURSION = YES;
				CLANG_WARN_INT_CONVERSION = YES;
				CLANG_WARN_NON_LITERAL_NULL_CONVERSION = YES;
				CLANG_WARN_OBJC_IMPLICIT_RETAIN_SELF = YES;
				CLANG_WARN_OBJC_LITERAL_CONVERSION = YES;
				CLANG_WARN_OBJC_ROOT_CLASS = YES_ERROR;
				CLANG_WARN_QUOTED_INCLUDE_IN_FRAMEWORK_HEADER = YES;
				CLANG_WARN_RANGE_LOOP_ANALYSIS = YES;
				CLANG_WARN_STRICT_PROTOTYPES = YES;
				CLANG_WARN_SUSPICIOUS_MOVE = YES;
				CLANG_WARN_UNGUARDED_AVAILABILITY = YES_AGGRESSIVE;
				CLANG_WARN_UNREACHABLE_CODE = YES;
				CLANG_WARN__DUPLICATE_METHOD_MATCH = YES;
				COPY_PHASE_STRIP = NO;
				DEBUG_INFORMATION_FORMAT = dwarf;
				ENABLE_STRICT_OBJC_MSGSEND = YES;
				ENABLE_TESTABILITY = YES;
				GCC_C_LANGUAGE_STANDARD = gnu11;
				GCC_DYNAMIC_NO_PIC = NO;
				GCC_NO_COMMON_BLOCKS = YES;
				GCC_OPTIMIZATION_LEVEL = 0;
				GCC_PREPROCESSOR_DEFINITIONS = (
					"DEBUG=1",
					"$(inherited)",
				);
				GCC_WARN_64_TO_32_BIT_CONVERSION = YES;
				GCC_WARN_ABOUT_RETURN_TYPE = YES_ERROR;
				GCC_WARN_UNDECLARED_SELECTOR = YES;
				GCC_WARN_UNINITIALIZED_AUTOS = YES_AGGRESSIVE;
				GCC_WARN_UNUSED_FUNCTION = YES;
				GCC_WARN_UNUSED_VARIABLE = YES;
				IPHONEOS_DEPLOYMENT_TARGET = 15.0;
				MTL_ENABLE_DEBUG_INFO = INCLUDE_SOURCE;
				MTL_FAST_MATH = YES;
				ONLY_ACTIVE_ARCH = YES;
				SDKROOT = iphoneos;
				SWIFT_ACTIVE_COMPILATION_CONDITIONS = DEBUG;
				SWIFT_OPTIMIZATION_LEVEL = "-Onone";
				SWIFT_VERSION = 5.0;
			};
			name = Staging;
		};
		5DAE18F52959FF2400AE0DE3 /* Staging */ = {
			isa = XCBuildConfiguration;
			baseConfigurationReference = 59477AA14661E2484CB5DB80 /* Pods-KQTaskProject.staging.xcconfig */;
			buildSettings = {
				ASSETCATALOG_COMPILER_APPICON_NAME = AppIcon;
				ASSETCATALOG_COMPILER_GLOBAL_ACCENT_COLOR_NAME = AccentColor;
				CODE_SIGN_STYLE = Automatic;
				CURRENT_PROJECT_VERSION = 1;
				DEVELOPMENT_TEAM = K8BTGQVAR5;
				GENERATE_INFOPLIST_FILE = YES;
				INFOPLIST_FILE = KQTaskProject/Info.plist;
				INFOPLIST_KEY_UIApplicationSupportsIndirectInputEvents = YES;
				INFOPLIST_KEY_UILaunchStoryboardName = LaunchScreen;
				INFOPLIST_KEY_UISupportedInterfaceOrientations_iPad = "UIInterfaceOrientationPortrait UIInterfaceOrientationPortraitUpsideDown UIInterfaceOrientationLandscapeLeft UIInterfaceOrientationLandscapeRight";
				INFOPLIST_KEY_UISupportedInterfaceOrientations_iPhone = "UIInterfaceOrientationPortrait UIInterfaceOrientationLandscapeLeft UIInterfaceOrientationLandscapeRight";
				IPHONEOS_DEPLOYMENT_TARGET = 15.0;
				LD_RUNPATH_SEARCH_PATHS = (
					"$(inherited)",
					"@executable_path/Frameworks",
				);
				MARKETING_VERSION = 1.0;
				OTHER_SWIFT_FLAGS = "-DStaging";
				PRODUCT_BUNDLE_IDENTIFIER = kamsque.kqtaskproject.staging;
				PRODUCT_NAME = "$(TARGET_NAME)";
				SWIFT_EMIT_LOC_STRINGS = YES;
				SWIFT_VERSION = 5.0;
				TARGETED_DEVICE_FAMILY = "1,2";
			};
			name = Staging;
		};
		5DAE18F62959FF2400AE0DE3 /* Staging */ = {
			isa = XCBuildConfiguration;
			baseConfigurationReference = DD6C84F29F6FC96C771EA543 /* Pods-KQTaskProjectTests.staging.xcconfig */;
			buildSettings = {
				ALWAYS_EMBED_SWIFT_STANDARD_LIBRARIES = YES;
				BUNDLE_LOADER = "$(TEST_HOST)";
				CODE_SIGN_STYLE = Automatic;
				CURRENT_PROJECT_VERSION = 1;
				DEVELOPMENT_TEAM = CT7H96YF74;
				GENERATE_INFOPLIST_FILE = YES;
				IPHONEOS_DEPLOYMENT_TARGET = 15.0;
				LD_RUNPATH_SEARCH_PATHS = (
					"$(inherited)",
					"@executable_path/Frameworks",
					"@loader_path/Frameworks",
				);
				MARKETING_VERSION = 1.0;
				PRODUCT_BUNDLE_IDENTIFIER = kamsque.KQTaskProjectTests;
				PRODUCT_NAME = "$(TARGET_NAME)";
				SWIFT_EMIT_LOC_STRINGS = NO;
				SWIFT_VERSION = 5.0;
				TARGETED_DEVICE_FAMILY = "1,2";
				TEST_HOST = "$(BUILT_PRODUCTS_DIR)/KQTaskProject.app/KQTaskProject";
			};
			name = Staging;
		};
		5DAE18F72959FF2400AE0DE3 /* Staging */ = {
			isa = XCBuildConfiguration;
			baseConfigurationReference = 27D9ED0AEAB330769137688B /* Pods-KQTaskProject-KQTaskProjectUITests.staging.xcconfig */;
			buildSettings = {
				CLANG_CXX_LANGUAGE_STANDARD = "gnu++20";
				CODE_SIGN_STYLE = Automatic;
				CURRENT_PROJECT_VERSION = 1;
				DEVELOPMENT_TEAM = K8BTGQVAR5;
				GENERATE_INFOPLIST_FILE = YES;
				IPHONEOS_DEPLOYMENT_TARGET = 15.0;
				MARKETING_VERSION = 1.0;
				PRODUCT_BUNDLE_IDENTIFIER = kamsque.KQTaskProjectUITests;
				PRODUCT_NAME = "$(TARGET_NAME)";
				SWIFT_EMIT_LOC_STRINGS = NO;
				SWIFT_VERSION = 5.0;
				TARGETED_DEVICE_FAMILY = "1,2";
				TEST_TARGET_NAME = KQTaskProject;
			};
			name = Staging;
		};
		5DAE18F82959FF6200AE0DE3 /* Production */ = {
			isa = XCBuildConfiguration;
			buildSettings = {
				ALWAYS_SEARCH_USER_PATHS = NO;
				CLANG_ANALYZER_NONNULL = YES;
				CLANG_ANALYZER_NUMBER_OBJECT_CONVERSION = YES_AGGRESSIVE;
				CLANG_CXX_LANGUAGE_STANDARD = "gnu++17";
				CLANG_CXX_LIBRARY = "libc++";
				CLANG_ENABLE_MODULES = YES;
				CLANG_ENABLE_OBJC_ARC = YES;
				CLANG_ENABLE_OBJC_WEAK = YES;
				CLANG_WARN_BLOCK_CAPTURE_AUTORELEASING = YES;
				CLANG_WARN_BOOL_CONVERSION = YES;
				CLANG_WARN_COMMA = YES;
				CLANG_WARN_CONSTANT_CONVERSION = YES;
				CLANG_WARN_DEPRECATED_OBJC_IMPLEMENTATIONS = YES;
				CLANG_WARN_DIRECT_OBJC_ISA_USAGE = YES_ERROR;
				CLANG_WARN_DOCUMENTATION_COMMENTS = YES;
				CLANG_WARN_EMPTY_BODY = YES;
				CLANG_WARN_ENUM_CONVERSION = YES;
				CLANG_WARN_INFINITE_RECURSION = YES;
				CLANG_WARN_INT_CONVERSION = YES;
				CLANG_WARN_NON_LITERAL_NULL_CONVERSION = YES;
				CLANG_WARN_OBJC_IMPLICIT_RETAIN_SELF = YES;
				CLANG_WARN_OBJC_LITERAL_CONVERSION = YES;
				CLANG_WARN_OBJC_ROOT_CLASS = YES_ERROR;
				CLANG_WARN_QUOTED_INCLUDE_IN_FRAMEWORK_HEADER = YES;
				CLANG_WARN_RANGE_LOOP_ANALYSIS = YES;
				CLANG_WARN_STRICT_PROTOTYPES = YES;
				CLANG_WARN_SUSPICIOUS_MOVE = YES;
				CLANG_WARN_UNGUARDED_AVAILABILITY = YES_AGGRESSIVE;
				CLANG_WARN_UNREACHABLE_CODE = YES;
				CLANG_WARN__DUPLICATE_METHOD_MATCH = YES;
				COPY_PHASE_STRIP = NO;
				DEBUG_INFORMATION_FORMAT = "dwarf-with-dsym";
				ENABLE_NS_ASSERTIONS = NO;
				ENABLE_STRICT_OBJC_MSGSEND = YES;
				GCC_C_LANGUAGE_STANDARD = gnu11;
				GCC_NO_COMMON_BLOCKS = YES;
				GCC_WARN_64_TO_32_BIT_CONVERSION = YES;
				GCC_WARN_ABOUT_RETURN_TYPE = YES_ERROR;
				GCC_WARN_UNDECLARED_SELECTOR = YES;
				GCC_WARN_UNINITIALIZED_AUTOS = YES_AGGRESSIVE;
				GCC_WARN_UNUSED_FUNCTION = YES;
				GCC_WARN_UNUSED_VARIABLE = YES;
				IPHONEOS_DEPLOYMENT_TARGET = 15.0;
				MTL_ENABLE_DEBUG_INFO = NO;
				MTL_FAST_MATH = YES;
				SDKROOT = iphoneos;
				SWIFT_COMPILATION_MODE = wholemodule;
				SWIFT_OPTIMIZATION_LEVEL = "-O";
				SWIFT_VERSION = 5.0;
				VALIDATE_PRODUCT = YES;
			};
			name = Production;
		};
		5DAE18F92959FF6200AE0DE3 /* Production */ = {
			isa = XCBuildConfiguration;
			baseConfigurationReference = FA888A7C73D8B7B8E0D46D7A /* Pods-KQTaskProject.production.xcconfig */;
			buildSettings = {
				ASSETCATALOG_COMPILER_APPICON_NAME = AppIcon;
				ASSETCATALOG_COMPILER_GLOBAL_ACCENT_COLOR_NAME = AccentColor;
				CODE_SIGN_STYLE = Automatic;
				CURRENT_PROJECT_VERSION = 1;
				DEVELOPMENT_TEAM = K8BTGQVAR5;
				GENERATE_INFOPLIST_FILE = YES;
				INFOPLIST_FILE = KQTaskProject/Info.plist;
				INFOPLIST_KEY_UIApplicationSupportsIndirectInputEvents = YES;
				INFOPLIST_KEY_UILaunchStoryboardName = LaunchScreen;
				INFOPLIST_KEY_UISupportedInterfaceOrientations_iPad = "UIInterfaceOrientationPortrait UIInterfaceOrientationPortraitUpsideDown UIInterfaceOrientationLandscapeLeft UIInterfaceOrientationLandscapeRight";
				INFOPLIST_KEY_UISupportedInterfaceOrientations_iPhone = "UIInterfaceOrientationPortrait UIInterfaceOrientationLandscapeLeft UIInterfaceOrientationLandscapeRight";
				IPHONEOS_DEPLOYMENT_TARGET = 15.0;
				LD_RUNPATH_SEARCH_PATHS = (
					"$(inherited)",
					"@executable_path/Frameworks",
				);
				MARKETING_VERSION = 1.0;
				OTHER_SWIFT_FLAGS = "-DProduction";
				PRODUCT_BUNDLE_IDENTIFIER = kamsque.kqtaskproject.production;
				PRODUCT_NAME = "$(TARGET_NAME)";
				SWIFT_EMIT_LOC_STRINGS = YES;
				SWIFT_VERSION = 5.0;
				TARGETED_DEVICE_FAMILY = "1,2";
			};
			name = Production;
		};
		5DAE18FA2959FF6200AE0DE3 /* Production */ = {
			isa = XCBuildConfiguration;
			baseConfigurationReference = 6CE571280CDE221B1700D52D /* Pods-KQTaskProjectTests.production.xcconfig */;
			buildSettings = {
				ALWAYS_EMBED_SWIFT_STANDARD_LIBRARIES = YES;
				BUNDLE_LOADER = "$(TEST_HOST)";
				CODE_SIGN_STYLE = Automatic;
				CURRENT_PROJECT_VERSION = 1;
				DEVELOPMENT_TEAM = CT7H96YF74;
				GENERATE_INFOPLIST_FILE = YES;
				IPHONEOS_DEPLOYMENT_TARGET = 15.0;
				LD_RUNPATH_SEARCH_PATHS = (
					"$(inherited)",
					"@executable_path/Frameworks",
					"@loader_path/Frameworks",
				);
				MARKETING_VERSION = 1.0;
				PRODUCT_BUNDLE_IDENTIFIER = kamsque.KQTaskProjectTests;
				PRODUCT_NAME = "$(TARGET_NAME)";
				SWIFT_EMIT_LOC_STRINGS = NO;
				SWIFT_VERSION = 5.0;
				TARGETED_DEVICE_FAMILY = "1,2";
				TEST_HOST = "$(BUILT_PRODUCTS_DIR)/KQTaskProject.app/KQTaskProject";
			};
			name = Production;
		};
		5DAE18FB2959FF6200AE0DE3 /* Production */ = {
			isa = XCBuildConfiguration;
			baseConfigurationReference = 26117B41F9102DB4602BF438 /* Pods-KQTaskProject-KQTaskProjectUITests.production.xcconfig */;
			buildSettings = {
				CLANG_CXX_LANGUAGE_STANDARD = "gnu++20";
				CODE_SIGN_STYLE = Automatic;
				CURRENT_PROJECT_VERSION = 1;
				DEVELOPMENT_TEAM = K8BTGQVAR5;
				GENERATE_INFOPLIST_FILE = YES;
				IPHONEOS_DEPLOYMENT_TARGET = 15.0;
				MARKETING_VERSION = 1.0;
				PRODUCT_BUNDLE_IDENTIFIER = kamsque.KQTaskProjectUITests;
				PRODUCT_NAME = "$(TARGET_NAME)";
				SWIFT_EMIT_LOC_STRINGS = NO;
				SWIFT_VERSION = 5.0;
				TARGETED_DEVICE_FAMILY = "1,2";
				TEST_TARGET_NAME = KQTaskProject;
			};
			name = Production;
		};
/* End XCBuildConfiguration section */

/* Begin XCConfigurationList section */
		5D1A7BF929525ECC00270CD2 /* Build configuration list for PBXProject "KQTaskProject" */ = {
			isa = XCConfigurationList;
			buildConfigurations = (
				5D1A7C2629525ECD00270CD2 /* Debug */,
				5DAE18F42959FF2400AE0DE3 /* Staging */,
				5DAE18F02959FF0F00AE0DE3 /* Testing */,
				5D1A7C2729525ECD00270CD2 /* Release */,
				5DAE18F82959FF6200AE0DE3 /* Production */,
			);
			defaultConfigurationIsVisible = 0;
			defaultConfigurationName = Release;
		};
		5D1A7C2829525ECD00270CD2 /* Build configuration list for PBXNativeTarget "KQTaskProject" */ = {
			isa = XCConfigurationList;
			buildConfigurations = (
				5D1A7C2929525ECD00270CD2 /* Debug */,
				5DAE18F52959FF2400AE0DE3 /* Staging */,
				5DAE18F12959FF0F00AE0DE3 /* Testing */,
				5D1A7C2A29525ECD00270CD2 /* Release */,
				5DAE18F92959FF6200AE0DE3 /* Production */,
			);
			defaultConfigurationIsVisible = 0;
			defaultConfigurationName = Release;
		};
		5D1A7C2B29525ECD00270CD2 /* Build configuration list for PBXNativeTarget "KQTaskProjectTests" */ = {
			isa = XCConfigurationList;
			buildConfigurations = (
				5D1A7C2C29525ECD00270CD2 /* Debug */,
				5DAE18F62959FF2400AE0DE3 /* Staging */,
				5DAE18F22959FF0F00AE0DE3 /* Testing */,
				5D1A7C2D29525ECD00270CD2 /* Release */,
				5DAE18FA2959FF6200AE0DE3 /* Production */,
			);
			defaultConfigurationIsVisible = 0;
			defaultConfigurationName = Release;
		};
		5D415F8029563A9300C33DD3 /* Build configuration list for PBXNativeTarget "KQTaskProjectUITests" */ = {
			isa = XCConfigurationList;
			buildConfigurations = (
				5D415F8129563A9300C33DD3 /* Debug */,
				5DAE18F72959FF2400AE0DE3 /* Staging */,
				5DAE18F32959FF0F00AE0DE3 /* Testing */,
				5D415F8229563A9300C33DD3 /* Release */,
				5DAE18FB2959FF6200AE0DE3 /* Production */,
			);
			defaultConfigurationIsVisible = 0;
			defaultConfigurationName = Release;
		};
/* End XCConfigurationList section */
	};
	rootObject = 5D1A7BF629525ECC00270CD2 /* Project object */;
}
