// !$*UTF8*$!
{
	archiveVersion = 1;
	classes = {
	};
	objectVersion = 55;
	objects = {

/* Begin PBXBuildFile section */
		5D1A7C0229525ECC00270CD2 /* AppDelegate.swift in Sources */ = {isa = PBXBuildFile; fileRef = 5D1A7C0129525ECC00270CD2 /* AppDelegate.swift */; };
		5D1A7C0429525ECC00270CD2 /* SceneDelegate.swift in Sources */ = {isa = PBXBuildFile; fileRef = 5D1A7C0329525ECC00270CD2 /* SceneDelegate.swift */; };
		5D1A7C0B29525ECD00270CD2 /* Assets.xcassets in Resources */ = {isa = PBXBuildFile; fileRef = 5D1A7C0A29525ECD00270CD2 /* Assets.xcassets */; };
		5D1A7C0E29525ECD00270CD2 /* LaunchScreen.storyboard in Resources */ = {isa = PBXBuildFile; fileRef = 5D1A7C0C29525ECD00270CD2 /* LaunchScreen.storyboard */; };
		5D1A7C3B2952660400270CD2 /* KQSuperVC.swift in Sources */ = {isa = PBXBuildFile; fileRef = 5D1A7C3A2952660400270CD2 /* KQSuperVC.swift */; };
		5D415F7B29563A9300C33DD3 /* KQTaskProjectUITests.swift in Sources */ = {isa = PBXBuildFile; fileRef = 5D415F7A29563A9300C33DD3 /* KQTaskProjectUITests.swift */; };
		5D415F7D29563A9300C33DD3 /* KQTaskProjectUITestsLaunchTests.swift in Sources */ = {isa = PBXBuildFile; fileRef = 5D415F7C29563A9300C33DD3 /* KQTaskProjectUITestsLaunchTests.swift */; };
		5D42461129560F24005F4491 /* UserModel.swift in Sources */ = {isa = PBXBuildFile; fileRef = 5D1A7C402953841F00270CD2 /* UserModel.swift */; };
		5D4349F0295687500046A924 /* KQHomeViewControllerTests.swift in Sources */ = {isa = PBXBuildFile; fileRef = 5D4349ED295687500046A924 /* KQHomeViewControllerTests.swift */; };
		5D4349F1295687500046A924 /* KQHomeWorkerTests.swift in Sources */ = {isa = PBXBuildFile; fileRef = 5D4349EE295687500046A924 /* KQHomeWorkerTests.swift */; };
		5D547510295A1E25004364DE /* KQUserDetailsPresenterTests.swift in Sources */ = {isa = PBXBuildFile; fileRef = 5DCDC9B62958B54300013C01 /* KQUserDetailsPresenterTests.swift */; };
		5D547511295A1E30004364DE /* KQHomePresenterTests.swift in Sources */ = {isa = PBXBuildFile; fileRef = 5D4349EF295687500046A924 /* KQHomePresenterTests.swift */; };
		5D547512295A1E3D004364DE /* KQUserDetailsInteractorTests.swift in Sources */ = {isa = PBXBuildFile; fileRef = 5DCDC9B42958B54300013C01 /* KQUserDetailsInteractorTests.swift */; };
		5D54C068295388EE0003A0B7 /* KQUserTableViewCell.swift in Sources */ = {isa = PBXBuildFile; fileRef = 5D54C067295388EE0003A0B7 /* KQUserTableViewCell.swift */; };
		5D6528F52953E5B10056DAD4 /* KQUserDetailsPresenter.swift in Sources */ = {isa = PBXBuildFile; fileRef = 5D6528EF2953E5B10056DAD4 /* KQUserDetailsPresenter.swift */; };
		5D6528F62953E5B10056DAD4 /* KQUserDetailsWorker.swift in Sources */ = {isa = PBXBuildFile; fileRef = 5D6528F02953E5B10056DAD4 /* KQUserDetailsWorker.swift */; };
		5D6528F72953E5B10056DAD4 /* KQUsreDetailsRouter.swift in Sources */ = {isa = PBXBuildFile; fileRef = 5D6528F12953E5B10056DAD4 /* KQUsreDetailsRouter.swift */; };
		5D6528F82953E5B10056DAD4 /* KQUserDetailsModels.swift in Sources */ = {isa = PBXBuildFile; fileRef = 5D6528F22953E5B10056DAD4 /* KQUserDetailsModels.swift */; };
		5D6528F92953E5B10056DAD4 /* KQUserDetailsViewController.swift in Sources */ = {isa = PBXBuildFile; fileRef = 5D6528F32953E5B10056DAD4 /* KQUserDetailsViewController.swift */; };
		5D6528FA2953E5B10056DAD4 /* KQUserDetailsInteractor.swift in Sources */ = {isa = PBXBuildFile; fileRef = 5D6528F42953E5B10056DAD4 /* KQUserDetailsInteractor.swift */; };
		5D6528FC2953F1280056DAD4 /* ImageViewExtension.swift in Sources */ = {isa = PBXBuildFile; fileRef = 5D6528FB2953F1280056DAD4 /* ImageViewExtension.swift */; };
		5D6609E42957E254002AA837 /* DispatchQueue.swift in Sources */ = {isa = PBXBuildFile; fileRef = 5D6609E32957E254002AA837 /* DispatchQueue.swift */; };
		5D6D6B672953AB7000087A66 /* KQHomePresenter.swift in Sources */ = {isa = PBXBuildFile; fileRef = 5D6D6B612953AB7000087A66 /* KQHomePresenter.swift */; };
		5D6D6B6A2953AB7000087A66 /* KQHomeWorker.swift in Sources */ = {isa = PBXBuildFile; fileRef = 5D6D6B622953AB7000087A66 /* KQHomeWorker.swift */; };
		5D6D6B6D2953AB7000087A66 /* KQHomeRouter.swift in Sources */ = {isa = PBXBuildFile; fileRef = 5D6D6B632953AB7000087A66 /* KQHomeRouter.swift */; };
		5D6D6B702953AB7000087A66 /* KQHomeModels.swift in Sources */ = {isa = PBXBuildFile; fileRef = 5D6D6B642953AB7000087A66 /* KQHomeModels.swift */; };
		5D6D6B732953AB7000087A66 /* KQHomeViewController.swift in Sources */ = {isa = PBXBuildFile; fileRef = 5D6D6B652953AB7000087A66 /* KQHomeViewController.swift */; };
		5D6D6B762953AB7000087A66 /* KQHomeInteractor.swift in Sources */ = {isa = PBXBuildFile; fileRef = 5D6D6B662953AB7000087A66 /* KQHomeInteractor.swift */; };
		5D6D6B942953B16800087A66 /* ApiLoader.swift in Sources */ = {isa = PBXBuildFile; fileRef = 5D6D6B7D2953B16800087A66 /* ApiLoader.swift */; };
		5D6D6B952953B16800087A66 /* ApiLoader.swift in Sources */ = {isa = PBXBuildFile; fileRef = 5D6D6B7D2953B16800087A66 /* ApiLoader.swift */; };
		5D6D6B972953B16800087A66 /* ApiRequestHandler.swift in Sources */ = {isa = PBXBuildFile; fileRef = 5D6D6B7F2953B16800087A66 /* ApiRequestHandler.swift */; };
		5D6D6B982953B16800087A66 /* ApiRequestHandler.swift in Sources */ = {isa = PBXBuildFile; fileRef = 5D6D6B7F2953B16800087A66 /* ApiRequestHandler.swift */; };
		5D6D6B9A2953B16800087A66 /* AuthRequest.swift in Sources */ = {isa = PBXBuildFile; fileRef = 5D6D6B812953B16800087A66 /* AuthRequest.swift */; };
		5D6D6B9B2953B16800087A66 /* AuthRequest.swift in Sources */ = {isa = PBXBuildFile; fileRef = 5D6D6B812953B16800087A66 /* AuthRequest.swift */; };
		5D6D6B9D2953B16800087A66 /* DefaultRequest.swift in Sources */ = {isa = PBXBuildFile; fileRef = 5D6D6B822953B16800087A66 /* DefaultRequest.swift */; };
		5D6D6B9E2953B16800087A66 /* DefaultRequest.swift in Sources */ = {isa = PBXBuildFile; fileRef = 5D6D6B822953B16800087A66 /* DefaultRequest.swift */; };
		5D6D6BA02953B16800087A66 /* RequestBuilder.swift in Sources */ = {isa = PBXBuildFile; fileRef = 5D6D6B832953B16800087A66 /* RequestBuilder.swift */; };
		5D6D6BA12953B16800087A66 /* RequestBuilder.swift in Sources */ = {isa = PBXBuildFile; fileRef = 5D6D6B832953B16800087A66 /* RequestBuilder.swift */; };
		5D6D6BA32953B16800087A66 /* Request.swift in Sources */ = {isa = PBXBuildFile; fileRef = 5D6D6B842953B16800087A66 /* Request.swift */; };
		5D6D6BA42953B16800087A66 /* Request.swift in Sources */ = {isa = PBXBuildFile; fileRef = 5D6D6B842953B16800087A66 /* Request.swift */; };
		5D6D6BA62953B16900087A66 /* ApiResponseHandler.swift in Sources */ = {isa = PBXBuildFile; fileRef = 5D6D6B862953B16800087A66 /* ApiResponseHandler.swift */; };
		5D6D6BA72953B16900087A66 /* ApiResponseHandler.swift in Sources */ = {isa = PBXBuildFile; fileRef = 5D6D6B862953B16800087A66 /* ApiResponseHandler.swift */; };
		5D6D6BA92953B16900087A66 /* DefaultResponseParser.swift in Sources */ = {isa = PBXBuildFile; fileRef = 5D6D6B872953B16800087A66 /* DefaultResponseParser.swift */; };
		5D6D6BAA2953B16900087A66 /* DefaultResponseParser.swift in Sources */ = {isa = PBXBuildFile; fileRef = 5D6D6B872953B16800087A66 /* DefaultResponseParser.swift */; };
		5D6D6BAC2953B16900087A66 /* ApiHandler.swift in Sources */ = {isa = PBXBuildFile; fileRef = 5D6D6B882953B16800087A66 /* ApiHandler.swift */; };
		5D6D6BAD2953B16900087A66 /* ApiHandler.swift in Sources */ = {isa = PBXBuildFile; fileRef = 5D6D6B882953B16800087A66 /* ApiHandler.swift */; };
		5D6D6BAF2953B16900087A66 /* ServiceError.swift in Sources */ = {isa = PBXBuildFile; fileRef = 5D6D6B8A2953B16800087A66 /* ServiceError.swift */; };
		5D6D6BB02953B16900087A66 /* ServiceError.swift in Sources */ = {isa = PBXBuildFile; fileRef = 5D6D6B8A2953B16800087A66 /* ServiceError.swift */; };
		5D6D6BB22953B16900087A66 /* Enviroment.swift in Sources */ = {isa = PBXBuildFile; fileRef = 5D6D6B8C2953B16800087A66 /* Enviroment.swift */; };
		5D6D6BB52953B16900087A66 /* Reachability.swift in Sources */ = {isa = PBXBuildFile; fileRef = 5D6D6B8E2953B16800087A66 /* Reachability.swift */; };
		5D6D6BB62953B16900087A66 /* Reachability.swift in Sources */ = {isa = PBXBuildFile; fileRef = 5D6D6B8E2953B16800087A66 /* Reachability.swift */; };
		5D6D6BC02953B38A00087A66 /* AppShared.swift in Sources */ = {isa = PBXBuildFile; fileRef = 5D6D6BBF2953B38A00087A66 /* AppShared.swift */; };
		5D6D6BC12953B38A00087A66 /* AppShared.swift in Sources */ = {isa = PBXBuildFile; fileRef = 5D6D6BBF2953B38A00087A66 /* AppShared.swift */; };
		5D6D6BDA2953D04200087A66 /* HomeBusiness.swift in Sources */ = {isa = PBXBuildFile; fileRef = 5D6D6BD92953D04200087A66 /* HomeBusiness.swift */; };
		5D6D6BDF2953D06500087A66 /* HomeService.swift in Sources */ = {isa = PBXBuildFile; fileRef = 5D6D6BDE2953D06500087A66 /* HomeService.swift */; };
		5D9074622954E7760086F045 /* AppTheme.swift in Sources */ = {isa = PBXBuildFile; fileRef = 5D9074612954E7760086F045 /* AppTheme.swift */; };
		5D9074642955043A0086F045 /* LoadingOverlay.swift in Sources */ = {isa = PBXBuildFile; fileRef = 5D9074632955043A0086F045 /* LoadingOverlay.swift */; };
		5D907466295531540086F045 /* AlertHelper.swift in Sources */ = {isa = PBXBuildFile; fileRef = 5D907465295531540086F045 /* AlertHelper.swift */; };
		5D907468295537960086F045 /* TopMostController.swift in Sources */ = {isa = PBXBuildFile; fileRef = 5D907467295537960086F045 /* TopMostController.swift */; };
		5D90746B295542DC0086F045 /* UserBusiness.swift in Sources */ = {isa = PBXBuildFile; fileRef = 5D90746A295542DC0086F045 /* UserBusiness.swift */; };
		5D90746E295543180086F045 /* UserServices.swift in Sources */ = {isa = PBXBuildFile; fileRef = 5D90746D295543180086F045 /* UserServices.swift */; };
		5D90747429554D450086F045 /* UserApiHandler.swift in Sources */ = {isa = PBXBuildFile; fileRef = 5D90747329554D450086F045 /* UserApiHandler.swift */; };
		5D91822E2958D2B2000F3403 /* UserDetailsModel.swift in Sources */ = {isa = PBXBuildFile; fileRef = 5D907470295549DA0086F045 /* UserDetailsModel.swift */; };
		5DAE18EF2959540E00AE0DE3 /* UITableViewExtension.swift in Sources */ = {isa = PBXBuildFile; fileRef = 5DAE18EE2959540E00AE0DE3 /* UITableViewExtension.swift */; };
		5DAE18FE295A0F4300AE0DE3 /* AppGlobalSettings.swift in Sources */ = {isa = PBXBuildFile; fileRef = 5DAE18FD295A0F4300AE0DE3 /* AppGlobalSettings.swift */; };
		5DAE1929295A1D1400AE0DE3 /* KQHomeInteractorTests.swift in Sources */ = {isa = PBXBuildFile; fileRef = 5DA65EE529567B36006CC0FF /* KQHomeInteractorTests.swift */; };
		5DCDC9B72958B54300013C01 /* KQUserDetailsViewControllerTests.swift in Sources */ = {isa = PBXBuildFile; fileRef = 5DCDC9B32958B54300013C01 /* KQUserDetailsViewControllerTests.swift */; };
		5DCDC9B92958B54300013C01 /* KQUserDetailsWorkerTests.swift in Sources */ = {isa = PBXBuildFile; fileRef = 5DCDC9B52958B54300013C01 /* KQUserDetailsWorkerTests.swift */; };
		5DE20292295626F40010E6CE /* HomeApiHandler.swift in Sources */ = {isa = PBXBuildFile; fileRef = 5D6D6B932953B16800087A66 /* HomeApiHandler.swift */; };
/* End PBXBuildFile section */

/* Begin PBXContainerItemProxy section */
		5D1A7C1529525ECD00270CD2 /* PBXContainerItemProxy */ = {
			isa = PBXContainerItemProxy;
			containerPortal = 5D1A7BF629525ECC00270CD2 /* Project object */;
			proxyType = 1;
			remoteGlobalIDString = 5D1A7BFD29525ECC00270CD2;
			remoteInfo = KQTaskProject;
		};
		5D415F7E29563A9300C33DD3 /* PBXContainerItemProxy */ = {
			isa = PBXContainerItemProxy;
			containerPortal = 5D1A7BF629525ECC00270CD2 /* Project object */;
			proxyType = 1;
			remoteGlobalIDString = 5D1A7BFD29525ECC00270CD2;
			remoteInfo = KQTaskProject;
		};
/* End PBXContainerItemProxy section */

/* Begin PBXFileReference section */
		5D1A7BFE29525ECC00270CD2 /* KQTaskProject.app */ = {isa = PBXFileReference; explicitFileType = wrapper.application; includeInIndex = 0; path = KQTaskProject.app; sourceTree = BUILT_PRODUCTS_DIR; };
		5D1A7C0129525ECC00270CD2 /* AppDelegate.swift */ = {isa = PBXFileReference; lastKnownFileType = sourcecode.swift; path = AppDelegate.swift; sourceTree = "<group>"; };
		5D1A7C0329525ECC00270CD2 /* SceneDelegate.swift */ = {isa = PBXFileReference; lastKnownFileType = sourcecode.swift; path = SceneDelegate.swift; sourceTree = "<group>"; };
		5D1A7C0A29525ECD00270CD2 /* Assets.xcassets */ = {isa = PBXFileReference; lastKnownFileType = folder.assetcatalog; path = Assets.xcassets; sourceTree = "<group>"; };
		5D1A7C0D29525ECD00270CD2 /* Base */ = {isa = PBXFileReference; lastKnownFileType = file.storyboard; name = Base; path = Base.lproj/LaunchScreen.storyboard; sourceTree = "<group>"; };
		5D1A7C0F29525ECD00270CD2 /* Info.plist */ = {isa = PBXFileReference; lastKnownFileType = text.plist.xml; path = Info.plist; sourceTree = "<group>"; };
		5D1A7C1429525ECD00270CD2 /* KQTaskProjectTests.xctest */ = {isa = PBXFileReference; explicitFileType = wrapper.cfbundle; includeInIndex = 0; path = KQTaskProjectTests.xctest; sourceTree = BUILT_PRODUCTS_DIR; };
		5D1A7C3A2952660400270CD2 /* KQSuperVC.swift */ = {isa = PBXFileReference; fileEncoding = 4; lastKnownFileType = sourcecode.swift; path = KQSuperVC.swift; sourceTree = "<group>"; };
		5D1A7C402953841F00270CD2 /* UserModel.swift */ = {isa = PBXFileReference; lastKnownFileType = sourcecode.swift; path = UserModel.swift; sourceTree = "<group>"; };
		5D415F7829563A9300C33DD3 /* KQTaskProjectUITests.xctest */ = {isa = PBXFileReference; explicitFileType = wrapper.cfbundle; includeInIndex = 0; path = KQTaskProjectUITests.xctest; sourceTree = BUILT_PRODUCTS_DIR; };
		5D415F7A29563A9300C33DD3 /* KQTaskProjectUITests.swift */ = {isa = PBXFileReference; lastKnownFileType = sourcecode.swift; path = KQTaskProjectUITests.swift; sourceTree = "<group>"; };
		5D415F7C29563A9300C33DD3 /* KQTaskProjectUITestsLaunchTests.swift */ = {isa = PBXFileReference; lastKnownFileType = sourcecode.swift; path = KQTaskProjectUITestsLaunchTests.swift; sourceTree = "<group>"; };
		5D4349ED295687500046A924 /* KQHomeViewControllerTests.swift */ = {isa = PBXFileReference; lastKnownFileType = sourcecode.swift; path = KQHomeViewControllerTests.swift; sourceTree = "<group>"; };
		5D4349EE295687500046A924 /* KQHomeWorkerTests.swift */ = {isa = PBXFileReference; lastKnownFileType = sourcecode.swift; path = KQHomeWorkerTests.swift; sourceTree = "<group>"; };
		5D4349EF295687500046A924 /* KQHomePresenterTests.swift */ = {isa = PBXFileReference; lastKnownFileType = sourcecode.swift; path = KQHomePresenterTests.swift; sourceTree = "<group>"; };
		5D54C067295388EE0003A0B7 /* KQUserTableViewCell.swift */ = {isa = PBXFileReference; lastKnownFileType = sourcecode.swift; path = KQUserTableViewCell.swift; sourceTree = "<group>"; };
		5D6528EF2953E5B10056DAD4 /* KQUserDetailsPresenter.swift */ = {isa = PBXFileReference; lastKnownFileType = sourcecode.swift; path = KQUserDetailsPresenter.swift; sourceTree = "<group>"; };
		5D6528F02953E5B10056DAD4 /* KQUserDetailsWorker.swift */ = {isa = PBXFileReference; lastKnownFileType = sourcecode.swift; path = KQUserDetailsWorker.swift; sourceTree = "<group>"; };
		5D6528F12953E5B10056DAD4 /* KQUsreDetailsRouter.swift */ = {isa = PBXFileReference; lastKnownFileType = sourcecode.swift; path = KQUsreDetailsRouter.swift; sourceTree = "<group>"; };
		5D6528F22953E5B10056DAD4 /* KQUserDetailsModels.swift */ = {isa = PBXFileReference; lastKnownFileType = sourcecode.swift; path = KQUserDetailsModels.swift; sourceTree = "<group>"; };
		5D6528F32953E5B10056DAD4 /* KQUserDetailsViewController.swift */ = {isa = PBXFileReference; lastKnownFileType = sourcecode.swift; path = KQUserDetailsViewController.swift; sourceTree = "<group>"; };
		5D6528F42953E5B10056DAD4 /* KQUserDetailsInteractor.swift */ = {isa = PBXFileReference; lastKnownFileType = sourcecode.swift; path = KQUserDetailsInteractor.swift; sourceTree = "<group>"; };
		5D6528FB2953F1280056DAD4 /* ImageViewExtension.swift */ = {isa = PBXFileReference; lastKnownFileType = sourcecode.swift; path = ImageViewExtension.swift; sourceTree = "<group>"; };
		5D6609E32957E254002AA837 /* DispatchQueue.swift */ = {isa = PBXFileReference; lastKnownFileType = sourcecode.swift; path = DispatchQueue.swift; sourceTree = "<group>"; };
		5D6D6B612953AB7000087A66 /* KQHomePresenter.swift */ = {isa = PBXFileReference; lastKnownFileType = sourcecode.swift; path = KQHomePresenter.swift; sourceTree = "<group>"; };
		5D6D6B622953AB7000087A66 /* KQHomeWorker.swift */ = {isa = PBXFileReference; lastKnownFileType = sourcecode.swift; path = KQHomeWorker.swift; sourceTree = "<group>"; };
		5D6D6B632953AB7000087A66 /* KQHomeRouter.swift */ = {isa = PBXFileReference; lastKnownFileType = sourcecode.swift; path = KQHomeRouter.swift; sourceTree = "<group>"; };
		5D6D6B642953AB7000087A66 /* KQHomeModels.swift */ = {isa = PBXFileReference; lastKnownFileType = sourcecode.swift; path = KQHomeModels.swift; sourceTree = "<group>"; };
		5D6D6B652953AB7000087A66 /* KQHomeViewController.swift */ = {isa = PBXFileReference; lastKnownFileType = sourcecode.swift; path = KQHomeViewController.swift; sourceTree = "<group>"; };
		5D6D6B662953AB7000087A66 /* KQHomeInteractor.swift */ = {isa = PBXFileReference; lastKnownFileType = sourcecode.swift; path = KQHomeInteractor.swift; sourceTree = "<group>"; };
		5D6D6B7D2953B16800087A66 /* ApiLoader.swift */ = {isa = PBXFileReference; fileEncoding = 4; lastKnownFileType = sourcecode.swift; path = ApiLoader.swift; sourceTree = "<group>"; };
		5D6D6B7F2953B16800087A66 /* ApiRequestHandler.swift */ = {isa = PBXFileReference; fileEncoding = 4; lastKnownFileType = sourcecode.swift; path = ApiRequestHandler.swift; sourceTree = "<group>"; };
		5D6D6B812953B16800087A66 /* AuthRequest.swift */ = {isa = PBXFileReference; fileEncoding = 4; lastKnownFileType = sourcecode.swift; path = AuthRequest.swift; sourceTree = "<group>"; };
		5D6D6B822953B16800087A66 /* DefaultRequest.swift */ = {isa = PBXFileReference; fileEncoding = 4; lastKnownFileType = sourcecode.swift; path = DefaultRequest.swift; sourceTree = "<group>"; };
		5D6D6B832953B16800087A66 /* RequestBuilder.swift */ = {isa = PBXFileReference; fileEncoding = 4; lastKnownFileType = sourcecode.swift; path = RequestBuilder.swift; sourceTree = "<group>"; };
		5D6D6B842953B16800087A66 /* Request.swift */ = {isa = PBXFileReference; fileEncoding = 4; lastKnownFileType = sourcecode.swift; path = Request.swift; sourceTree = "<group>"; };
		5D6D6B862953B16800087A66 /* ApiResponseHandler.swift */ = {isa = PBXFileReference; fileEncoding = 4; lastKnownFileType = sourcecode.swift; path = ApiResponseHandler.swift; sourceTree = "<group>"; };
		5D6D6B872953B16800087A66 /* DefaultResponseParser.swift */ = {isa = PBXFileReference; fileEncoding = 4; lastKnownFileType = sourcecode.swift; path = DefaultResponseParser.swift; sourceTree = "<group>"; };
		5D6D6B882953B16800087A66 /* ApiHandler.swift */ = {isa = PBXFileReference; fileEncoding = 4; lastKnownFileType = sourcecode.swift; path = ApiHandler.swift; sourceTree = "<group>"; };
		5D6D6B8A2953B16800087A66 /* ServiceError.swift */ = {isa = PBXFileReference; fileEncoding = 4; lastKnownFileType = sourcecode.swift; path = ServiceError.swift; sourceTree = "<group>"; };
		5D6D6B8C2953B16800087A66 /* Enviroment.swift */ = {isa = PBXFileReference; fileEncoding = 4; lastKnownFileType = sourcecode.swift; path = Enviroment.swift; sourceTree = "<group>"; };
		5D6D6B8E2953B16800087A66 /* Reachability.swift */ = {isa = PBXFileReference; fileEncoding = 4; lastKnownFileType = sourcecode.swift; path = Reachability.swift; sourceTree = "<group>"; };
		5D6D6B932953B16800087A66 /* HomeApiHandler.swift */ = {isa = PBXFileReference; fileEncoding = 4; lastKnownFileType = sourcecode.swift; path = HomeApiHandler.swift; sourceTree = "<group>"; };
		5D6D6BBF2953B38A00087A66 /* AppShared.swift */ = {isa = PBXFileReference; fileEncoding = 4; lastKnownFileType = sourcecode.swift; path = AppShared.swift; sourceTree = "<group>"; };
		5D6D6BD92953D04200087A66 /* HomeBusiness.swift */ = {isa = PBXFileReference; fileEncoding = 4; lastKnownFileType = sourcecode.swift; path = HomeBusiness.swift; sourceTree = "<group>"; };
		5D6D6BDE2953D06500087A66 /* HomeService.swift */ = {isa = PBXFileReference; fileEncoding = 4; lastKnownFileType = sourcecode.swift; path = HomeService.swift; sourceTree = "<group>"; };
		5D9074612954E7760086F045 /* AppTheme.swift */ = {isa = PBXFileReference; lastKnownFileType = sourcecode.swift; path = AppTheme.swift; sourceTree = "<group>"; };
		5D9074632955043A0086F045 /* LoadingOverlay.swift */ = {isa = PBXFileReference; lastKnownFileType = sourcecode.swift; path = LoadingOverlay.swift; sourceTree = "<group>"; };
		5D907465295531540086F045 /* AlertHelper.swift */ = {isa = PBXFileReference; lastKnownFileType = sourcecode.swift; path = AlertHelper.swift; sourceTree = "<group>"; };
		5D907467295537960086F045 /* TopMostController.swift */ = {isa = PBXFileReference; lastKnownFileType = sourcecode.swift; path = TopMostController.swift; sourceTree = "<group>"; };
		5D90746A295542DC0086F045 /* UserBusiness.swift */ = {isa = PBXFileReference; lastKnownFileType = sourcecode.swift; path = UserBusiness.swift; sourceTree = "<group>"; };
		5D90746D295543180086F045 /* UserServices.swift */ = {isa = PBXFileReference; lastKnownFileType = sourcecode.swift; path = UserServices.swift; sourceTree = "<group>"; };
		5D907470295549DA0086F045 /* UserDetailsModel.swift */ = {isa = PBXFileReference; lastKnownFileType = sourcecode.swift; path = UserDetailsModel.swift; sourceTree = "<group>"; };
		5D90747329554D450086F045 /* UserApiHandler.swift */ = {isa = PBXFileReference; lastKnownFileType = sourcecode.swift; path = UserApiHandler.swift; sourceTree = "<group>"; };
		5DA65EE529567B36006CC0FF /* KQHomeInteractorTests.swift */ = {isa = PBXFileReference; lastKnownFileType = sourcecode.swift; path = KQHomeInteractorTests.swift; sourceTree = "<group>"; };
		5DAE18EE2959540E00AE0DE3 /* UITableViewExtension.swift */ = {isa = PBXFileReference; lastKnownFileType = sourcecode.swift; path = UITableViewExtension.swift; sourceTree = "<group>"; };
		5DAE18FD295A0F4300AE0DE3 /* AppGlobalSettings.swift */ = {isa = PBXFileReference; lastKnownFileType = sourcecode.swift; path = AppGlobalSettings.swift; sourceTree = "<group>"; };
		5DCDC9B32958B54300013C01 /* KQUserDetailsViewControllerTests.swift */ = {isa = PBXFileReference; lastKnownFileType = sourcecode.swift; path = KQUserDetailsViewControllerTests.swift; sourceTree = "<group>"; };
		5DCDC9B42958B54300013C01 /* KQUserDetailsInteractorTests.swift */ = {isa = PBXFileReference; lastKnownFileType = sourcecode.swift; path = KQUserDetailsInteractorTests.swift; sourceTree = "<group>"; };
		5DCDC9B52958B54300013C01 /* KQUserDetailsWorkerTests.swift */ = {isa = PBXFileReference; lastKnownFileType = sourcecode.swift; path = KQUserDetailsWorkerTests.swift; sourceTree = "<group>"; };
		5DCDC9B62958B54300013C01 /* KQUserDetailsPresenterTests.swift */ = {isa = PBXFileReference; lastKnownFileType = sourcecode.swift; path = KQUserDetailsPresenterTests.swift; sourceTree = "<group>"; };
/* End PBXFileReference section */

/* Begin PBXFrameworksBuildPhase section */
		5D1A7BFB29525ECC00270CD2 /* Frameworks */ = {
			isa = PBXFrameworksBuildPhase;
			buildActionMask = 2147483647;
			files = (
			);
			runOnlyForDeploymentPostprocessing = 0;
		};
		5D1A7C1129525ECD00270CD2 /* Frameworks */ = {
			isa = PBXFrameworksBuildPhase;
			buildActionMask = 2147483647;
			files = (
			);
			runOnlyForDeploymentPostprocessing = 0;
		};
		5D415F7529563A9300C33DD3 /* Frameworks */ = {
			isa = PBXFrameworksBuildPhase;
			buildActionMask = 2147483647;
			files = (
			);
			runOnlyForDeploymentPostprocessing = 0;
		};
/* End PBXFrameworksBuildPhase section */

/* Begin PBXGroup section */
		5D1A7BF529525ECC00270CD2 = {
			isa = PBXGroup;
			children = (
				5D1A7C0029525ECC00270CD2 /* KQTaskProject */,
				5D1A7C1729525ECD00270CD2 /* KQTaskProjectTests */,
				5D415F7929563A9300C33DD3 /* KQTaskProjectUITests */,
				5D1A7BFF29525ECC00270CD2 /* Products */,
			);
			sourceTree = "<group>";
		};
		5D1A7BFF29525ECC00270CD2 /* Products */ = {
			isa = PBXGroup;
			children = (
				5D1A7BFE29525ECC00270CD2 /* KQTaskProject.app */,
				5D1A7C1429525ECD00270CD2 /* KQTaskProjectTests.xctest */,
				5D415F7829563A9300C33DD3 /* KQTaskProjectUITests.xctest */,
			);
			name = Products;
			sourceTree = "<group>";
		};
		5D1A7C0029525ECC00270CD2 /* KQTaskProject */ = {
			isa = PBXGroup;
			children = (
				5D9074602954E7610086F045 /* App Theme */,
				5D6D6BBE2953B38A00087A66 /* AppShared */,
				5D6D6B7A2953B16800087A66 /* AppNetworkManager */,
				5D6D6BC32953CDCE00087A66 /* AppBusiness */,
				5D1A7C3E295383F300270CD2 /* App Services */,
				5D1A7C3C295383A900270CD2 /* App Models */,
				5D1A7C362952616200270CD2 /* SupportingFiles */,
				5D1A7C352952614C00270CD2 /* Assets */,
				5D1A7C342952613D00270CD2 /* StoryBoards */,
				5D1A7C32295260BE00270CD2 /* CleanSwift */,
				5D1A7C31295260AF00270CD2 /* AppCommon */,
				5D1A7C0F29525ECD00270CD2 /* Info.plist */,
			);
			path = KQTaskProject;
			sourceTree = "<group>";
		};
		5D1A7C1729525ECD00270CD2 /* KQTaskProjectTests */ = {
			isa = PBXGroup;
			children = (
				5DD9E2D92958B11100E031CF /* KQUserDetailsTests */,
				5DD9E2D82958B09600E031CF /* KQHomeTests */,
			);
			path = KQTaskProjectTests;
			sourceTree = "<group>";
		};
		5D1A7C31295260AF00270CD2 /* AppCommon */ = {
			isa = PBXGroup;
			children = (
				5DAE18FC295A0F2D00AE0DE3 /* AppGlobalSettings */,
				5D1A7C372952657600270CD2 /* UIEliments */,
			);
			path = AppCommon;
			sourceTree = "<group>";
		};
		5D1A7C32295260BE00270CD2 /* CleanSwift */ = {
			isa = PBXGroup;
			children = (
				5D1A7C3A2952660400270CD2 /* KQSuperVC.swift */,
				5D1A7C44295386DB00270CD2 /* TableViewCells */,
				5D6528ED2953E5810056DAD4 /* UserDetailsVC */,
				5D6D6B792953ACE800087A66 /* HomeVC */,
			);
			path = CleanSwift;
			sourceTree = "<group>";
		};
		5D1A7C342952613D00270CD2 /* StoryBoards */ = {
			isa = PBXGroup;
			children = (
				5D1A7C0C29525ECD00270CD2 /* LaunchScreen.storyboard */,
			);
			path = StoryBoards;
			sourceTree = "<group>";
		};
		5D1A7C352952614C00270CD2 /* Assets */ = {
			isa = PBXGroup;
			children = (
				5D1A7C0A29525ECD00270CD2 /* Assets.xcassets */,
			);
			path = Assets;
			sourceTree = "<group>";
		};
		5D1A7C362952616200270CD2 /* SupportingFiles */ = {
			isa = PBXGroup;
			children = (
				5D1A7C0129525ECC00270CD2 /* AppDelegate.swift */,
				5D1A7C0329525ECC00270CD2 /* SceneDelegate.swift */,
			);
			path = SupportingFiles;
			sourceTree = "<group>";
		};
		5D1A7C372952657600270CD2 /* UIEliments */ = {
			isa = PBXGroup;
			children = (
				5D6609DD2957DE72002AA837 /* Extensions */,
				5D6609DE2957DE95002AA837 /* LoadingOverlay */,
			);
			path = UIEliments;
			sourceTree = "<group>";
		};
		5D1A7C3C295383A900270CD2 /* App Models */ = {
			isa = PBXGroup;
			children = (
				5D90746F295549B30086F045 /* UserDetailsModel */,
				5D1A7C3D295383BD00270CD2 /* HomeModel */,
			);
			path = "App Models";
			sourceTree = "<group>";
		};
		5D1A7C3D295383BD00270CD2 /* HomeModel */ = {
			isa = PBXGroup;
			children = (
				5D1A7C402953841F00270CD2 /* UserModel.swift */,
			);
			path = HomeModel;
			sourceTree = "<group>";
		};
		5D1A7C3E295383F300270CD2 /* App Services */ = {
			isa = PBXGroup;
			children = (
				5D90746C295543080086F045 /* UserServices */,
				5D6D6BDD2953D06500087A66 /* HomeServices */,
			);
			path = "App Services";
			sourceTree = "<group>";
		};
		5D1A7C44295386DB00270CD2 /* TableViewCells */ = {
			isa = PBXGroup;
			children = (
				5D1A7C45295386E800270CD2 /* UserTableViewCell */,
			);
			path = TableViewCells;
			sourceTree = "<group>";
		};
		5D1A7C45295386E800270CD2 /* UserTableViewCell */ = {
			isa = PBXGroup;
			children = (
				5D54C067295388EE0003A0B7 /* KQUserTableViewCell.swift */,
			);
			path = UserTableViewCell;
			sourceTree = "<group>";
		};
		5D415F7929563A9300C33DD3 /* KQTaskProjectUITests */ = {
			isa = PBXGroup;
			children = (
				5D415F7A29563A9300C33DD3 /* KQTaskProjectUITests.swift */,
				5D415F7C29563A9300C33DD3 /* KQTaskProjectUITestsLaunchTests.swift */,
			);
			path = KQTaskProjectUITests;
			sourceTree = "<group>";
		};
		5D6528ED2953E5810056DAD4 /* UserDetailsVC */ = {
			isa = PBXGroup;
			children = (
				5D6528EF2953E5B10056DAD4 /* KQUserDetailsPresenter.swift */,
				5D6528F02953E5B10056DAD4 /* KQUserDetailsWorker.swift */,
				5D6528F12953E5B10056DAD4 /* KQUsreDetailsRouter.swift */,
				5D6528F22953E5B10056DAD4 /* KQUserDetailsModels.swift */,
				5D6528F32953E5B10056DAD4 /* KQUserDetailsViewController.swift */,
				5D6528F42953E5B10056DAD4 /* KQUserDetailsInteractor.swift */,
			);
			path = UserDetailsVC;
			sourceTree = "<group>";
		};
		5D6609DD2957DE72002AA837 /* Extensions */ = {
			isa = PBXGroup;
			children = (
				5DAE18ED295953E900AE0DE3 /* UITableViewExtension */,
				5D6609E22957E237002AA837 /* DispatchQueue */,
				5D6609DF2957DEC7002AA837 /* ImageViewExtension */,
				5D6609E02957DEDD002AA837 /* AlertHelper */,
				5D6609E12957DEF6002AA837 /* TopMostController */,
			);
			path = Extensions;
			sourceTree = "<group>";
		};
		5D6609DE2957DE95002AA837 /* LoadingOverlay */ = {
			isa = PBXGroup;
			children = (
				5D9074632955043A0086F045 /* LoadingOverlay.swift */,
			);
			path = LoadingOverlay;
			sourceTree = "<group>";
		};
		5D6609DF2957DEC7002AA837 /* ImageViewExtension */ = {
			isa = PBXGroup;
			children = (
				5D6528FB2953F1280056DAD4 /* ImageViewExtension.swift */,
			);
			path = ImageViewExtension;
			sourceTree = "<group>";
		};
		5D6609E02957DEDD002AA837 /* AlertHelper */ = {
			isa = PBXGroup;
			children = (
				5D907465295531540086F045 /* AlertHelper.swift */,
			);
			path = AlertHelper;
			sourceTree = "<group>";
		};
		5D6609E12957DEF6002AA837 /* TopMostController */ = {
			isa = PBXGroup;
			children = (
				5D907467295537960086F045 /* TopMostController.swift */,
			);
			path = TopMostController;
			sourceTree = "<group>";
		};
		5D6609E22957E237002AA837 /* DispatchQueue */ = {
			isa = PBXGroup;
			children = (
				5D6609E32957E254002AA837 /* DispatchQueue.swift */,
			);
			path = DispatchQueue;
			sourceTree = "<group>";
		};
		5D6D6B792953ACE800087A66 /* HomeVC */ = {
			isa = PBXGroup;
			children = (
				5D6D6B612953AB7000087A66 /* KQHomePresenter.swift */,
				5D6D6B622953AB7000087A66 /* KQHomeWorker.swift */,
				5D6D6B632953AB7000087A66 /* KQHomeRouter.swift */,
				5D6D6B642953AB7000087A66 /* KQHomeModels.swift */,
				5D6D6B652953AB7000087A66 /* KQHomeViewController.swift */,
				5D6D6B662953AB7000087A66 /* KQHomeInteractor.swift */,
			);
			path = HomeVC;
			sourceTree = "<group>";
		};
		5D6D6B7A2953B16800087A66 /* AppNetworkManager */ = {
			isa = PBXGroup;
			children = (
				5D6D6B7B2953B16800087A66 /* ApiHandler */,
				5D6D6B892953B16800087A66 /* ServiceError */,
				5D6D6B8B2953B16800087A66 /* Enviroment */,
				5D6D6B8D2953B16800087A66 /* Reachability */,
				5D6D6B8F2953B16800087A66 /* ApiHandlerType */,
			);
			path = AppNetworkManager;
			sourceTree = "<group>";
		};
		5D6D6B7B2953B16800087A66 /* ApiHandler */ = {
			isa = PBXGroup;
			children = (
				5D6D6B7C2953B16800087A66 /* ApiLoader */,
				5D6D6B7E2953B16800087A66 /* ApiRequestHandler */,
				5D6D6B802953B16800087A66 /* CreateRequests */,
				5D6D6B852953B16800087A66 /* ApiResponseHandler */,
				5D6D6B882953B16800087A66 /* ApiHandler.swift */,
			);
			path = ApiHandler;
			sourceTree = "<group>";
		};
		5D6D6B7C2953B16800087A66 /* ApiLoader */ = {
			isa = PBXGroup;
			children = (
				5D6D6B7D2953B16800087A66 /* ApiLoader.swift */,
			);
			path = ApiLoader;
			sourceTree = "<group>";
		};
		5D6D6B7E2953B16800087A66 /* ApiRequestHandler */ = {
			isa = PBXGroup;
			children = (
				5D6D6B7F2953B16800087A66 /* ApiRequestHandler.swift */,
			);
			path = ApiRequestHandler;
			sourceTree = "<group>";
		};
		5D6D6B802953B16800087A66 /* CreateRequests */ = {
			isa = PBXGroup;
			children = (
				5D6D6B812953B16800087A66 /* AuthRequest.swift */,
				5D6D6B822953B16800087A66 /* DefaultRequest.swift */,
				5D6D6B832953B16800087A66 /* RequestBuilder.swift */,
				5D6D6B842953B16800087A66 /* Request.swift */,
			);
			path = CreateRequests;
			sourceTree = "<group>";
		};
		5D6D6B852953B16800087A66 /* ApiResponseHandler */ = {
			isa = PBXGroup;
			children = (
				5D6D6B862953B16800087A66 /* ApiResponseHandler.swift */,
				5D6D6B872953B16800087A66 /* DefaultResponseParser.swift */,
			);
			path = ApiResponseHandler;
			sourceTree = "<group>";
		};
		5D6D6B892953B16800087A66 /* ServiceError */ = {
			isa = PBXGroup;
			children = (
				5D6D6B8A2953B16800087A66 /* ServiceError.swift */,
			);
			path = ServiceError;
			sourceTree = "<group>";
		};
		5D6D6B8B2953B16800087A66 /* Enviroment */ = {
			isa = PBXGroup;
			children = (
				5D6D6B8C2953B16800087A66 /* Enviroment.swift */,
			);
			path = Enviroment;
			sourceTree = "<group>";
		};
		5D6D6B8D2953B16800087A66 /* Reachability */ = {
			isa = PBXGroup;
			children = (
				5D6D6B8E2953B16800087A66 /* Reachability.swift */,
			);
			path = Reachability;
			sourceTree = "<group>";
		};
		5D6D6B8F2953B16800087A66 /* ApiHandlerType */ = {
			isa = PBXGroup;
			children = (
				5D90747229554D290086F045 /* UserApiHandler */,
				5D6D6B922953B16800087A66 /* HomeApiHadler */,
			);
			path = ApiHandlerType;
			sourceTree = "<group>";
		};
		5D6D6B922953B16800087A66 /* HomeApiHadler */ = {
			isa = PBXGroup;
			children = (
				5D6D6B932953B16800087A66 /* HomeApiHandler.swift */,
			);
			path = HomeApiHadler;
			sourceTree = "<group>";
		};
		5D6D6BBE2953B38A00087A66 /* AppShared */ = {
			isa = PBXGroup;
			children = (
				5D6D6BBF2953B38A00087A66 /* AppShared.swift */,
			);
			path = AppShared;
			sourceTree = "<group>";
		};
		5D6D6BC32953CDCE00087A66 /* AppBusiness */ = {
			isa = PBXGroup;
			children = (
				5D907469295542B90086F045 /* UserBusiness */,
				5D6D6BD82953D04200087A66 /* HomeBusines */,
			);
			path = AppBusiness;
			sourceTree = "<group>";
		};
		5D6D6BD82953D04200087A66 /* HomeBusines */ = {
			isa = PBXGroup;
			children = (
				5D6D6BD92953D04200087A66 /* HomeBusiness.swift */,
			);
			path = HomeBusines;
			sourceTree = "<group>";
		};
		5D6D6BDD2953D06500087A66 /* HomeServices */ = {
			isa = PBXGroup;
			children = (
				5D6D6BDE2953D06500087A66 /* HomeService.swift */,
			);
			path = HomeServices;
			sourceTree = "<group>";
		};
		5D9074602954E7610086F045 /* App Theme */ = {
			isa = PBXGroup;
			children = (
				5D9074612954E7760086F045 /* AppTheme.swift */,
			);
			path = "App Theme";
			sourceTree = "<group>";
		};
		5D907469295542B90086F045 /* UserBusiness */ = {
			isa = PBXGroup;
			children = (
				5D90746A295542DC0086F045 /* UserBusiness.swift */,
			);
			path = UserBusiness;
			sourceTree = "<group>";
		};
		5D90746C295543080086F045 /* UserServices */ = {
			isa = PBXGroup;
			children = (
				5D90746D295543180086F045 /* UserServices.swift */,
			);
			path = UserServices;
			sourceTree = "<group>";
		};
		5D90746F295549B30086F045 /* UserDetailsModel */ = {
			isa = PBXGroup;
			children = (
				5D907470295549DA0086F045 /* UserDetailsModel.swift */,
			);
			path = UserDetailsModel;
			sourceTree = "<group>";
		};
		5D90747229554D290086F045 /* UserApiHandler */ = {
			isa = PBXGroup;
			children = (
				5D90747329554D450086F045 /* UserApiHandler.swift */,
			);
			path = UserApiHandler;
			sourceTree = "<group>";
		};
		5DAE18ED295953E900AE0DE3 /* UITableViewExtension */ = {
			isa = PBXGroup;
			children = (
				5DAE18EE2959540E00AE0DE3 /* UITableViewExtension.swift */,
			);
			path = UITableViewExtension;
			sourceTree = "<group>";
		};
		5DAE18FC295A0F2D00AE0DE3 /* AppGlobalSettings */ = {
			isa = PBXGroup;
			children = (
				5DAE18FD295A0F4300AE0DE3 /* AppGlobalSettings.swift */,
			);
			path = AppGlobalSettings;
			sourceTree = "<group>";
		};
		5DD9E2D82958B09600E031CF /* KQHomeTests */ = {
			isa = PBXGroup;
			children = (
				5DA65EE529567B36006CC0FF /* KQHomeInteractorTests.swift */,
				5D4349ED295687500046A924 /* KQHomeViewControllerTests.swift */,
				5D4349EE295687500046A924 /* KQHomeWorkerTests.swift */,
				5D4349EF295687500046A924 /* KQHomePresenterTests.swift */,
			);
			path = KQHomeTests;
			sourceTree = "<group>";
		};
		5DD9E2D92958B11100E031CF /* KQUserDetailsTests */ = {
			isa = PBXGroup;
			children = (
				5DCDC9B32958B54300013C01 /* KQUserDetailsViewControllerTests.swift */,
				5DCDC9B42958B54300013C01 /* KQUserDetailsInteractorTests.swift */,
				5DCDC9B52958B54300013C01 /* KQUserDetailsWorkerTests.swift */,
				5DCDC9B62958B54300013C01 /* KQUserDetailsPresenterTests.swift */,
			);
			path = KQUserDetailsTests;
			sourceTree = "<group>";
		};
/* End PBXGroup section */

/* Begin PBXNativeTarget section */
		5D1A7BFD29525ECC00270CD2 /* KQTaskProject */ = {
			isa = PBXNativeTarget;
			buildConfigurationList = 5D1A7C2829525ECD00270CD2 /* Build configuration list for PBXNativeTarget "KQTaskProject" */;
			buildPhases = (
				5D1A7BFA29525ECC00270CD2 /* Sources */,
				5D1A7BFB29525ECC00270CD2 /* Frameworks */,
				5D1A7BFC29525ECC00270CD2 /* Resources */,
			);
			buildRules = (
			);
			dependencies = (
			);
			name = KQTaskProject;
			productName = KQTaskProject;
			productReference = 5D1A7BFE29525ECC00270CD2 /* KQTaskProject.app */;
			productType = "com.apple.product-type.application";
		};
		5D1A7C1329525ECD00270CD2 /* KQTaskProjectTests */ = {
			isa = PBXNativeTarget;
			buildConfigurationList = 5D1A7C2B29525ECD00270CD2 /* Build configuration list for PBXNativeTarget "KQTaskProjectTests" */;
			buildPhases = (
				5D1A7C1029525ECD00270CD2 /* Sources */,
				5D1A7C1129525ECD00270CD2 /* Frameworks */,
				5D1A7C1229525ECD00270CD2 /* Resources */,
			);
			buildRules = (
			);
			dependencies = (
				5D1A7C1629525ECD00270CD2 /* PBXTargetDependency */,
			);
			name = KQTaskProjectTests;
			productName = KQTaskProjectTests;
			productReference = 5D1A7C1429525ECD00270CD2 /* KQTaskProjectTests.xctest */;
			productType = "com.apple.product-type.bundle.unit-test";
		};
		5D415F7729563A9300C33DD3 /* KQTaskProjectUITests */ = {
			isa = PBXNativeTarget;
			buildConfigurationList = 5D415F8029563A9300C33DD3 /* Build configuration list for PBXNativeTarget "KQTaskProjectUITests" */;
			buildPhases = (
				5D415F7429563A9300C33DD3 /* Sources */,
				5D415F7529563A9300C33DD3 /* Frameworks */,
				5D415F7629563A9300C33DD3 /* Resources */,
			);
			buildRules = (
			);
			dependencies = (
				5D415F7F29563A9300C33DD3 /* PBXTargetDependency */,
			);
			name = KQTaskProjectUITests;
			productName = KQTaskProjectUITests;
			productReference = 5D415F7829563A9300C33DD3 /* KQTaskProjectUITests.xctest */;
			productType = "com.apple.product-type.bundle.ui-testing";
		};
/* End PBXNativeTarget section */

/* Begin PBXProject section */
		5D1A7BF629525ECC00270CD2 /* Project object */ = {
			isa = PBXProject;
			attributes = {
				BuildIndependentTargetsInParallel = 1;
				LastSwiftUpdateCheck = 1400;
				LastUpgradeCheck = 1300;
				TargetAttributes = {
					5D1A7BFD29525ECC00270CD2 = {
						CreatedOnToolsVersion = 13.0;
					};
					5D1A7C1329525ECD00270CD2 = {
						CreatedOnToolsVersion = 13.0;
						TestTargetID = 5D1A7BFD29525ECC00270CD2;
					};
					5D415F7729563A9300C33DD3 = {
						CreatedOnToolsVersion = 14.0;
						TestTargetID = 5D1A7BFD29525ECC00270CD2;
					};
				};
			};
			buildConfigurationList = 5D1A7BF929525ECC00270CD2 /* Build configuration list for PBXProject "KQTaskProject" */;
			compatibilityVersion = "Xcode 13.0";
			developmentRegion = en;
			hasScannedForEncodings = 0;
			knownRegions = (
				en,
				Base,
			);
			mainGroup = 5D1A7BF529525ECC00270CD2;
			productRefGroup = 5D1A7BFF29525ECC00270CD2 /* Products */;
			projectDirPath = "";
			projectRoot = "";
			targets = (
				5D1A7BFD29525ECC00270CD2 /* KQTaskProject */,
				5D1A7C1329525ECD00270CD2 /* KQTaskProjectTests */,
				5D415F7729563A9300C33DD3 /* KQTaskProjectUITests */,
			);
		};
/* End PBXProject section */

/* Begin PBXResourcesBuildPhase section */
		5D1A7BFC29525ECC00270CD2 /* Resources */ = {
			isa = PBXResourcesBuildPhase;
			buildActionMask = 2147483647;
			files = (
				5D1A7C0E29525ECD00270CD2 /* LaunchScreen.storyboard in Resources */,
				5D1A7C0B29525ECD00270CD2 /* Assets.xcassets in Resources */,
			);
			runOnlyForDeploymentPostprocessing = 0;
		};
		5D1A7C1229525ECD00270CD2 /* Resources */ = {
			isa = PBXResourcesBuildPhase;
			buildActionMask = 2147483647;
			files = (
			);
			runOnlyForDeploymentPostprocessing = 0;
		};
		5D415F7629563A9300C33DD3 /* Resources */ = {
			isa = PBXResourcesBuildPhase;
			buildActionMask = 2147483647;
			files = (
			);
			runOnlyForDeploymentPostprocessing = 0;
		};
/* End PBXResourcesBuildPhase section */

/* Begin PBXSourcesBuildPhase section */
		5D1A7BFA29525ECC00270CD2 /* Sources */ = {
			isa = PBXSourcesBuildPhase;
			buildActionMask = 2147483647;
			files = (
				5D6D6B732953AB7000087A66 /* KQHomeViewController.swift in Sources */,
				5D6609E42957E254002AA837 /* DispatchQueue.swift in Sources */,
				5D6D6B942953B16800087A66 /* ApiLoader.swift in Sources */,
				5D6D6BB22953B16900087A66 /* Enviroment.swift in Sources */,
				5D1A7C0229525ECC00270CD2 /* AppDelegate.swift in Sources */,
				5D6D6BA02953B16800087A66 /* RequestBuilder.swift in Sources */,
				5D6D6BDA2953D04200087A66 /* HomeBusiness.swift in Sources */,
				5D91822E2958D2B2000F3403 /* UserDetailsModel.swift in Sources */,
				5D6528F72953E5B10056DAD4 /* KQUsreDetailsRouter.swift in Sources */,
				5D6D6B972953B16800087A66 /* ApiRequestHandler.swift in Sources */,
				5D54C068295388EE0003A0B7 /* KQUserTableViewCell.swift in Sources */,
				5D6D6BC02953B38A00087A66 /* AppShared.swift in Sources */,
				5D1A7C0429525ECC00270CD2 /* SceneDelegate.swift in Sources */,
				5D6D6B9D2953B16800087A66 /* DefaultRequest.swift in Sources */,
				5D6D6B9A2953B16800087A66 /* AuthRequest.swift in Sources */,
				5D6D6B672953AB7000087A66 /* KQHomePresenter.swift in Sources */,
				5D6D6B6A2953AB7000087A66 /* KQHomeWorker.swift in Sources */,
				5D90746E295543180086F045 /* UserServices.swift in Sources */,
				5D6D6BA32953B16800087A66 /* Request.swift in Sources */,
				5D6D6BAF2953B16900087A66 /* ServiceError.swift in Sources */,
				5D6D6B6D2953AB7000087A66 /* KQHomeRouter.swift in Sources */,
				5DAE18FE295A0F4300AE0DE3 /* AppGlobalSettings.swift in Sources */,
				5DE20292295626F40010E6CE /* HomeApiHandler.swift in Sources */,
				5D6D6BA92953B16900087A66 /* DefaultResponseParser.swift in Sources */,
				5D6D6BA62953B16900087A66 /* ApiResponseHandler.swift in Sources */,
				5D9074622954E7760086F045 /* AppTheme.swift in Sources */,
				5D9074642955043A0086F045 /* LoadingOverlay.swift in Sources */,
				5D6528FC2953F1280056DAD4 /* ImageViewExtension.swift in Sources */,
				5DAE18EF2959540E00AE0DE3 /* UITableViewExtension.swift in Sources */,
				5D907466295531540086F045 /* AlertHelper.swift in Sources */,
				5D6528F82953E5B10056DAD4 /* KQUserDetailsModels.swift in Sources */,
				5D6D6BAC2953B16900087A66 /* ApiHandler.swift in Sources */,
				5D1A7C3B2952660400270CD2 /* KQSuperVC.swift in Sources */,
				5D6D6B702953AB7000087A66 /* KQHomeModels.swift in Sources */,
				5D6528F62953E5B10056DAD4 /* KQUserDetailsWorker.swift in Sources */,
				5D6528F92953E5B10056DAD4 /* KQUserDetailsViewController.swift in Sources */,
				5D90746B295542DC0086F045 /* UserBusiness.swift in Sources */,
				5D6528F52953E5B10056DAD4 /* KQUserDetailsPresenter.swift in Sources */,
				5D42461129560F24005F4491 /* UserModel.swift in Sources */,
				5D6528FA2953E5B10056DAD4 /* KQUserDetailsInteractor.swift in Sources */,
				5D6D6BB52953B16900087A66 /* Reachability.swift in Sources */,
				5D907468295537960086F045 /* TopMostController.swift in Sources */,
				5D6D6B762953AB7000087A66 /* KQHomeInteractor.swift in Sources */,
				5D6D6BDF2953D06500087A66 /* HomeService.swift in Sources */,
				5D90747429554D450086F045 /* UserApiHandler.swift in Sources */,
			);
			runOnlyForDeploymentPostprocessing = 0;
		};
		5D1A7C1029525ECD00270CD2 /* Sources */ = {
			isa = PBXSourcesBuildPhase;
			buildActionMask = 2147483647;
			files = (
				5D6D6BA42953B16800087A66 /* Request.swift in Sources */,
				5D6D6BB62953B16900087A66 /* Reachability.swift in Sources */,
				5D6D6BA72953B16900087A66 /* ApiResponseHandler.swift in Sources */,
				5D6D6BAD2953B16900087A66 /* ApiHandler.swift in Sources */,
				5D547511295A1E30004364DE /* KQHomePresenterTests.swift in Sources */,
				5D4349F0295687500046A924 /* KQHomeViewControllerTests.swift in Sources */,
				5D6D6BA12953B16800087A66 /* RequestBuilder.swift in Sources */,
				5D6D6B952953B16800087A66 /* ApiLoader.swift in Sources */,
				5D6D6BB02953B16900087A66 /* ServiceError.swift in Sources */,
				5DAE1929295A1D1400AE0DE3 /* KQHomeInteractorTests.swift in Sources */,
				5DCDC9B92958B54300013C01 /* KQUserDetailsWorkerTests.swift in Sources */,
				5D6D6B982953B16800087A66 /* ApiRequestHandler.swift in Sources */,
				5D547512295A1E3D004364DE /* KQUserDetailsInteractorTests.swift in Sources */,
				5D6D6B9E2953B16800087A66 /* DefaultRequest.swift in Sources */,
				5D547510295A1E25004364DE /* KQUserDetailsPresenterTests.swift in Sources */,
				5D4349F1295687500046A924 /* KQHomeWorkerTests.swift in Sources */,
				5DCDC9B72958B54300013C01 /* KQUserDetailsViewControllerTests.swift in Sources */,
				5D6D6BC12953B38A00087A66 /* AppShared.swift in Sources */,
				5D6D6B9B2953B16800087A66 /* AuthRequest.swift in Sources */,
				5D6D6BAA2953B16900087A66 /* DefaultResponseParser.swift in Sources */,
			);
			runOnlyForDeploymentPostprocessing = 0;
		};
		5D415F7429563A9300C33DD3 /* Sources */ = {
			isa = PBXSourcesBuildPhase;
			buildActionMask = 2147483647;
			files = (
				5D415F7B29563A9300C33DD3 /* KQTaskProjectUITests.swift in Sources */,
				5D415F7D29563A9300C33DD3 /* KQTaskProjectUITestsLaunchTests.swift in Sources */,
			);
			runOnlyForDeploymentPostprocessing = 0;
		};
/* End PBXSourcesBuildPhase section */

/* Begin PBXTargetDependency section */
		5D1A7C1629525ECD00270CD2 /* PBXTargetDependency */ = {
			isa = PBXTargetDependency;
			target = 5D1A7BFD29525ECC00270CD2 /* KQTaskProject */;
			targetProxy = 5D1A7C1529525ECD00270CD2 /* PBXContainerItemProxy */;
		};
		5D415F7F29563A9300C33DD3 /* PBXTargetDependency */ = {
			isa = PBXTargetDependency;
			target = 5D1A7BFD29525ECC00270CD2 /* KQTaskProject */;
			targetProxy = 5D415F7E29563A9300C33DD3 /* PBXContainerItemProxy */;
		};
/* End PBXTargetDependency section */

/* Begin PBXVariantGroup section */
		5D1A7C0C29525ECD00270CD2 /* LaunchScreen.storyboard */ = {
			isa = PBXVariantGroup;
			children = (
				5D1A7C0D29525ECD00270CD2 /* Base */,
			);
			name = LaunchScreen.storyboard;
			sourceTree = "<group>";
		};
/* End PBXVariantGroup section */

/* Begin XCBuildConfiguration section */
		5D1A7C2629525ECD00270CD2 /* Debug */ = {
			isa = XCBuildConfiguration;
			buildSettings = {
				ALWAYS_SEARCH_USER_PATHS = NO;
				CLANG_ANALYZER_NONNULL = YES;
				CLANG_ANALYZER_NUMBER_OBJECT_CONVERSION = YES_AGGRESSIVE;
				CLANG_CXX_LANGUAGE_STANDARD = "gnu++17";
				CLANG_CXX_LIBRARY = "libc++";
				CLANG_ENABLE_MODULES = YES;
				CLANG_ENABLE_OBJC_ARC = YES;
				CLANG_ENABLE_OBJC_WEAK = YES;
				CLANG_WARN_BLOCK_CAPTURE_AUTORELEASING = YES;
				CLANG_WARN_BOOL_CONVERSION = YES;
				CLANG_WARN_COMMA = YES;
				CLANG_WARN_CONSTANT_CONVERSION = YES;
				CLANG_WARN_DEPRECATED_OBJC_IMPLEMENTATIONS = YES;
				CLANG_WARN_DIRECT_OBJC_ISA_USAGE = YES_ERROR;
				CLANG_WARN_DOCUMENTATION_COMMENTS = YES;
				CLANG_WARN_EMPTY_BODY = YES;
				CLANG_WARN_ENUM_CONVERSION = YES;
				CLANG_WARN_INFINITE_RECURSION = YES;
				CLANG_WARN_INT_CONVERSION = YES;
				CLANG_WARN_NON_LITERAL_NULL_CONVERSION = YES;
				CLANG_WARN_OBJC_IMPLICIT_RETAIN_SELF = YES;
				CLANG_WARN_OBJC_LITERAL_CONVERSION = YES;
				CLANG_WARN_OBJC_ROOT_CLASS = YES_ERROR;
				CLANG_WARN_QUOTED_INCLUDE_IN_FRAMEWORK_HEADER = YES;
				CLANG_WARN_RANGE_LOOP_ANALYSIS = YES;
				CLANG_WARN_STRICT_PROTOTYPES = YES;
				CLANG_WARN_SUSPICIOUS_MOVE = YES;
				CLANG_WARN_UNGUARDED_AVAILABILITY = YES_AGGRESSIVE;
				CLANG_WARN_UNREACHABLE_CODE = YES;
				CLANG_WARN__DUPLICATE_METHOD_MATCH = YES;
				COPY_PHASE_STRIP = NO;
				DEBUG_INFORMATION_FORMAT = dwarf;
				ENABLE_STRICT_OBJC_MSGSEND = YES;
				ENABLE_TESTABILITY = YES;
				GCC_C_LANGUAGE_STANDARD = gnu11;
				GCC_DYNAMIC_NO_PIC = NO;
				GCC_NO_COMMON_BLOCKS = YES;
				GCC_OPTIMIZATION_LEVEL = 0;
				GCC_PREPROCESSOR_DEFINITIONS = (
					"DEBUG=1",
					"$(inherited)",
				);
				GCC_WARN_64_TO_32_BIT_CONVERSION = YES;
				GCC_WARN_ABOUT_RETURN_TYPE = YES_ERROR;
				GCC_WARN_UNDECLARED_SELECTOR = YES;
				GCC_WARN_UNINITIALIZED_AUTOS = YES_AGGRESSIVE;
				GCC_WARN_UNUSED_FUNCTION = YES;
				GCC_WARN_UNUSED_VARIABLE = YES;
				IPHONEOS_DEPLOYMENT_TARGET = 15.0;
				MTL_ENABLE_DEBUG_INFO = INCLUDE_SOURCE;
				MTL_FAST_MATH = YES;
				ONLY_ACTIVE_ARCH = YES;
				SDKROOT = iphoneos;
				SWIFT_ACTIVE_COMPILATION_CONDITIONS = DEBUG;
				SWIFT_OPTIMIZATION_LEVEL = "-Onone";
				SWIFT_VERSION = 5.0;
			};
			name = Debug;
		};
		5D1A7C2729525ECD00270CD2 /* Release */ = {
			isa = XCBuildConfiguration;
			buildSettings = {
				ALWAYS_SEARCH_USER_PATHS = NO;
				CLANG_ANALYZER_NONNULL = YES;
				CLANG_ANALYZER_NUMBER_OBJECT_CONVERSION = YES_AGGRESSIVE;
				CLANG_CXX_LANGUAGE_STANDARD = "gnu++17";
				CLANG_CXX_LIBRARY = "libc++";
				CLANG_ENABLE_MODULES = YES;
				CLANG_ENABLE_OBJC_ARC = YES;
				CLANG_ENABLE_OBJC_WEAK = YES;
				CLANG_WARN_BLOCK_CAPTURE_AUTORELEASING = YES;
				CLANG_WARN_BOOL_CONVERSION = YES;
				CLANG_WARN_COMMA = YES;
				CLANG_WARN_CONSTANT_CONVERSION = YES;
				CLANG_WARN_DEPRECATED_OBJC_IMPLEMENTATIONS = YES;
				CLANG_WARN_DIRECT_OBJC_ISA_USAGE = YES_ERROR;
				CLANG_WARN_DOCUMENTATION_COMMENTS = YES;
				CLANG_WARN_EMPTY_BODY = YES;
				CLANG_WARN_ENUM_CONVERSION = YES;
				CLANG_WARN_INFINITE_RECURSION = YES;
				CLANG_WARN_INT_CONVERSION = YES;
				CLANG_WARN_NON_LITERAL_NULL_CONVERSION = YES;
				CLANG_WARN_OBJC_IMPLICIT_RETAIN_SELF = YES;
				CLANG_WARN_OBJC_LITERAL_CONVERSION = YES;
				CLANG_WARN_OBJC_ROOT_CLASS = YES_ERROR;
				CLANG_WARN_QUOTED_INCLUDE_IN_FRAMEWORK_HEADER = YES;
				CLANG_WARN_RANGE_LOOP_ANALYSIS = YES;
				CLANG_WARN_STRICT_PROTOTYPES = YES;
				CLANG_WARN_SUSPICIOUS_MOVE = YES;
				CLANG_WARN_UNGUARDED_AVAILABILITY = YES_AGGRESSIVE;
				CLANG_WARN_UNREACHABLE_CODE = YES;
				CLANG_WARN__DUPLICATE_METHOD_MATCH = YES;
				COPY_PHASE_STRIP = NO;
				DEBUG_INFORMATION_FORMAT = "dwarf-with-dsym";
				ENABLE_NS_ASSERTIONS = NO;
				ENABLE_STRICT_OBJC_MSGSEND = YES;
				GCC_C_LANGUAGE_STANDARD = gnu11;
				GCC_NO_COMMON_BLOCKS = YES;
				GCC_WARN_64_TO_32_BIT_CONVERSION = YES;
				GCC_WARN_ABOUT_RETURN_TYPE = YES_ERROR;
				GCC_WARN_UNDECLARED_SELECTOR = YES;
				GCC_WARN_UNINITIALIZED_AUTOS = YES_AGGRESSIVE;
				GCC_WARN_UNUSED_FUNCTION = YES;
				GCC_WARN_UNUSED_VARIABLE = YES;
				IPHONEOS_DEPLOYMENT_TARGET = 15.0;
				MTL_ENABLE_DEBUG_INFO = NO;
				MTL_FAST_MATH = YES;
				SDKROOT = iphoneos;
				SWIFT_COMPILATION_MODE = wholemodule;
				SWIFT_OPTIMIZATION_LEVEL = "-O";
				SWIFT_VERSION = 5.0;
				VALIDATE_PRODUCT = YES;
			};
			name = Release;
		};
		5D1A7C2929525ECD00270CD2 /* Debug */ = {
			isa = XCBuildConfiguration;
			buildSettings = {
				ASSETCATALOG_COMPILER_APPICON_NAME = AppIcon;
				ASSETCATALOG_COMPILER_GLOBAL_ACCENT_COLOR_NAME = AccentColor;
				CODE_SIGN_STYLE = Automatic;
				CURRENT_PROJECT_VERSION = 1;
				DEVELOPMENT_TEAM = K8BTGQVAR5;
				GENERATE_INFOPLIST_FILE = YES;
				INFOPLIST_FILE = KQTaskProject/Info.plist;
				INFOPLIST_KEY_UIApplicationSupportsIndirectInputEvents = YES;
				INFOPLIST_KEY_UILaunchStoryboardName = LaunchScreen;
				INFOPLIST_KEY_UISupportedInterfaceOrientations_iPad = "UIInterfaceOrientationPortrait UIInterfaceOrientationPortraitUpsideDown UIInterfaceOrientationLandscapeLeft UIInterfaceOrientationLandscapeRight";
				INFOPLIST_KEY_UISupportedInterfaceOrientations_iPhone = "UIInterfaceOrientationPortrait UIInterfaceOrientationLandscapeLeft UIInterfaceOrientationLandscapeRight";
				IPHONEOS_DEPLOYMENT_TARGET = 15.0;
				LD_RUNPATH_SEARCH_PATHS = (
					"$(inherited)",
					"@executable_path/Frameworks",
				);
				MARKETING_VERSION = 1.0;
				OTHER_SWIFT_FLAGS = "-DDebug";
				PRODUCT_BUNDLE_IDENTIFIER = kamsque.kqtaskproject.debug;
				PRODUCT_NAME = "$(TARGET_NAME)";
				SWIFT_EMIT_LOC_STRINGS = YES;
				SWIFT_VERSION = 5.0;
				TARGETED_DEVICE_FAMILY = "1,2";
			};
			name = Debug;
		};
		5D1A7C2A29525ECD00270CD2 /* Release */ = {
			isa = XCBuildConfiguration;
			buildSettings = {
				ASSETCATALOG_COMPILER_APPICON_NAME = AppIcon;
				ASSETCATALOG_COMPILER_GLOBAL_ACCENT_COLOR_NAME = AccentColor;
				CODE_SIGN_STYLE = Automatic;
				CURRENT_PROJECT_VERSION = 1;
				DEVELOPMENT_TEAM = K8BTGQVAR5;
				GENERATE_INFOPLIST_FILE = YES;
				INFOPLIST_FILE = KQTaskProject/Info.plist;
				INFOPLIST_KEY_UIApplicationSupportsIndirectInputEvents = YES;
				INFOPLIST_KEY_UILaunchStoryboardName = LaunchScreen;
				INFOPLIST_KEY_UISupportedInterfaceOrientations_iPad = "UIInterfaceOrientationPortrait UIInterfaceOrientationPortraitUpsideDown UIInterfaceOrientationLandscapeLeft UIInterfaceOrientationLandscapeRight";
				INFOPLIST_KEY_UISupportedInterfaceOrientations_iPhone = "UIInterfaceOrientationPortrait UIInterfaceOrientationLandscapeLeft UIInterfaceOrientationLandscapeRight";
				IPHONEOS_DEPLOYMENT_TARGET = 15.0;
				LD_RUNPATH_SEARCH_PATHS = (
					"$(inherited)",
					"@executable_path/Frameworks",
				);
				MARKETING_VERSION = 1.0;
				OTHER_SWIFT_FLAGS = "-DRelease";
				PRODUCT_BUNDLE_IDENTIFIER = kamsque.kqtaskproject.release;
				PRODUCT_NAME = "$(TARGET_NAME)";
				SWIFT_EMIT_LOC_STRINGS = YES;
				SWIFT_VERSION = 5.0;
				TARGETED_DEVICE_FAMILY = "1,2";
			};
			name = Release;
		};
		5D1A7C2C29525ECD00270CD2 /* Debug */ = {
			isa = XCBuildConfiguration;
			buildSettings = {
				ALWAYS_EMBED_SWIFT_STANDARD_LIBRARIES = YES;
				BUNDLE_LOADER = "$(TEST_HOST)";
				CODE_SIGN_STYLE = Automatic;
				CURRENT_PROJECT_VERSION = 1;
				DEVELOPMENT_TEAM = CT7H96YF74;
				GENERATE_INFOPLIST_FILE = YES;
				IPHONEOS_DEPLOYMENT_TARGET = 15.0;
				LD_RUNPATH_SEARCH_PATHS = (
					"$(inherited)",
					"@executable_path/Frameworks",
					"@loader_path/Frameworks",
				);
				MARKETING_VERSION = 1.0;
				PRODUCT_BUNDLE_IDENTIFIER = kamsque.KQTaskProjectTests;
				PRODUCT_NAME = "$(TARGET_NAME)";
				SWIFT_EMIT_LOC_STRINGS = NO;
				SWIFT_VERSION = 5.0;
				TARGETED_DEVICE_FAMILY = "1,2";
				TEST_HOST = "$(BUILT_PRODUCTS_DIR)/KQTaskProject.app/KQTaskProject";
			};
			name = Debug;
		};
		5D1A7C2D29525ECD00270CD2 /* Release */ = {
			isa = XCBuildConfiguration;
			buildSettings = {
				ALWAYS_EMBED_SWIFT_STANDARD_LIBRARIES = YES;
				BUNDLE_LOADER = "$(TEST_HOST)";
				CODE_SIGN_STYLE = Automatic;
				CURRENT_PROJECT_VERSION = 1;
				DEVELOPMENT_TEAM = CT7H96YF74;
				GENERATE_INFOPLIST_FILE = YES;
				IPHONEOS_DEPLOYMENT_TARGET = 15.0;
				LD_RUNPATH_SEARCH_PATHS = (
					"$(inherited)",
					"@executable_path/Frameworks",
					"@loader_path/Frameworks",
				);
				MARKETING_VERSION = 1.0;
				PRODUCT_BUNDLE_IDENTIFIER = kamsque.KQTaskProjectTests;
				PRODUCT_NAME = "$(TARGET_NAME)";
				SWIFT_EMIT_LOC_STRINGS = NO;
				SWIFT_VERSION = 5.0;
				TARGETED_DEVICE_FAMILY = "1,2";
				TEST_HOST = "$(BUILT_PRODUCTS_DIR)/KQTaskProject.app/KQTaskProject";
			};
			name = Release;
		};
		5D415F8129563A9300C33DD3 /* Debug */ = {
			isa = XCBuildConfiguration;
			buildSettings = {
				CLANG_CXX_LANGUAGE_STANDARD = "gnu++20";
				CODE_SIGN_STYLE = Automatic;
				CURRENT_PROJECT_VERSION = 1;
				DEVELOPMENT_TEAM = K8BTGQVAR5;
				GENERATE_INFOPLIST_FILE = YES;
				IPHONEOS_DEPLOYMENT_TARGET = 15.0;
				MARKETING_VERSION = 1.0;
				PRODUCT_BUNDLE_IDENTIFIER = kamsque.KQTaskProjectUITests;
				PRODUCT_NAME = "$(TARGET_NAME)";
				SWIFT_EMIT_LOC_STRINGS = NO;
				SWIFT_VERSION = 5.0;
				TARGETED_DEVICE_FAMILY = "1,2";
				TEST_TARGET_NAME = KQTaskProject;
			};
			name = Debug;
		};
		5D415F8229563A9300C33DD3 /* Release */ = {
			isa = XCBuildConfiguration;
			buildSettings = {
				CLANG_CXX_LANGUAGE_STANDARD = "gnu++20";
				CODE_SIGN_STYLE = Automatic;
				CURRENT_PROJECT_VERSION = 1;
				DEVELOPMENT_TEAM = K8BTGQVAR5;
				GENERATE_INFOPLIST_FILE = YES;
				IPHONEOS_DEPLOYMENT_TARGET = 15.0;
				MARKETING_VERSION = 1.0;
				PRODUCT_BUNDLE_IDENTIFIER = kamsque.KQTaskProjectUITests;
				PRODUCT_NAME = "$(TARGET_NAME)";
				SWIFT_EMIT_LOC_STRINGS = NO;
				SWIFT_VERSION = 5.0;
				TARGETED_DEVICE_FAMILY = "1,2";
				TEST_TARGET_NAME = KQTaskProject;
			};
			name = Release;
		};
		5DAE18F02959FF0F00AE0DE3 /* Testing */ = {
			isa = XCBuildConfiguration;
			buildSettings = {
				ALWAYS_SEARCH_USER_PATHS = NO;
				CLANG_ANALYZER_NONNULL = YES;
				CLANG_ANALYZER_NUMBER_OBJECT_CONVERSION = YES_AGGRESSIVE;
				CLANG_CXX_LANGUAGE_STANDARD = "gnu++17";
				CLANG_CXX_LIBRARY = "libc++";
				CLANG_ENABLE_MODULES = YES;
				CLANG_ENABLE_OBJC_ARC = YES;
				CLANG_ENABLE_OBJC_WEAK = YES;
				CLANG_WARN_BLOCK_CAPTURE_AUTORELEASING = YES;
				CLANG_WARN_BOOL_CONVERSION = YES;
				CLANG_WARN_COMMA = YES;
				CLANG_WARN_CONSTANT_CONVERSION = YES;
				CLANG_WARN_DEPRECATED_OBJC_IMPLEMENTATIONS = YES;
				CLANG_WARN_DIRECT_OBJC_ISA_USAGE = YES_ERROR;
				CLANG_WARN_DOCUMENTATION_COMMENTS = YES;
				CLANG_WARN_EMPTY_BODY = YES;
				CLANG_WARN_ENUM_CONVERSION = YES;
				CLANG_WARN_INFINITE_RECURSION = YES;
				CLANG_WARN_INT_CONVERSION = YES;
				CLANG_WARN_NON_LITERAL_NULL_CONVERSION = YES;
				CLANG_WARN_OBJC_IMPLICIT_RETAIN_SELF = YES;
				CLANG_WARN_OBJC_LITERAL_CONVERSION = YES;
				CLANG_WARN_OBJC_ROOT_CLASS = YES_ERROR;
				CLANG_WARN_QUOTED_INCLUDE_IN_FRAMEWORK_HEADER = YES;
				CLANG_WARN_RANGE_LOOP_ANALYSIS = YES;
				CLANG_WARN_STRICT_PROTOTYPES = YES;
				CLANG_WARN_SUSPICIOUS_MOVE = YES;
				CLANG_WARN_UNGUARDED_AVAILABILITY = YES_AGGRESSIVE;
				CLANG_WARN_UNREACHABLE_CODE = YES;
				CLANG_WARN__DUPLICATE_METHOD_MATCH = YES;
				COPY_PHASE_STRIP = NO;
				DEBUG_INFORMATION_FORMAT = dwarf;
				ENABLE_STRICT_OBJC_MSGSEND = YES;
				ENABLE_TESTABILITY = YES;
				GCC_C_LANGUAGE_STANDARD = gnu11;
				GCC_DYNAMIC_NO_PIC = NO;
				GCC_NO_COMMON_BLOCKS = YES;
				GCC_OPTIMIZATION_LEVEL = 0;
				GCC_PREPROCESSOR_DEFINITIONS = (
					"DEBUG=1",
					"$(inherited)",
				);
				GCC_WARN_64_TO_32_BIT_CONVERSION = YES;
				GCC_WARN_ABOUT_RETURN_TYPE = YES_ERROR;
				GCC_WARN_UNDECLARED_SELECTOR = YES;
				GCC_WARN_UNINITIALIZED_AUTOS = YES_AGGRESSIVE;
				GCC_WARN_UNUSED_FUNCTION = YES;
				GCC_WARN_UNUSED_VARIABLE = YES;
				IPHONEOS_DEPLOYMENT_TARGET = 15.0;
				MTL_ENABLE_DEBUG_INFO = INCLUDE_SOURCE;
				MTL_FAST_MATH = YES;
				ONLY_ACTIVE_ARCH = YES;
				SDKROOT = iphoneos;
				SWIFT_ACTIVE_COMPILATION_CONDITIONS = DEBUG;
				SWIFT_OPTIMIZATION_LEVEL = "-Onone";
				SWIFT_VERSION = 5.0;
			};
			name = Testing;
		};
		5DAE18F12959FF0F00AE0DE3 /* Testing */ = {
			isa = XCBuildConfiguration;
			buildSettings = {
				ASSETCATALOG_COMPILER_APPICON_NAME = AppIcon;
				ASSETCATALOG_COMPILER_GLOBAL_ACCENT_COLOR_NAME = AccentColor;
				CODE_SIGN_STYLE = Automatic;
				CURRENT_PROJECT_VERSION = 1;
				DEVELOPMENT_TEAM = K8BTGQVAR5;
				GENERATE_INFOPLIST_FILE = YES;
				INFOPLIST_FILE = KQTaskProject/Info.plist;
				INFOPLIST_KEY_UIApplicationSupportsIndirectInputEvents = YES;
				INFOPLIST_KEY_UILaunchStoryboardName = LaunchScreen;
				INFOPLIST_KEY_UISupportedInterfaceOrientations_iPad = "UIInterfaceOrientationPortrait UIInterfaceOrientationPortraitUpsideDown UIInterfaceOrientationLandscapeLeft UIInterfaceOrientationLandscapeRight";
				INFOPLIST_KEY_UISupportedInterfaceOrientations_iPhone = "UIInterfaceOrientationPortrait UIInterfaceOrientationLandscapeLeft UIInterfaceOrientationLandscapeRight";
				IPHONEOS_DEPLOYMENT_TARGET = 15.0;
				LD_RUNPATH_SEARCH_PATHS = (
					"$(inherited)",
					"@executable_path/Frameworks",
				);
				MARKETING_VERSION = 1.0;
				OTHER_SWIFT_FLAGS = "-DTesting";
				PRODUCT_BUNDLE_IDENTIFIER = kamsque.kqtaskproject.testing;
				PRODUCT_NAME = "$(TARGET_NAME)";
				SWIFT_EMIT_LOC_STRINGS = YES;
				SWIFT_VERSION = 5.0;
				TARGETED_DEVICE_FAMILY = "1,2";
			};
			name = Testing;
		};
		5DAE18F22959FF0F00AE0DE3 /* Testing */ = {
			isa = XCBuildConfiguration;
			buildSettings = {
				ALWAYS_EMBED_SWIFT_STANDARD_LIBRARIES = YES;
				BUNDLE_LOADER = "$(TEST_HOST)";
				CODE_SIGN_STYLE = Automatic;
				CURRENT_PROJECT_VERSION = 1;
				DEVELOPMENT_TEAM = CT7H96YF74;
				GENERATE_INFOPLIST_FILE = YES;
				IPHONEOS_DEPLOYMENT_TARGET = 15.0;
				LD_RUNPATH_SEARCH_PATHS = (
					"$(inherited)",
					"@executable_path/Frameworks",
					"@loader_path/Frameworks",
				);
				MARKETING_VERSION = 1.0;
				PRODUCT_BUNDLE_IDENTIFIER = kamsque.KQTaskProjectTests;
				PRODUCT_NAME = "$(TARGET_NAME)";
				SWIFT_EMIT_LOC_STRINGS = NO;
				SWIFT_VERSION = 5.0;
				TARGETED_DEVICE_FAMILY = "1,2";
				TEST_HOST = "$(BUILT_PRODUCTS_DIR)/KQTaskProject.app/KQTaskProject";
			};
			name = Testing;
		};
		5DAE18F32959FF0F00AE0DE3 /* Testing */ = {
			isa = XCBuildConfiguration;
			buildSettings = {
				CLANG_CXX_LANGUAGE_STANDARD = "gnu++20";
				CODE_SIGN_STYLE = Automatic;
				CURRENT_PROJECT_VERSION = 1;
				DEVELOPMENT_TEAM = K8BTGQVAR5;
				GENERATE_INFOPLIST_FILE = YES;
				IPHONEOS_DEPLOYMENT_TARGET = 15.0;
				MARKETING_VERSION = 1.0;
				PRODUCT_BUNDLE_IDENTIFIER = kamsque.KQTaskProjectUITests;
				PRODUCT_NAME = "$(TARGET_NAME)";
				SWIFT_EMIT_LOC_STRINGS = NO;
				SWIFT_VERSION = 5.0;
				TARGETED_DEVICE_FAMILY = "1,2";
				TEST_TARGET_NAME = KQTaskProject;
			};
			name = Testing;
		};
		5DAE18F42959FF2400AE0DE3 /* Staging */ = {
			isa = XCBuildConfiguration;
			buildSettings = {
				ALWAYS_SEARCH_USER_PATHS = NO;
				CLANG_ANALYZER_NONNULL = YES;
				CLANG_ANALYZER_NUMBER_OBJECT_CONVERSION = YES_AGGRESSIVE;
				CLANG_CXX_LANGUAGE_STANDARD = "gnu++17";
				CLANG_CXX_LIBRARY = "libc++";
				CLANG_ENABLE_MODULES = YES;
				CLANG_ENABLE_OBJC_ARC = YES;
				CLANG_ENABLE_OBJC_WEAK = YES;
				CLANG_WARN_BLOCK_CAPTURE_AUTORELEASING = YES;
				CLANG_WARN_BOOL_CONVERSION = YES;
				CLANG_WARN_COMMA = YES;
				CLANG_WARN_CONSTANT_CONVERSION = YES;
				CLANG_WARN_DEPRECATED_OBJC_IMPLEMENTATIONS = YES;
				CLANG_WARN_DIRECT_OBJC_ISA_USAGE = YES_ERROR;
				CLANG_WARN_DOCUMENTATION_COMMENTS = YES;
				CLANG_WARN_EMPTY_BODY = YES;
				CLANG_WARN_ENUM_CONVERSION = YES;
				CLANG_WARN_INFINITE_RECURSION = YES;
				CLANG_WARN_INT_CONVERSION = YES;
				CLANG_WARN_NON_LITERAL_NULL_CONVERSION = YES;
				CLANG_WARN_OBJC_IMPLICIT_RETAIN_SELF = YES;
				CLANG_WARN_OBJC_LITERAL_CONVERSION = YES;
				CLANG_WARN_OBJC_ROOT_CLASS = YES_ERROR;
				CLANG_WARN_QUOTED_INCLUDE_IN_FRAMEWORK_HEADER = YES;
				CLANG_WARN_RANGE_LOOP_ANALYSIS = YES;
				CLANG_WARN_STRICT_PROTOTYPES = YES;
				CLANG_WARN_SUSPICIOUS_MOVE = YES;
				CLANG_WARN_UNGUARDED_AVAILABILITY = YES_AGGRESSIVE;
				CLANG_WARN_UNREACHABLE_CODE = YES;
				CLANG_WARN__DUPLICATE_METHOD_MATCH = YES;
				COPY_PHASE_STRIP = NO;
				DEBUG_INFORMATION_FORMAT = dwarf;
				ENABLE_STRICT_OBJC_MSGSEND = YES;
				ENABLE_TESTABILITY = YES;
				GCC_C_LANGUAGE_STANDARD = gnu11;
				GCC_DYNAMIC_NO_PIC = NO;
				GCC_NO_COMMON_BLOCKS = YES;
				GCC_OPTIMIZATION_LEVEL = 0;
				GCC_PREPROCESSOR_DEFINITIONS = (
					"DEBUG=1",
					"$(inherited)",
				);
				GCC_WARN_64_TO_32_BIT_CONVERSION = YES;
				GCC_WARN_ABOUT_RETURN_TYPE = YES_ERROR;
				GCC_WARN_UNDECLARED_SELECTOR = YES;
				GCC_WARN_UNINITIALIZED_AUTOS = YES_AGGRESSIVE;
				GCC_WARN_UNUSED_FUNCTION = YES;
				GCC_WARN_UNUSED_VARIABLE = YES;
				IPHONEOS_DEPLOYMENT_TARGET = 15.0;
				MTL_ENABLE_DEBUG_INFO = INCLUDE_SOURCE;
				MTL_FAST_MATH = YES;
				ONLY_ACTIVE_ARCH = YES;
				SDKROOT = iphoneos;
				SWIFT_ACTIVE_COMPILATION_CONDITIONS = DEBUG;
				SWIFT_OPTIMIZATION_LEVEL = "-Onone";
				SWIFT_VERSION = 5.0;
			};
			name = Staging;
		};
		5DAE18F52959FF2400AE0DE3 /* Staging */ = {
			isa = XCBuildConfiguration;
			buildSettings = {
				ASSETCATALOG_COMPILER_APPICON_NAME = AppIcon;
				ASSETCATALOG_COMPILER_GLOBAL_ACCENT_COLOR_NAME = AccentColor;
				CODE_SIGN_STYLE = Automatic;
				CURRENT_PROJECT_VERSION = 1;
				DEVELOPMENT_TEAM = K8BTGQVAR5;
				GENERATE_INFOPLIST_FILE = YES;
				INFOPLIST_FILE = KQTaskProject/Info.plist;
				INFOPLIST_KEY_UIApplicationSupportsIndirectInputEvents = YES;
				INFOPLIST_KEY_UILaunchStoryboardName = LaunchScreen;
				INFOPLIST_KEY_UISupportedInterfaceOrientations_iPad = "UIInterfaceOrientationPortrait UIInterfaceOrientationPortraitUpsideDown UIInterfaceOrientationLandscapeLeft UIInterfaceOrientationLandscapeRight";
				INFOPLIST_KEY_UISupportedInterfaceOrientations_iPhone = "UIInterfaceOrientationPortrait UIInterfaceOrientationLandscapeLeft UIInterfaceOrientationLandscapeRight";
				IPHONEOS_DEPLOYMENT_TARGET = 15.0;
				LD_RUNPATH_SEARCH_PATHS = (
					"$(inherited)",
					"@executable_path/Frameworks",
				);
				MARKETING_VERSION = 1.0;
				OTHER_SWIFT_FLAGS = "-DStaging";
				PRODUCT_BUNDLE_IDENTIFIER = kamsque.kqtaskproject.staging;
				PRODUCT_NAME = "$(TARGET_NAME)";
				SWIFT_EMIT_LOC_STRINGS = YES;
				SWIFT_VERSION = 5.0;
				TARGETED_DEVICE_FAMILY = "1,2";
			};
			name = Staging;
		};
		5DAE18F62959FF2400AE0DE3 /* Staging */ = {
			isa = XCBuildConfiguration;
			buildSettings = {
				ALWAYS_EMBED_SWIFT_STANDARD_LIBRARIES = YES;
				BUNDLE_LOADER = "$(TEST_HOST)";
				CODE_SIGN_STYLE = Automatic;
				CURRENT_PROJECT_VERSION = 1;
				DEVELOPMENT_TEAM = CT7H96YF74;
				GENERATE_INFOPLIST_FILE = YES;
				IPHONEOS_DEPLOYMENT_TARGET = 15.0;
				LD_RUNPATH_SEARCH_PATHS = (
					"$(inherited)",
					"@executable_path/Frameworks",
					"@loader_path/Frameworks",
				);
				MARKETING_VERSION = 1.0;
				PRODUCT_BUNDLE_IDENTIFIER = kamsque.KQTaskProjectTests;
				PRODUCT_NAME = "$(TARGET_NAME)";
				SWIFT_EMIT_LOC_STRINGS = NO;
				SWIFT_VERSION = 5.0;
				TARGETED_DEVICE_FAMILY = "1,2";
				TEST_HOST = "$(BUILT_PRODUCTS_DIR)/KQTaskProject.app/KQTaskProject";
			};
			name = Staging;
		};
		5DAE18F72959FF2400AE0DE3 /* Staging */ = {
			isa = XCBuildConfiguration;
			buildSettings = {
				CLANG_CXX_LANGUAGE_STANDARD = "gnu++20";
				CODE_SIGN_STYLE = Automatic;
				CURRENT_PROJECT_VERSION = 1;
				DEVELOPMENT_TEAM = K8BTGQVAR5;
				GENERATE_INFOPLIST_FILE = YES;
				IPHONEOS_DEPLOYMENT_TARGET = 15.0;
				MARKETING_VERSION = 1.0;
				PRODUCT_BUNDLE_IDENTIFIER = kamsque.KQTaskProjectUITests;
				PRODUCT_NAME = "$(TARGET_NAME)";
				SWIFT_EMIT_LOC_STRINGS = NO;
				SWIFT_VERSION = 5.0;
				TARGETED_DEVICE_FAMILY = "1,2";
				TEST_TARGET_NAME = KQTaskProject;
			};
			name = Staging;
		};
		5DAE18F82959FF6200AE0DE3 /* Production */ = {
			isa = XCBuildConfiguration;
			buildSettings = {
				ALWAYS_SEARCH_USER_PATHS = NO;
				CLANG_ANALYZER_NONNULL = YES;
				CLANG_ANALYZER_NUMBER_OBJECT_CONVERSION = YES_AGGRESSIVE;
				CLANG_CXX_LANGUAGE_STANDARD = "gnu++17";
				CLANG_CXX_LIBRARY = "libc++";
				CLANG_ENABLE_MODULES = YES;
				CLANG_ENABLE_OBJC_ARC = YES;
				CLANG_ENABLE_OBJC_WEAK = YES;
				CLANG_WARN_BLOCK_CAPTURE_AUTORELEASING = YES;
				CLANG_WARN_BOOL_CONVERSION = YES;
				CLANG_WARN_COMMA = YES;
				CLANG_WARN_CONSTANT_CONVERSION = YES;
				CLANG_WARN_DEPRECATED_OBJC_IMPLEMENTATIONS = YES;
				CLANG_WARN_DIRECT_OBJC_ISA_USAGE = YES_ERROR;
				CLANG_WARN_DOCUMENTATION_COMMENTS = YES;
				CLANG_WARN_EMPTY_BODY = YES;
				CLANG_WARN_ENUM_CONVERSION = YES;
				CLANG_WARN_INFINITE_RECURSION = YES;
				CLANG_WARN_INT_CONVERSION = YES;
				CLANG_WARN_NON_LITERAL_NULL_CONVERSION = YES;
				CLANG_WARN_OBJC_IMPLICIT_RETAIN_SELF = YES;
				CLANG_WARN_OBJC_LITERAL_CONVERSION = YES;
				CLANG_WARN_OBJC_ROOT_CLASS = YES_ERROR;
				CLANG_WARN_QUOTED_INCLUDE_IN_FRAMEWORK_HEADER = YES;
				CLANG_WARN_RANGE_LOOP_ANALYSIS = YES;
				CLANG_WARN_STRICT_PROTOTYPES = YES;
				CLANG_WARN_SUSPICIOUS_MOVE = YES;
				CLANG_WARN_UNGUARDED_AVAILABILITY = YES_AGGRESSIVE;
				CLANG_WARN_UNREACHABLE_CODE = YES;
				CLANG_WARN__DUPLICATE_METHOD_MATCH = YES;
				COPY_PHASE_STRIP = NO;
				DEBUG_INFORMATION_FORMAT = "dwarf-with-dsym";
				ENABLE_NS_ASSERTIONS = NO;
				ENABLE_STRICT_OBJC_MSGSEND = YES;
				GCC_C_LANGUAGE_STANDARD = gnu11;
				GCC_NO_COMMON_BLOCKS = YES;
				GCC_WARN_64_TO_32_BIT_CONVERSION = YES;
				GCC_WARN_ABOUT_RETURN_TYPE = YES_ERROR;
				GCC_WARN_UNDECLARED_SELECTOR = YES;
				GCC_WARN_UNINITIALIZED_AUTOS = YES_AGGRESSIVE;
				GCC_WARN_UNUSED_FUNCTION = YES;
				GCC_WARN_UNUSED_VARIABLE = YES;
				IPHONEOS_DEPLOYMENT_TARGET = 15.0;
				MTL_ENABLE_DEBUG_INFO = NO;
				MTL_FAST_MATH = YES;
				SDKROOT = iphoneos;
				SWIFT_COMPILATION_MODE = wholemodule;
				SWIFT_OPTIMIZATION_LEVEL = "-O";
				SWIFT_VERSION = 5.0;
				VALIDATE_PRODUCT = YES;
			};
			name = Production;
		};
		5DAE18F92959FF6200AE0DE3 /* Production */ = {
			isa = XCBuildConfiguration;
			buildSettings = {
				ASSETCATALOG_COMPILER_APPICON_NAME = AppIcon;
				ASSETCATALOG_COMPILER_GLOBAL_ACCENT_COLOR_NAME = AccentColor;
				CODE_SIGN_STYLE = Automatic;
				CURRENT_PROJECT_VERSION = 1;
				DEVELOPMENT_TEAM = K8BTGQVAR5;
				GENERATE_INFOPLIST_FILE = YES;
				INFOPLIST_FILE = KQTaskProject/Info.plist;
				INFOPLIST_KEY_UIApplicationSupportsIndirectInputEvents = YES;
				INFOPLIST_KEY_UILaunchStoryboardName = LaunchScreen;
				INFOPLIST_KEY_UISupportedInterfaceOrientations_iPad = "UIInterfaceOrientationPortrait UIInterfaceOrientationPortraitUpsideDown UIInterfaceOrientationLandscapeLeft UIInterfaceOrientationLandscapeRight";
				INFOPLIST_KEY_UISupportedInterfaceOrientations_iPhone = "UIInterfaceOrientationPortrait UIInterfaceOrientationLandscapeLeft UIInterfaceOrientationLandscapeRight";
				IPHONEOS_DEPLOYMENT_TARGET = 15.0;
				LD_RUNPATH_SEARCH_PATHS = (
					"$(inherited)",
					"@executable_path/Frameworks",
				);
				MARKETING_VERSION = 1.0;
				OTHER_SWIFT_FLAGS = "-DProduction";
				PRODUCT_BUNDLE_IDENTIFIER = kamsque.kqtaskproject.production;
				PRODUCT_NAME = "$(TARGET_NAME)";
				SWIFT_EMIT_LOC_STRINGS = YES;
				SWIFT_VERSION = 5.0;
				TARGETED_DEVICE_FAMILY = "1,2";
			};
			name = Production;
		};
		5DAE18FA2959FF6200AE0DE3 /* Production */ = {
			isa = XCBuildConfiguration;
			buildSettings = {
				ALWAYS_EMBED_SWIFT_STANDARD_LIBRARIES = YES;
				BUNDLE_LOADER = "$(TEST_HOST)";
				CODE_SIGN_STYLE = Automatic;
				CURRENT_PROJECT_VERSION = 1;
				DEVELOPMENT_TEAM = CT7H96YF74;
				GENERATE_INFOPLIST_FILE = YES;
				IPHONEOS_DEPLOYMENT_TARGET = 15.0;
				LD_RUNPATH_SEARCH_PATHS = (
					"$(inherited)",
					"@executable_path/Frameworks",
					"@loader_path/Frameworks",
				);
				MARKETING_VERSION = 1.0;
				PRODUCT_BUNDLE_IDENTIFIER = kamsque.KQTaskProjectTests;
				PRODUCT_NAME = "$(TARGET_NAME)";
				SWIFT_EMIT_LOC_STRINGS = NO;
				SWIFT_VERSION = 5.0;
				TARGETED_DEVICE_FAMILY = "1,2";
				TEST_HOST = "$(BUILT_PRODUCTS_DIR)/KQTaskProject.app/KQTaskProject";
			};
			name = Production;
		};
		5DAE18FB2959FF6200AE0DE3 /* Production */ = {
			isa = XCBuildConfiguration;
			buildSettings = {
				CLANG_CXX_LANGUAGE_STANDARD = "gnu++20";
				CODE_SIGN_STYLE = Automatic;
				CURRENT_PROJECT_VERSION = 1;
				DEVELOPMENT_TEAM = K8BTGQVAR5;
				GENERATE_INFOPLIST_FILE = YES;
				IPHONEOS_DEPLOYMENT_TARGET = 15.0;
				MARKETING_VERSION = 1.0;
				PRODUCT_BUNDLE_IDENTIFIER = kamsque.KQTaskProjectUITests;
				PRODUCT_NAME = "$(TARGET_NAME)";
				SWIFT_EMIT_LOC_STRINGS = NO;
				SWIFT_VERSION = 5.0;
				TARGETED_DEVICE_FAMILY = "1,2";
				TEST_TARGET_NAME = KQTaskProject;
			};
			name = Production;
		};
/* End XCBuildConfiguration section */

/* Begin XCConfigurationList section */
		5D1A7BF929525ECC00270CD2 /* Build configuration list for PBXProject "KQTaskProject" */ = {
			isa = XCConfigurationList;
			buildConfigurations = (
				5D1A7C2629525ECD00270CD2 /* Debug */,
				5DAE18F42959FF2400AE0DE3 /* Staging */,
				5DAE18F02959FF0F00AE0DE3 /* Testing */,
				5D1A7C2729525ECD00270CD2 /* Release */,
				5DAE18F82959FF6200AE0DE3 /* Production */,
			);
			defaultConfigurationIsVisible = 0;
			defaultConfigurationName = Release;
		};
		5D1A7C2829525ECD00270CD2 /* Build configuration list for PBXNativeTarget "KQTaskProject" */ = {
			isa = XCConfigurationList;
			buildConfigurations = (
				5D1A7C2929525ECD00270CD2 /* Debug */,
				5DAE18F52959FF2400AE0DE3 /* Staging */,
				5DAE18F12959FF0F00AE0DE3 /* Testing */,
				5D1A7C2A29525ECD00270CD2 /* Release */,
				5DAE18F92959FF6200AE0DE3 /* Production */,
			);
			defaultConfigurationIsVisible = 0;
			defaultConfigurationName = Release;
		};
		5D1A7C2B29525ECD00270CD2 /* Build configuration list for PBXNativeTarget "KQTaskProjectTests" */ = {
			isa = XCConfigurationList;
			buildConfigurations = (
				5D1A7C2C29525ECD00270CD2 /* Debug */,
				5DAE18F62959FF2400AE0DE3 /* Staging */,
				5DAE18F22959FF0F00AE0DE3 /* Testing */,
				5D1A7C2D29525ECD00270CD2 /* Release */,
				5DAE18FA2959FF6200AE0DE3 /* Production */,
			);
			defaultConfigurationIsVisible = 0;
			defaultConfigurationName = Release;
		};
		5D415F8029563A9300C33DD3 /* Build configuration list for PBXNativeTarget "KQTaskProjectUITests" */ = {
			isa = XCConfigurationList;
			buildConfigurations = (
				5D415F8129563A9300C33DD3 /* Debug */,
				5DAE18F72959FF2400AE0DE3 /* Staging */,
				5DAE18F32959FF0F00AE0DE3 /* Testing */,
				5D415F8229563A9300C33DD3 /* Release */,
				5DAE18FB2959FF6200AE0DE3 /* Production */,
			);
			defaultConfigurationIsVisible = 0;
			defaultConfigurationName = Release;
		};
/* End XCConfigurationList section */
	};
	rootObject = 5D1A7BF629525ECC00270CD2 /* Project object */;
}
